// !$*UTF8*$!
{
	archiveVersion = 1;
	classes = {
	};
	objectVersion = 56;
	objects = {

/* Begin PBXBuildFile section */
		09DC83B02BC90E56004C68D0 /* GoogleService-Info.plist in Resources */ = {isa = PBXBuildFile; fileRef = 09DC83AF2BC90E56004C68D0 /* GoogleService-Info.plist */; };
		3B05B18E2BC671C100BF9548 /* LoginView.swift in Sources */ = {isa = PBXBuildFile; fileRef = 3B05B18D2BC671C100BF9548 /* LoginView.swift */; };
		3B05B1902BC6721B00BF9548 /* LoginInputView.swift in Sources */ = {isa = PBXBuildFile; fileRef = 3B05B18F2BC6721B00BF9548 /* LoginInputView.swift */; };
		3B09C1F62BC37E9100EA9D54 /* UserManageTableView.swift in Sources */ = {isa = PBXBuildFile; fileRef = 3B09C1F52BC37E9100EA9D54 /* UserManageTableView.swift */; };
		3B09C1F82BC37EA100EA9D54 /* RoomManageView.swift in Sources */ = {isa = PBXBuildFile; fileRef = 3B09C1F72BC37EA100EA9D54 /* RoomManageView.swift */; };
		3B09C1FF2BC3836200EA9D54 /* ComplaintManagementView.swift in Sources */ = {isa = PBXBuildFile; fileRef = 3B09C1FE2BC3836200EA9D54 /* ComplaintManagementView.swift */; };
		3B09C2022BC3838D00EA9D54 /* NoticeManageView.swift in Sources */ = {isa = PBXBuildFile; fileRef = 3B09C2012BC3838D00EA9D54 /* NoticeManageView.swift */; };
		3B09C2052BC383D300EA9D54 /* SettingsView.swift in Sources */ = {isa = PBXBuildFile; fileRef = 3B09C2042BC383D300EA9D54 /* SettingsView.swift */; };
		3B09C2082BC38A8500EA9D54 /* SearchField.swift in Sources */ = {isa = PBXBuildFile; fileRef = 3B09C2072BC38A8500EA9D54 /* SearchField.swift */; };
		3B4F50BA2BCE13C3001A5197 /* RoomViewModel.swift in Sources */ = {isa = PBXBuildFile; fileRef = 3B4F50B92BCE13C3001A5197 /* RoomViewModel.swift */; };
		3B4F50BC2BCE344A001A5197 /* RoomDetailView.swift in Sources */ = {isa = PBXBuildFile; fileRef = 3B4F50BB2BCE344A001A5197 /* RoomDetailView.swift */; };
		3B5C6E372BC8BBB600668AB8 /* NoticeViewModel.swift in Sources */ = {isa = PBXBuildFile; fileRef = 3B5C6E362BC8BBB600668AB8 /* NoticeViewModel.swift */; };
		3B7350C52BC3A474008C02AE /* StaticTextView.swift in Sources */ = {isa = PBXBuildFile; fileRef = 3B7350C42BC3A474008C02AE /* StaticTextView.swift */; };
		3B7350C72BC3A4BC008C02AE /* Constants.swift in Sources */ = {isa = PBXBuildFile; fileRef = 3B7350C62BC3A4BC008C02AE /* Constants.swift */; };
		3B8662E82BC51D0300BB8E00 /* NoticeHeader.swift in Sources */ = {isa = PBXBuildFile; fileRef = 3B8662E72BC51D0300BB8E00 /* NoticeHeader.swift */; };
		3B8662EA2BC538F000BB8E00 /* NoticeDetailView.swift in Sources */ = {isa = PBXBuildFile; fileRef = 3B8662E92BC538F000BB8E00 /* NoticeDetailView.swift */; };
		3B8ECC602BC3CCEA0084C389 /* RoomSectionHeader.swift in Sources */ = {isa = PBXBuildFile; fileRef = 3B8ECC5F2BC3CCEA0084C389 /* RoomSectionHeader.swift */; };
		9B43D3662BCF88BD00566E60 /* UserViewModel.swift in Sources */ = {isa = PBXBuildFile; fileRef = 9B43D3652BCF88BD00566E60 /* UserViewModel.swift */; };
		9B43D3682BCFC6D100566E60 /* BanList.swift in Sources */ = {isa = PBXBuildFile; fileRef = 9B43D3672BCFC6D100566E60 /* BanList.swift */; };
		9B4D00012BC58BC1008C5FC7 /* ContactManagerAnswerView.swift in Sources */ = {isa = PBXBuildFile; fileRef = 9B4D00002BC58BC1008C5FC7 /* ContactManagerAnswerView.swift */; };
		9B4DFFFD2BC58AB2008C5FC7 /* ContactManagerContentView.swift in Sources */ = {isa = PBXBuildFile; fileRef = 9B4DFFFC2BC58AB2008C5FC7 /* ContactManagerContentView.swift */; };
		9B4DFFFF2BC58B46008C5FC7 /* ContactManageUserInfoView.swift in Sources */ = {isa = PBXBuildFile; fileRef = 9B4DFFFE2BC58B46008C5FC7 /* ContactManageUserInfoView.swift */; };
		9B6C2F022BCE09190092DE4D /* ContactViewModel.swift in Sources */ = {isa = PBXBuildFile; fileRef = 9B6C2F012BCE09190092DE4D /* ContactViewModel.swift */; };
		9B7574902BC7BC0600A247C1 /* UserSectionHeader.swift in Sources */ = {isa = PBXBuildFile; fileRef = 9B75748F2BC7BC0600A247C1 /* UserSectionHeader.swift */; };
		9B7574922BC7D19800A247C1 /* BanReasonField.swift in Sources */ = {isa = PBXBuildFile; fileRef = 9B7574912BC7D19800A247C1 /* BanReasonField.swift */; };
		9B7574942BC7D34A00A247C1 /* StaticGaugeEditingSubview.swift in Sources */ = {isa = PBXBuildFile; fileRef = 9B7574932BC7D34A00A247C1 /* StaticGaugeEditingSubview.swift */; };
		9B90CBC22BCCAFD60005B0BD /* TermsView.swift in Sources */ = {isa = PBXBuildFile; fileRef = 9B90CBC12BCCAFD60005B0BD /* TermsView.swift */; };
		9BA514462BD1111B00F9749D /* UserTableSubView.swift in Sources */ = {isa = PBXBuildFile; fileRef = 9BA514452BD1111B00F9749D /* UserTableSubView.swift */; };
		9BA976632BC3D615008B1CD5 /* ComplaintDetailView.swift in Sources */ = {isa = PBXBuildFile; fileRef = 9BA976622BC3D615008B1CD5 /* ComplaintDetailView.swift */; };
		9BE9A3A02BCCDFFF00272065 /* TermsAddingView.swift in Sources */ = {isa = PBXBuildFile; fileRef = 9BE9A39F2BCCDFFF00272065 /* TermsAddingView.swift */; };
		9BE9A3A22BCCE28500272065 /* MyButton.swift in Sources */ = {isa = PBXBuildFile; fileRef = 9BE9A3A12BCCE28500272065 /* MyButton.swift */; };
		9BE9A3A42BCCE8FE00272065 /* TermsViewModel.swift in Sources */ = {isa = PBXBuildFile; fileRef = 9BE9A3A32BCCE8FE00272065 /* TermsViewModel.swift */; };
		9BEB2FBD2BC3A6D3009C398F /* UserInfoModalView.swift in Sources */ = {isa = PBXBuildFile; fileRef = 9BEB2FBC2BC3A6D3009C398F /* UserInfoModalView.swift */; };
		DF54D2392BC36C6600D72491 /* ZzritAdministratorApp.swift in Sources */ = {isa = PBXBuildFile; fileRef = DF54D2382BC36C6600D72491 /* ZzritAdministratorApp.swift */; };
		DF54D23B2BC36C6600D72491 /* ContentView.swift in Sources */ = {isa = PBXBuildFile; fileRef = DF54D23A2BC36C6600D72491 /* ContentView.swift */; };
		DF54D23D2BC36C6800D72491 /* Assets.xcassets in Resources */ = {isa = PBXBuildFile; fileRef = DF54D23C2BC36C6800D72491 /* Assets.xcassets */; };
		DF54D2412BC36C6800D72491 /* Preview Assets.xcassets in Resources */ = {isa = PBXBuildFile; fileRef = DF54D2402BC36C6800D72491 /* Preview Assets.xcassets */; };
		DFC75F852BC36CD10005DDD9 /* ZzritKit in Frameworks */ = {isa = PBXBuildFile; productRef = DFC75F842BC36CD10005DDD9 /* ZzritKit */; };
/* End PBXBuildFile section */

/* Begin PBXFileReference section */
		099B8E9E2BCFFC8E003FF41C /* Info.plist */ = {isa = PBXFileReference; lastKnownFileType = text.plist; path = Info.plist; sourceTree = "<group>"; };
		09DC83AF2BC90E56004C68D0 /* GoogleService-Info.plist */ = {isa = PBXFileReference; fileEncoding = 4; lastKnownFileType = text.plist.xml; path = "GoogleService-Info.plist"; sourceTree = "<group>"; };
		3B05B18D2BC671C100BF9548 /* LoginView.swift */ = {isa = PBXFileReference; lastKnownFileType = sourcecode.swift; path = LoginView.swift; sourceTree = "<group>"; };
		3B05B18F2BC6721B00BF9548 /* LoginInputView.swift */ = {isa = PBXFileReference; lastKnownFileType = sourcecode.swift; path = LoginInputView.swift; sourceTree = "<group>"; };
		3B09C1F52BC37E9100EA9D54 /* UserManageTableView.swift */ = {isa = PBXFileReference; lastKnownFileType = sourcecode.swift; path = UserManageTableView.swift; sourceTree = "<group>"; };
		3B09C1F72BC37EA100EA9D54 /* RoomManageView.swift */ = {isa = PBXFileReference; lastKnownFileType = sourcecode.swift; path = RoomManageView.swift; sourceTree = "<group>"; };
		3B09C1FE2BC3836200EA9D54 /* ComplaintManagementView.swift */ = {isa = PBXFileReference; lastKnownFileType = sourcecode.swift; path = ComplaintManagementView.swift; sourceTree = "<group>"; };
		3B09C2012BC3838D00EA9D54 /* NoticeManageView.swift */ = {isa = PBXFileReference; lastKnownFileType = sourcecode.swift; path = NoticeManageView.swift; sourceTree = "<group>"; };
		3B09C2042BC383D300EA9D54 /* SettingsView.swift */ = {isa = PBXFileReference; lastKnownFileType = sourcecode.swift; path = SettingsView.swift; sourceTree = "<group>"; };
		3B09C2072BC38A8500EA9D54 /* SearchField.swift */ = {isa = PBXFileReference; lastKnownFileType = sourcecode.swift; path = SearchField.swift; sourceTree = "<group>"; };
		3B4F50B92BCE13C3001A5197 /* RoomViewModel.swift */ = {isa = PBXFileReference; lastKnownFileType = sourcecode.swift; path = RoomViewModel.swift; sourceTree = "<group>"; };
		3B4F50BB2BCE344A001A5197 /* RoomDetailView.swift */ = {isa = PBXFileReference; lastKnownFileType = sourcecode.swift; path = RoomDetailView.swift; sourceTree = "<group>"; };
		3B5C6E362BC8BBB600668AB8 /* NoticeViewModel.swift */ = {isa = PBXFileReference; lastKnownFileType = sourcecode.swift; path = NoticeViewModel.swift; sourceTree = "<group>"; };
		3B7350C42BC3A474008C02AE /* StaticTextView.swift */ = {isa = PBXFileReference; lastKnownFileType = sourcecode.swift; path = StaticTextView.swift; sourceTree = "<group>"; };
		3B7350C62BC3A4BC008C02AE /* Constants.swift */ = {isa = PBXFileReference; lastKnownFileType = sourcecode.swift; path = Constants.swift; sourceTree = "<group>"; };
		3B8662E72BC51D0300BB8E00 /* NoticeHeader.swift */ = {isa = PBXFileReference; lastKnownFileType = sourcecode.swift; path = NoticeHeader.swift; sourceTree = "<group>"; };
		3B8662E92BC538F000BB8E00 /* NoticeDetailView.swift */ = {isa = PBXFileReference; lastKnownFileType = sourcecode.swift; path = NoticeDetailView.swift; sourceTree = "<group>"; };
		3B8ECC5F2BC3CCEA0084C389 /* RoomSectionHeader.swift */ = {isa = PBXFileReference; lastKnownFileType = sourcecode.swift; path = RoomSectionHeader.swift; sourceTree = "<group>"; };
		9B43D3652BCF88BD00566E60 /* UserViewModel.swift */ = {isa = PBXFileReference; lastKnownFileType = sourcecode.swift; path = UserViewModel.swift; sourceTree = "<group>"; };
		9B43D3672BCFC6D100566E60 /* BanList.swift */ = {isa = PBXFileReference; lastKnownFileType = sourcecode.swift; path = BanList.swift; sourceTree = "<group>"; };
		9B4D00002BC58BC1008C5FC7 /* ContactManagerAnswerView.swift */ = {isa = PBXFileReference; lastKnownFileType = sourcecode.swift; path = ContactManagerAnswerView.swift; sourceTree = "<group>"; };
		9B4DFFFC2BC58AB2008C5FC7 /* ContactManagerContentView.swift */ = {isa = PBXFileReference; lastKnownFileType = sourcecode.swift; path = ContactManagerContentView.swift; sourceTree = "<group>"; };
		9B4DFFFE2BC58B46008C5FC7 /* ContactManageUserInfoView.swift */ = {isa = PBXFileReference; lastKnownFileType = sourcecode.swift; path = ContactManageUserInfoView.swift; sourceTree = "<group>"; };
		9B6C2F012BCE09190092DE4D /* ContactViewModel.swift */ = {isa = PBXFileReference; lastKnownFileType = sourcecode.swift; path = ContactViewModel.swift; sourceTree = "<group>"; };
		9B75748F2BC7BC0600A247C1 /* UserSectionHeader.swift */ = {isa = PBXFileReference; lastKnownFileType = sourcecode.swift; path = UserSectionHeader.swift; sourceTree = "<group>"; };
		9B7574912BC7D19800A247C1 /* BanReasonField.swift */ = {isa = PBXFileReference; lastKnownFileType = sourcecode.swift; path = BanReasonField.swift; sourceTree = "<group>"; };
		9B7574932BC7D34A00A247C1 /* StaticGaugeEditingSubview.swift */ = {isa = PBXFileReference; lastKnownFileType = sourcecode.swift; path = StaticGaugeEditingSubview.swift; sourceTree = "<group>"; };
		9B90CBC12BCCAFD60005B0BD /* TermsView.swift */ = {isa = PBXFileReference; lastKnownFileType = sourcecode.swift; path = TermsView.swift; sourceTree = "<group>"; };
		9BA514452BD1111B00F9749D /* UserTableSubView.swift */ = {isa = PBXFileReference; lastKnownFileType = sourcecode.swift; path = UserTableSubView.swift; sourceTree = "<group>"; };
		9BA976622BC3D615008B1CD5 /* ComplaintDetailView.swift */ = {isa = PBXFileReference; lastKnownFileType = sourcecode.swift; path = ComplaintDetailView.swift; sourceTree = "<group>"; };
		9BE9A39F2BCCDFFF00272065 /* TermsAddingView.swift */ = {isa = PBXFileReference; lastKnownFileType = sourcecode.swift; path = TermsAddingView.swift; sourceTree = "<group>"; };
		9BE9A3A12BCCE28500272065 /* MyButton.swift */ = {isa = PBXFileReference; lastKnownFileType = sourcecode.swift; path = MyButton.swift; sourceTree = "<group>"; };
		9BE9A3A32BCCE8FE00272065 /* TermsViewModel.swift */ = {isa = PBXFileReference; lastKnownFileType = sourcecode.swift; path = TermsViewModel.swift; sourceTree = "<group>"; };
		9BEB2FBC2BC3A6D3009C398F /* UserInfoModalView.swift */ = {isa = PBXFileReference; lastKnownFileType = sourcecode.swift; path = UserInfoModalView.swift; sourceTree = "<group>"; };
		DF54D2352BC36C6600D72491 /* ZzritAdministrator.app */ = {isa = PBXFileReference; explicitFileType = wrapper.application; includeInIndex = 0; path = ZzritAdministrator.app; sourceTree = BUILT_PRODUCTS_DIR; };
		DF54D2382BC36C6600D72491 /* ZzritAdministratorApp.swift */ = {isa = PBXFileReference; lastKnownFileType = sourcecode.swift; path = ZzritAdministratorApp.swift; sourceTree = "<group>"; };
		DF54D23A2BC36C6600D72491 /* ContentView.swift */ = {isa = PBXFileReference; lastKnownFileType = sourcecode.swift; path = ContentView.swift; sourceTree = "<group>"; };
		DF54D23C2BC36C6800D72491 /* Assets.xcassets */ = {isa = PBXFileReference; lastKnownFileType = folder.assetcatalog; path = Assets.xcassets; sourceTree = "<group>"; };
		DF54D23E2BC36C6800D72491 /* ZzritAdministrator.entitlements */ = {isa = PBXFileReference; lastKnownFileType = text.plist.entitlements; path = ZzritAdministrator.entitlements; sourceTree = "<group>"; };
		DF54D2402BC36C6800D72491 /* Preview Assets.xcassets */ = {isa = PBXFileReference; lastKnownFileType = folder.assetcatalog; path = "Preview Assets.xcassets"; sourceTree = "<group>"; };
/* End PBXFileReference section */

/* Begin PBXFrameworksBuildPhase section */
		DF54D2322BC36C6600D72491 /* Frameworks */ = {
			isa = PBXFrameworksBuildPhase;
			buildActionMask = 2147483647;
			files = (
				DFC75F852BC36CD10005DDD9 /* ZzritKit in Frameworks */,
			);
			runOnlyForDeploymentPostprocessing = 0;
		};
/* End PBXFrameworksBuildPhase section */

/* Begin PBXGroup section */
		3B05B18C2BC671A400BF9548 /* LoginView */ = {
			isa = PBXGroup;
			children = (
				3B05B18D2BC671C100BF9548 /* LoginView.swift */,
				3B05B18F2BC6721B00BF9548 /* LoginInputView.swift */,
			);
			path = LoginView;
			sourceTree = "<group>";
		};
		3B09C1F32BC37DDF00EA9D54 /* App */ = {
			isa = PBXGroup;
			children = (
				DF54D2382BC36C6600D72491 /* ZzritAdministratorApp.swift */,
			);
			path = App;
			sourceTree = "<group>";
		};
		3B09C1F42BC37DF200EA9D54 /* Views */ = {
			isa = PBXGroup;
			children = (
				DF54D23A2BC36C6600D72491 /* ContentView.swift */,
				3B05B18C2BC671A400BF9548 /* LoginView */,
				3B09C1FB2BC380FE00EA9D54 /* UserManageTableView */,
				3B09C1FC2BC3811600EA9D54 /* PlaygroundManageMainView */,
				3B09C2002BC3836A00EA9D54 /* ComplaintManagementView */,
				3B09C2032BC383A200EA9D54 /* AnnouncementManagementView */,
				9B90CBC32BCCAFDA0005B0BD /* TermsView */,
				3B09C2062BC383D600EA9D54 /* SettingsView */,
				3B7350C32BC3A200008C02AE /* Commons */,
			);
			path = Views;
			sourceTree = "<group>";
		};
		3B09C1FB2BC380FE00EA9D54 /* UserManageTableView */ = {
			isa = PBXGroup;
			children = (
				3B09C1F52BC37E9100EA9D54 /* UserManageTableView.swift */,
				9BA514452BD1111B00F9749D /* UserTableSubView.swift */,
				9B75748F2BC7BC0600A247C1 /* UserSectionHeader.swift */,
				9BEB2FBC2BC3A6D3009C398F /* UserInfoModalView.swift */,
				9B43D3672BCFC6D100566E60 /* BanList.swift */,
				9B7574932BC7D34A00A247C1 /* StaticGaugeEditingSubview.swift */,
				9B7574912BC7D19800A247C1 /* BanReasonField.swift */,
			);
			path = UserManageTableView;
			sourceTree = "<group>";
		};
		3B09C1FC2BC3811600EA9D54 /* PlaygroundManageMainView */ = {
			isa = PBXGroup;
			children = (
				3B09C1F72BC37EA100EA9D54 /* RoomManageView.swift */,
				3B8ECC5F2BC3CCEA0084C389 /* RoomSectionHeader.swift */,
				3B4F50BB2BCE344A001A5197 /* RoomDetailView.swift */,
			);
			path = PlaygroundManageMainView;
			sourceTree = "<group>";
		};
		3B09C2002BC3836A00EA9D54 /* ComplaintManagementView */ = {
			isa = PBXGroup;
			children = (
				3B09C1FE2BC3836200EA9D54 /* ComplaintManagementView.swift */,
				9BA976622BC3D615008B1CD5 /* ComplaintDetailView.swift */,
				9B4DFFFC2BC58AB2008C5FC7 /* ContactManagerContentView.swift */,
				9B4D00002BC58BC1008C5FC7 /* ContactManagerAnswerView.swift */,
				9B4DFFFE2BC58B46008C5FC7 /* ContactManageUserInfoView.swift */,
			);
			path = ComplaintManagementView;
			sourceTree = "<group>";
		};
		3B09C2032BC383A200EA9D54 /* AnnouncementManagementView */ = {
			isa = PBXGroup;
			children = (
				3B09C2012BC3838D00EA9D54 /* NoticeManageView.swift */,
				3B8662E92BC538F000BB8E00 /* NoticeDetailView.swift */,
				3B8662E72BC51D0300BB8E00 /* NoticeHeader.swift */,
			);
			path = AnnouncementManagementView;
			sourceTree = "<group>";
		};
		3B09C2062BC383D600EA9D54 /* SettingsView */ = {
			isa = PBXGroup;
			children = (
				3B09C2042BC383D300EA9D54 /* SettingsView.swift */,
			);
			path = SettingsView;
			sourceTree = "<group>";
		};
		3B7350C32BC3A200008C02AE /* Commons */ = {
			isa = PBXGroup;
			children = (
				3B09C2072BC38A8500EA9D54 /* SearchField.swift */,
				3B7350C42BC3A474008C02AE /* StaticTextView.swift */,
				3B7350C62BC3A4BC008C02AE /* Constants.swift */,
				9BE9A3A12BCCE28500272065 /* MyButton.swift */,
			);
			path = Commons;
			sourceTree = "<group>";
		};
		3B78418A2BC8B7DC003CAEA1 /* ViewModel */ = {
			isa = PBXGroup;
			children = (
				3B5C6E362BC8BBB600668AB8 /* NoticeViewModel.swift */,
				9B43D3652BCF88BD00566E60 /* UserViewModel.swift */,
				9BE9A3A32BCCE8FE00272065 /* TermsViewModel.swift */,
				9B6C2F012BCE09190092DE4D /* ContactViewModel.swift */,
				3B4F50B92BCE13C3001A5197 /* RoomViewModel.swift */,
			);
			path = ViewModel;
			sourceTree = "<group>";
		};
		9B90CBC32BCCAFDA0005B0BD /* TermsView */ = {
			isa = PBXGroup;
			children = (
				9B90CBC12BCCAFD60005B0BD /* TermsView.swift */,
				9BE9A39F2BCCDFFF00272065 /* TermsAddingView.swift */,
			);
			path = TermsView;
			sourceTree = "<group>";
		};
		DF54D22C2BC36C6600D72491 = {
			isa = PBXGroup;
			children = (
				DF54D2372BC36C6600D72491 /* ZzritAdministrator */,
				DF54D2362BC36C6600D72491 /* Products */,
				DFC75F832BC36CCE0005DDD9 /* Frameworks */,
			);
			sourceTree = "<group>";
		};
		DF54D2362BC36C6600D72491 /* Products */ = {
			isa = PBXGroup;
			children = (
				DF54D2352BC36C6600D72491 /* ZzritAdministrator.app */,
			);
			name = Products;
			sourceTree = "<group>";
		};
		DF54D2372BC36C6600D72491 /* ZzritAdministrator */ = {
			isa = PBXGroup;
			children = (
				099B8E9E2BCFFC8E003FF41C /* Info.plist */,
				09DC83AF2BC90E56004C68D0 /* GoogleService-Info.plist */,
				3B09C1F32BC37DDF00EA9D54 /* App */,
				3B09C1F42BC37DF200EA9D54 /* Views */,
				3B78418A2BC8B7DC003CAEA1 /* ViewModel */,
				DF54D23C2BC36C6800D72491 /* Assets.xcassets */,
				DF54D23E2BC36C6800D72491 /* ZzritAdministrator.entitlements */,
				DF54D23F2BC36C6800D72491 /* Preview Content */,
			);
			path = ZzritAdministrator;
			sourceTree = "<group>";
		};
		DF54D23F2BC36C6800D72491 /* Preview Content */ = {
			isa = PBXGroup;
			children = (
				DF54D2402BC36C6800D72491 /* Preview Assets.xcassets */,
			);
			path = "Preview Content";
			sourceTree = "<group>";
		};
		DFC75F832BC36CCE0005DDD9 /* Frameworks */ = {
			isa = PBXGroup;
			children = (
			);
			name = Frameworks;
			sourceTree = "<group>";
		};
/* End PBXGroup section */

/* Begin PBXNativeTarget section */
		DF54D2342BC36C6600D72491 /* ZzritAdministrator */ = {
			isa = PBXNativeTarget;
			buildConfigurationList = DF54D2442BC36C6800D72491 /* Build configuration list for PBXNativeTarget "ZzritAdministrator" */;
			buildPhases = (
				DF54D2312BC36C6600D72491 /* Sources */,
				DF54D2322BC36C6600D72491 /* Frameworks */,
				DF54D2332BC36C6600D72491 /* Resources */,
			);
			buildRules = (
			);
			dependencies = (
			);
			name = ZzritAdministrator;
			packageProductDependencies = (
				DFC75F842BC36CD10005DDD9 /* ZzritKit */,
			);
			productName = ZzritAdministrator;
			productReference = DF54D2352BC36C6600D72491 /* ZzritAdministrator.app */;
			productType = "com.apple.product-type.application";
		};
/* End PBXNativeTarget section */

/* Begin PBXProject section */
		DF54D22D2BC36C6600D72491 /* Project object */ = {
			isa = PBXProject;
			attributes = {
				BuildIndependentTargetsInParallel = 1;
				LastSwiftUpdateCheck = 1530;
				LastUpgradeCheck = 1530;
				TargetAttributes = {
					DF54D2342BC36C6600D72491 = {
						CreatedOnToolsVersion = 15.3;
					};
				};
			};
			buildConfigurationList = DF54D2302BC36C6600D72491 /* Build configuration list for PBXProject "ZzritAdministrator" */;
			compatibilityVersion = "Xcode 14.0";
			developmentRegion = en;
			hasScannedForEncodings = 0;
			knownRegions = (
				en,
				Base,
			);
			mainGroup = DF54D22C2BC36C6600D72491;
			productRefGroup = DF54D2362BC36C6600D72491 /* Products */;
			projectDirPath = "";
			projectRoot = "";
			targets = (
				DF54D2342BC36C6600D72491 /* ZzritAdministrator */,
			);
		};
/* End PBXProject section */

/* Begin PBXResourcesBuildPhase section */
		DF54D2332BC36C6600D72491 /* Resources */ = {
			isa = PBXResourcesBuildPhase;
			buildActionMask = 2147483647;
			files = (
				DF54D2412BC36C6800D72491 /* Preview Assets.xcassets in Resources */,
				DF54D23D2BC36C6800D72491 /* Assets.xcassets in Resources */,
				09DC83B02BC90E56004C68D0 /* GoogleService-Info.plist in Resources */,
			);
			runOnlyForDeploymentPostprocessing = 0;
		};
/* End PBXResourcesBuildPhase section */

/* Begin PBXSourcesBuildPhase section */
		DF54D2312BC36C6600D72491 /* Sources */ = {
			isa = PBXSourcesBuildPhase;
			buildActionMask = 2147483647;
			files = (
				9B6C2F022BCE09190092DE4D /* ContactViewModel.swift in Sources */,
				9BA514462BD1111B00F9749D /* UserTableSubView.swift in Sources */,
				3B8662E82BC51D0300BB8E00 /* NoticeHeader.swift in Sources */,
				3B8662EA2BC538F000BB8E00 /* NoticeDetailView.swift in Sources */,
				9BEB2FBD2BC3A6D3009C398F /* UserInfoModalView.swift in Sources */,
				3B09C2082BC38A8500EA9D54 /* SearchField.swift in Sources */,
				3B7350C72BC3A4BC008C02AE /* Constants.swift in Sources */,
				3B5C6E372BC8BBB600668AB8 /* NoticeViewModel.swift in Sources */,
				9B7574942BC7D34A00A247C1 /* StaticGaugeEditingSubview.swift in Sources */,
				3B7350C52BC3A474008C02AE /* StaticTextView.swift in Sources */,
				9B7574922BC7D19800A247C1 /* BanReasonField.swift in Sources */,
				DF54D23B2BC36C6600D72491 /* ContentView.swift in Sources */,
				3B05B1902BC6721B00BF9548 /* LoginInputView.swift in Sources */,
				9B4DFFFF2BC58B46008C5FC7 /* ContactManageUserInfoView.swift in Sources */,
				9B90CBC22BCCAFD60005B0BD /* TermsView.swift in Sources */,
				3B09C2052BC383D300EA9D54 /* SettingsView.swift in Sources */,
				3B09C1F62BC37E9100EA9D54 /* UserManageTableView.swift in Sources */,
				DF54D2392BC36C6600D72491 /* ZzritAdministratorApp.swift in Sources */,
				9BA976632BC3D615008B1CD5 /* ComplaintDetailView.swift in Sources */,
				3B09C1FF2BC3836200EA9D54 /* ComplaintManagementView.swift in Sources */,
				9B4D00012BC58BC1008C5FC7 /* ContactManagerAnswerView.swift in Sources */,
				9BE9A3A02BCCDFFF00272065 /* TermsAddingView.swift in Sources */,
				3B4F50BA2BCE13C3001A5197 /* RoomViewModel.swift in Sources */,
				9B7574902BC7BC0600A247C1 /* UserSectionHeader.swift in Sources */,
				9B4DFFFD2BC58AB2008C5FC7 /* ContactManagerContentView.swift in Sources */,
				3B09C1F82BC37EA100EA9D54 /* RoomManageView.swift in Sources */,
				9B43D3682BCFC6D100566E60 /* BanList.swift in Sources */,
				9B43D3662BCF88BD00566E60 /* UserViewModel.swift in Sources */,
				3B4F50BC2BCE344A001A5197 /* RoomDetailView.swift in Sources */,
				9BE9A3A22BCCE28500272065 /* MyButton.swift in Sources */,
				3B05B18E2BC671C100BF9548 /* LoginView.swift in Sources */,
				3B09C2022BC3838D00EA9D54 /* NoticeManageView.swift in Sources */,
				9BE9A3A42BCCE8FE00272065 /* TermsViewModel.swift in Sources */,
				3B8ECC602BC3CCEA0084C389 /* RoomSectionHeader.swift in Sources */,
			);
			runOnlyForDeploymentPostprocessing = 0;
		};
/* End PBXSourcesBuildPhase section */

/* Begin XCBuildConfiguration section */
		DF54D2422BC36C6800D72491 /* Debug */ = {
			isa = XCBuildConfiguration;
			buildSettings = {
				ALWAYS_SEARCH_USER_PATHS = NO;
				ASSETCATALOG_COMPILER_GENERATE_SWIFT_ASSET_SYMBOL_EXTENSIONS = YES;
				CLANG_ANALYZER_NONNULL = YES;
				CLANG_ANALYZER_NUMBER_OBJECT_CONVERSION = YES_AGGRESSIVE;
				CLANG_CXX_LANGUAGE_STANDARD = "gnu++20";
				CLANG_ENABLE_MODULES = YES;
				CLANG_ENABLE_OBJC_ARC = YES;
				CLANG_ENABLE_OBJC_WEAK = YES;
				CLANG_WARN_BLOCK_CAPTURE_AUTORELEASING = YES;
				CLANG_WARN_BOOL_CONVERSION = YES;
				CLANG_WARN_COMMA = YES;
				CLANG_WARN_CONSTANT_CONVERSION = YES;
				CLANG_WARN_DEPRECATED_OBJC_IMPLEMENTATIONS = YES;
				CLANG_WARN_DIRECT_OBJC_ISA_USAGE = YES_ERROR;
				CLANG_WARN_DOCUMENTATION_COMMENTS = YES;
				CLANG_WARN_EMPTY_BODY = YES;
				CLANG_WARN_ENUM_CONVERSION = YES;
				CLANG_WARN_INFINITE_RECURSION = YES;
				CLANG_WARN_INT_CONVERSION = YES;
				CLANG_WARN_NON_LITERAL_NULL_CONVERSION = YES;
				CLANG_WARN_OBJC_IMPLICIT_RETAIN_SELF = YES;
				CLANG_WARN_OBJC_LITERAL_CONVERSION = YES;
				CLANG_WARN_OBJC_ROOT_CLASS = YES_ERROR;
				CLANG_WARN_QUOTED_INCLUDE_IN_FRAMEWORK_HEADER = YES;
				CLANG_WARN_RANGE_LOOP_ANALYSIS = YES;
				CLANG_WARN_STRICT_PROTOTYPES = YES;
				CLANG_WARN_SUSPICIOUS_MOVE = YES;
				CLANG_WARN_UNGUARDED_AVAILABILITY = YES_AGGRESSIVE;
				CLANG_WARN_UNREACHABLE_CODE = YES;
				CLANG_WARN__DUPLICATE_METHOD_MATCH = YES;
				COPY_PHASE_STRIP = NO;
				DEBUG_INFORMATION_FORMAT = dwarf;
				ENABLE_STRICT_OBJC_MSGSEND = YES;
				ENABLE_TESTABILITY = YES;
				ENABLE_USER_SCRIPT_SANDBOXING = YES;
				GCC_C_LANGUAGE_STANDARD = gnu17;
				GCC_DYNAMIC_NO_PIC = NO;
				GCC_NO_COMMON_BLOCKS = YES;
				GCC_OPTIMIZATION_LEVEL = 0;
				GCC_PREPROCESSOR_DEFINITIONS = (
					"DEBUG=1",
					"$(inherited)",
				);
				GCC_WARN_64_TO_32_BIT_CONVERSION = YES;
				GCC_WARN_ABOUT_RETURN_TYPE = YES_ERROR;
				GCC_WARN_UNDECLARED_SELECTOR = YES;
				GCC_WARN_UNINITIALIZED_AUTOS = YES_AGGRESSIVE;
				GCC_WARN_UNUSED_FUNCTION = YES;
				GCC_WARN_UNUSED_VARIABLE = YES;
				LOCALIZATION_PREFERS_STRING_CATALOGS = YES;
				MTL_ENABLE_DEBUG_INFO = INCLUDE_SOURCE;
				MTL_FAST_MATH = YES;
				ONLY_ACTIVE_ARCH = YES;
				SWIFT_ACTIVE_COMPILATION_CONDITIONS = "DEBUG $(inherited)";
				SWIFT_OPTIMIZATION_LEVEL = "-Onone";
			};
			name = Debug;
		};
		DF54D2432BC36C6800D72491 /* Release */ = {
			isa = XCBuildConfiguration;
			buildSettings = {
				ALWAYS_SEARCH_USER_PATHS = NO;
				ASSETCATALOG_COMPILER_GENERATE_SWIFT_ASSET_SYMBOL_EXTENSIONS = YES;
				CLANG_ANALYZER_NONNULL = YES;
				CLANG_ANALYZER_NUMBER_OBJECT_CONVERSION = YES_AGGRESSIVE;
				CLANG_CXX_LANGUAGE_STANDARD = "gnu++20";
				CLANG_ENABLE_MODULES = YES;
				CLANG_ENABLE_OBJC_ARC = YES;
				CLANG_ENABLE_OBJC_WEAK = YES;
				CLANG_WARN_BLOCK_CAPTURE_AUTORELEASING = YES;
				CLANG_WARN_BOOL_CONVERSION = YES;
				CLANG_WARN_COMMA = YES;
				CLANG_WARN_CONSTANT_CONVERSION = YES;
				CLANG_WARN_DEPRECATED_OBJC_IMPLEMENTATIONS = YES;
				CLANG_WARN_DIRECT_OBJC_ISA_USAGE = YES_ERROR;
				CLANG_WARN_DOCUMENTATION_COMMENTS = YES;
				CLANG_WARN_EMPTY_BODY = YES;
				CLANG_WARN_ENUM_CONVERSION = YES;
				CLANG_WARN_INFINITE_RECURSION = YES;
				CLANG_WARN_INT_CONVERSION = YES;
				CLANG_WARN_NON_LITERAL_NULL_CONVERSION = YES;
				CLANG_WARN_OBJC_IMPLICIT_RETAIN_SELF = YES;
				CLANG_WARN_OBJC_LITERAL_CONVERSION = YES;
				CLANG_WARN_OBJC_ROOT_CLASS = YES_ERROR;
				CLANG_WARN_QUOTED_INCLUDE_IN_FRAMEWORK_HEADER = YES;
				CLANG_WARN_RANGE_LOOP_ANALYSIS = YES;
				CLANG_WARN_STRICT_PROTOTYPES = YES;
				CLANG_WARN_SUSPICIOUS_MOVE = YES;
				CLANG_WARN_UNGUARDED_AVAILABILITY = YES_AGGRESSIVE;
				CLANG_WARN_UNREACHABLE_CODE = YES;
				CLANG_WARN__DUPLICATE_METHOD_MATCH = YES;
				COPY_PHASE_STRIP = NO;
				DEBUG_INFORMATION_FORMAT = "dwarf-with-dsym";
				ENABLE_NS_ASSERTIONS = NO;
				ENABLE_STRICT_OBJC_MSGSEND = YES;
				ENABLE_USER_SCRIPT_SANDBOXING = YES;
				GCC_C_LANGUAGE_STANDARD = gnu17;
				GCC_NO_COMMON_BLOCKS = YES;
				GCC_WARN_64_TO_32_BIT_CONVERSION = YES;
				GCC_WARN_ABOUT_RETURN_TYPE = YES_ERROR;
				GCC_WARN_UNDECLARED_SELECTOR = YES;
				GCC_WARN_UNINITIALIZED_AUTOS = YES_AGGRESSIVE;
				GCC_WARN_UNUSED_FUNCTION = YES;
				GCC_WARN_UNUSED_VARIABLE = YES;
				LOCALIZATION_PREFERS_STRING_CATALOGS = YES;
				MTL_ENABLE_DEBUG_INFO = NO;
				MTL_FAST_MATH = YES;
				SWIFT_COMPILATION_MODE = wholemodule;
			};
			name = Release;
		};
		DF54D2452BC36C6800D72491 /* Debug */ = {
			isa = XCBuildConfiguration;
			buildSettings = {
				ASSETCATALOG_COMPILER_APPICON_NAME = AppIcon;
				ASSETCATALOG_COMPILER_GLOBAL_ACCENT_COLOR_NAME = AccentColor;
				CODE_SIGN_ENTITLEMENTS = ZzritAdministrator/ZzritAdministrator.entitlements;
				CODE_SIGN_STYLE = Automatic;
				CURRENT_PROJECT_VERSION = 3;
				DEVELOPMENT_ASSET_PATHS = "\"ZzritAdministrator/Preview Content\"";
				DEVELOPMENT_TEAM = 6R3M7VGRP2;
				ENABLE_HARDENED_RUNTIME = YES;
				ENABLE_PREVIEWS = YES;
				GENERATE_INFOPLIST_FILE = YES;
				INFOPLIST_FILE = ZzritAdministrator/Info.plist;
				"INFOPLIST_KEY_UIApplicationSceneManifest_Generation[sdk=iphoneos*]" = YES;
				"INFOPLIST_KEY_UIApplicationSceneManifest_Generation[sdk=iphonesimulator*]" = YES;
				"INFOPLIST_KEY_UIApplicationSupportsIndirectInputEvents[sdk=iphoneos*]" = YES;
				"INFOPLIST_KEY_UIApplicationSupportsIndirectInputEvents[sdk=iphonesimulator*]" = YES;
				"INFOPLIST_KEY_UILaunchScreen_Generation[sdk=iphoneos*]" = YES;
				"INFOPLIST_KEY_UILaunchScreen_Generation[sdk=iphonesimulator*]" = YES;
				"INFOPLIST_KEY_UIStatusBarStyle[sdk=iphoneos*]" = UIStatusBarStyleDefault;
				"INFOPLIST_KEY_UIStatusBarStyle[sdk=iphonesimulator*]" = UIStatusBarStyleDefault;
				INFOPLIST_KEY_UISupportedInterfaceOrientations_iPad = "UIInterfaceOrientationPortrait UIInterfaceOrientationPortraitUpsideDown UIInterfaceOrientationLandscapeLeft UIInterfaceOrientationLandscapeRight";
				INFOPLIST_KEY_UISupportedInterfaceOrientations_iPhone = "UIInterfaceOrientationPortrait UIInterfaceOrientationLandscapeLeft UIInterfaceOrientationLandscapeRight";
				IPHONEOS_DEPLOYMENT_TARGET = 16.0;
				LD_RUNPATH_SEARCH_PATHS = "@executable_path/Frameworks";
				"LD_RUNPATH_SEARCH_PATHS[sdk=macosx*]" = "@executable_path/../Frameworks";
				MACOSX_DEPLOYMENT_TARGET = 14.2;
				MARKETING_VERSION = 1.0;
				PRODUCT_BUNDLE_IDENTIFIER = techit.finalproject.ZzritAdministrator;
				PRODUCT_NAME = "$(TARGET_NAME)";
				SDKROOT = auto;
				SUPPORTED_PLATFORMS = "iphoneos iphonesimulator";
				SUPPORTS_MACCATALYST = NO;
				SWIFT_EMIT_LOC_STRINGS = YES;
				SWIFT_VERSION = 5.0;
				TARGETED_DEVICE_FAMILY = 2;
			};
			name = Debug;
		};
		DF54D2462BC36C6800D72491 /* Release */ = {
			isa = XCBuildConfiguration;
			buildSettings = {
				ASSETCATALOG_COMPILER_APPICON_NAME = AppIcon;
				ASSETCATALOG_COMPILER_GLOBAL_ACCENT_COLOR_NAME = AccentColor;
				CODE_SIGN_ENTITLEMENTS = ZzritAdministrator/ZzritAdministrator.entitlements;
				CODE_SIGN_STYLE = Automatic;
				CURRENT_PROJECT_VERSION = 3;
				DEVELOPMENT_ASSET_PATHS = "\"ZzritAdministrator/Preview Content\"";
				DEVELOPMENT_TEAM = 6R3M7VGRP2;
				ENABLE_HARDENED_RUNTIME = YES;
				ENABLE_PREVIEWS = YES;
				GENERATE_INFOPLIST_FILE = YES;
				INFOPLIST_FILE = ZzritAdministrator/Info.plist;
				"INFOPLIST_KEY_UIApplicationSceneManifest_Generation[sdk=iphoneos*]" = YES;
				"INFOPLIST_KEY_UIApplicationSceneManifest_Generation[sdk=iphonesimulator*]" = YES;
				"INFOPLIST_KEY_UIApplicationSupportsIndirectInputEvents[sdk=iphoneos*]" = YES;
				"INFOPLIST_KEY_UIApplicationSupportsIndirectInputEvents[sdk=iphonesimulator*]" = YES;
				"INFOPLIST_KEY_UILaunchScreen_Generation[sdk=iphoneos*]" = YES;
				"INFOPLIST_KEY_UILaunchScreen_Generation[sdk=iphonesimulator*]" = YES;
				"INFOPLIST_KEY_UIStatusBarStyle[sdk=iphoneos*]" = UIStatusBarStyleDefault;
				"INFOPLIST_KEY_UIStatusBarStyle[sdk=iphonesimulator*]" = UIStatusBarStyleDefault;
				INFOPLIST_KEY_UISupportedInterfaceOrientations_iPad = "UIInterfaceOrientationPortrait UIInterfaceOrientationPortraitUpsideDown UIInterfaceOrientationLandscapeLeft UIInterfaceOrientationLandscapeRight";
				INFOPLIST_KEY_UISupportedInterfaceOrientations_iPhone = "UIInterfaceOrientationPortrait UIInterfaceOrientationLandscapeLeft UIInterfaceOrientationLandscapeRight";
				IPHONEOS_DEPLOYMENT_TARGET = 16.0;
				LD_RUNPATH_SEARCH_PATHS = "@executable_path/Frameworks";
				"LD_RUNPATH_SEARCH_PATHS[sdk=macosx*]" = "@executable_path/../Frameworks";
				MACOSX_DEPLOYMENT_TARGET = 14.2;
				MARKETING_VERSION = 1.0;
				PRODUCT_BUNDLE_IDENTIFIER = techit.finalproject.ZzritAdministrator;
				PRODUCT_NAME = "$(TARGET_NAME)";
				SDKROOT = auto;
				SUPPORTED_PLATFORMS = "iphoneos iphonesimulator";
				SUPPORTS_MACCATALYST = NO;
				SWIFT_EMIT_LOC_STRINGS = YES;
				SWIFT_VERSION = 5.0;
				TARGETED_DEVICE_FAMILY = 2;
			};
			name = Release;
		};
/* End XCBuildConfiguration section */

/* Begin XCConfigurationList section */
		DF54D2302BC36C6600D72491 /* Build configuration list for PBXProject "ZzritAdministrator" */ = {
			isa = XCConfigurationList;
			buildConfigurations = (
				DF54D2422BC36C6800D72491 /* Debug */,
				DF54D2432BC36C6800D72491 /* Release */,
			);
			defaultConfigurationIsVisible = 0;
			defaultConfigurationName = Release;
		};
		DF54D2442BC36C6800D72491 /* Build configuration list for PBXNativeTarget "ZzritAdministrator" */ = {
			isa = XCConfigurationList;
			buildConfigurations = (
				DF54D2452BC36C6800D72491 /* Debug */,
				DF54D2462BC36C6800D72491 /* Release */,
			);
			defaultConfigurationIsVisible = 0;
			defaultConfigurationName = Release;
		};
/* End XCConfigurationList section */

/* Begin XCSwiftPackageProductDependency section */
		DFC75F842BC36CD10005DDD9 /* ZzritKit */ = {
			isa = XCSwiftPackageProductDependency;
			productName = ZzritKit;
		};
/* End XCSwiftPackageProductDependency section */
	};
	rootObject = DF54D22D2BC36C6600D72491 /* Project object */;
}
