// !$*UTF8*$!
{
	archiveVersion = 1;
	classes = {
	};
	objectVersion = 56;
	objects = {

/* Begin PBXBuildFile section */
		092876D02BC6C56500AFCA1D /* GoogleService-Info.plist in Resources */ = {isa = PBXBuildFile; fileRef = 092876CF2BC6C56500AFCA1D /* GoogleService-Info.plist */; };
		1F0603412BC53503003808F4 /* CategoryCellView.swift in Sources */ = {isa = PBXBuildFile; fileRef = 1F0603402BC53503003808F4 /* CategoryCellView.swift */; };
		1F0603432BC53AC9003808F4 /* SecondRoomCreateView.swift in Sources */ = {isa = PBXBuildFile; fileRef = 1F0603422BC53AC9003808F4 /* SecondRoomCreateView.swift */; };
		1F0603452BC53F36003808F4 /* RCTitleTextField.swift in Sources */ = {isa = PBXBuildFile; fileRef = 1F0603442BC53F36003808F4 /* RCTitleTextField.swift */; };
		1F0603472BC576D5003808F4 /* RCAddPictureView.swift in Sources */ = {isa = PBXBuildFile; fileRef = 1F0603462BC576D5003808F4 /* RCAddPictureView.swift */; };
		1F06034C2BC58EAE003808F4 /* ThirdRoomCreateView.swift in Sources */ = {isa = PBXBuildFile; fileRef = 1F06034B2BC58EAE003808F4 /* ThirdRoomCreateView.swift */; };
		1F06034E2BC596B1003808F4 /* RCTimeSettingView.swift in Sources */ = {isa = PBXBuildFile; fileRef = 1F06034D2BC596B1003808F4 /* RCTimeSettingView.swift */; };
		1F0603502BC5A5FE003808F4 /* ArchieveRCNaviBar.swift in Sources */ = {isa = PBXBuildFile; fileRef = 1F06034F2BC5A5FE003808F4 /* ArchieveRCNaviBar.swift */; };
		1F0603522BC5BF56003808F4 /* FilterCategory.swift in Sources */ = {isa = PBXBuildFile; fileRef = 1F0603512BC5BF56003808F4 /* FilterCategory.swift */; };
		1F0603542BC5C1C3003808F4 /* RoomCreateViewModel.swift in Sources */ = {isa = PBXBuildFile; fileRef = 1F0603532BC5C1C3003808F4 /* RoomCreateViewModel.swift */; };
		1F0603562BC63289003808F4 /* RCContentTextField.swift in Sources */ = {isa = PBXBuildFile; fileRef = 1F0603552BC63289003808F4 /* RCContentTextField.swift */; };
		1F0603582BC6611D003808F4 /* RCProcedurePicker.swift in Sources */ = {isa = PBXBuildFile; fileRef = 1F0603572BC6611D003808F4 /* RCProcedurePicker.swift */; };
		1F3859B82BC3D29500C753BD /* Configs.swift in Sources */ = {isa = PBXBuildFile; fileRef = 1F3859B62BC3D29500C753BD /* Configs.swift */; };
		1F3859BC2BC3D2A800C753BD /* RecentSearchCellView.swift in Sources */ = {isa = PBXBuildFile; fileRef = 1F3859B92BC3D2A800C753BD /* RecentSearchCellView.swift */; };
		1F3859BD2BC3D2A800C753BD /* SearchingView.swift in Sources */ = {isa = PBXBuildFile; fileRef = 1F3859BA2BC3D2A800C753BD /* SearchingView.swift */; };
		1F4566E82BCDFCEC001EC0E7 /* RCNavigationBar.swift in Sources */ = {isa = PBXBuildFile; fileRef = 1F4566E42BCDFCEC001EC0E7 /* RCNavigationBar.swift */; };
		1F4566E92BCDFCEC001EC0E7 /* SelectionButton.swift in Sources */ = {isa = PBXBuildFile; fileRef = 1F4566E52BCDFCEC001EC0E7 /* SelectionButton.swift */; };
		1F4566EA2BCDFCEC001EC0E7 /* PointSelectionButton.swift in Sources */ = {isa = PBXBuildFile; fileRef = 1F4566E62BCDFCEC001EC0E7 /* PointSelectionButton.swift */; };
		1F4566EB2BCDFCEC001EC0E7 /* RCSubTitle.swift in Sources */ = {isa = PBXBuildFile; fileRef = 1F4566E72BCDFCEC001EC0E7 /* RCSubTitle.swift */; };
		1F4566ED2BCDFDFB001EC0E7 /* DateType.swift in Sources */ = {isa = PBXBuildFile; fileRef = 1F4566EC2BCDFDFB001EC0E7 /* DateType.swift */; };
		1F4566EF2BCDFE25001EC0E7 /* PageType.swift in Sources */ = {isa = PBXBuildFile; fileRef = 1F4566EE2BCDFE25001EC0E7 /* PageType.swift */; };
		1F4566F12BCDFE2E001EC0E7 /* Sheet.swift in Sources */ = {isa = PBXBuildFile; fileRef = 1F4566F02BCDFE2E001EC0E7 /* Sheet.swift */; };
		1F4566F32BCDFE3C001EC0E7 /* FullScreenCover.swift in Sources */ = {isa = PBXBuildFile; fileRef = 1F4566F22BCDFE3C001EC0E7 /* FullScreenCover.swift */; };
		1F4566F52BCDFE64001EC0E7 /* RoomProcessType.swift in Sources */ = {isa = PBXBuildFile; fileRef = 1F4566F42BCDFE64001EC0E7 /* RoomProcessType.swift */; };
		1F4566F72BCDFE71001EC0E7 /* TabType.swift in Sources */ = {isa = PBXBuildFile; fileRef = 1F4566F62BCDFE71001EC0E7 /* TabType.swift */; };
		1F4566F92BCDFF94001EC0E7 /* TypeAlias.swift in Sources */ = {isa = PBXBuildFile; fileRef = 1F4566F82BCDFF94001EC0E7 /* TypeAlias.swift */; };
		1F4566FB2BCDFFA8001EC0E7 /* Coordinator.swift in Sources */ = {isa = PBXBuildFile; fileRef = 1F4566FA2BCDFFA8001EC0E7 /* Coordinator.swift */; };
		1F4566FE2BCE3D66001EC0E7 /* ImageEditView.swift in Sources */ = {isa = PBXBuildFile; fileRef = 1F4566FD2BCE3D66001EC0E7 /* ImageEditView.swift */; };
		1F4567002BCE3DE8001EC0E7 /* ImagePickerView.swift in Sources */ = {isa = PBXBuildFile; fileRef = 1F4566FF2BCE3DE8001EC0E7 /* ImagePickerView.swift */; };
		1F4567022BCE3E3D001EC0E7 /* ImagePickerExtensions.swift in Sources */ = {isa = PBXBuildFile; fileRef = 1F4567012BCE3E3D001EC0E7 /* ImagePickerExtensions.swift */; };
		1F5038D92BC4E67B00381EE5 /* SearchViewVM.swift in Sources */ = {isa = PBXBuildFile; fileRef = 1F5038D82BC4E67B00381EE5 /* SearchViewVM.swift */; };
		1F5038DE2BC4E69E00381EE5 /* SearcTestView.swift in Sources */ = {isa = PBXBuildFile; fileRef = 1F5038DA2BC4E69E00381EE5 /* SearcTestView.swift */; };
		1F5038DF2BC4E69E00381EE5 /* SearchFieldView.swift in Sources */ = {isa = PBXBuildFile; fileRef = 1F5038DB2BC4E69E00381EE5 /* SearchFieldView.swift */; };
		1F5038E02BC4E69E00381EE5 /* RecentSearchNavigationView.swift in Sources */ = {isa = PBXBuildFile; fileRef = 1F5038DC2BC4E69E00381EE5 /* RecentSearchNavigationView.swift */; };
		1F5038E12BC4E69E00381EE5 /* SearchingFilterView.swift in Sources */ = {isa = PBXBuildFile; fileRef = 1F5038DD2BC4E69E00381EE5 /* SearchingFilterView.swift */; };
		1F5038E42BC4E6AF00381EE5 /* ArchieveRecentSearchCell.swift in Sources */ = {isa = PBXBuildFile; fileRef = 1F5038E22BC4E6AF00381EE5 /* ArchieveRecentSearchCell.swift */; };
		1F5038E82BC4EB0E00381EE5 /* ProcedureSelectButton.swift in Sources */ = {isa = PBXBuildFile; fileRef = 1F5038E72BC4EB0E00381EE5 /* ProcedureSelectButton.swift */; };
		1F5038EA2BC4EC3600381EE5 /* SearchFilterPicker.swift in Sources */ = {isa = PBXBuildFile; fileRef = 1F5038E92BC4EC3600381EE5 /* SearchFilterPicker.swift */; };
		1F6454F22BC8B60B00C9D235 /* RCParticipantsSection.swift in Sources */ = {isa = PBXBuildFile; fileRef = 1F6454F12BC8B60B00C9D235 /* RCParticipantsSection.swift */; };
		1F6454F42BC8B96000C9D235 /* GenderButton.swift in Sources */ = {isa = PBXBuildFile; fileRef = 1F6454F32BC8B96000C9D235 /* GenderButton.swift */; };
		1F6454F52BC8C5E300C9D235 /* SignUpView.swift in Sources */ = {isa = PBXBuildFile; fileRef = FCBCB3192BC3D2A90048B86F /* SignUpView.swift */; };
		1F6454F62BC8C61E00C9D235 /* ServiceAgreeSheet.swift in Sources */ = {isa = PBXBuildFile; fileRef = FCBCB31D2BC3DC090048B86F /* ServiceAgreeSheet.swift */; };
		1F6B75CC2BCF72FA004092EB /* NewSearchView.swift in Sources */ = {isa = PBXBuildFile; fileRef = 1F6B75CB2BCF72FA004092EB /* NewSearchView.swift */; };
		1FF17E522BC5079700B505FA /* ArchieveRCIndicator.swift in Sources */ = {isa = PBXBuildFile; fileRef = 1FF17E512BC5079700B505FA /* ArchieveRCIndicator.swift */; };
		1FF17E552BC509C500B505FA /* FirstRoomCreateView.swift in Sources */ = {isa = PBXBuildFile; fileRef = 1FF17E542BC509C500B505FA /* FirstRoomCreateView.swift */; };
		1FF17E572BC509E400B505FA /* SelectionButtonView.swift in Sources */ = {isa = PBXBuildFile; fileRef = 1FF17E562BC509E400B505FA /* SelectionButtonView.swift */; };
		1FF17E5B2BC512A000B505FA /* ArchieveRCSubtitle.swift in Sources */ = {isa = PBXBuildFile; fileRef = 1FF17E5A2BC512A000B505FA /* ArchieveRCSubtitle.swift */; };
		30064DB82BC8025D00FD04A2 /* ChatView.swift in Sources */ = {isa = PBXBuildFile; fileRef = 30064DB72BC8025D00FD04A2 /* ChatView.swift */; };
		30064DBA2BC8027700FD04A2 /* MessageModel.swift in Sources */ = {isa = PBXBuildFile; fileRef = 30064DB92BC8027700FD04A2 /* MessageModel.swift */; };
		30064DBC2BC802A000FD04A2 /* MessageViewModel.swift in Sources */ = {isa = PBXBuildFile; fileRef = 30064DBB2BC802A000FD04A2 /* MessageViewModel.swift */; };
		30064DC72BC8079200FD04A2 /* ChatMessageCellView.swift in Sources */ = {isa = PBXBuildFile; fileRef = 30064DC62BC8079200FD04A2 /* ChatMessageCellView.swift */; };
		3007E8AF2BC40E6E00B9F7B3 /* MainView.swift in Sources */ = {isa = PBXBuildFile; fileRef = 3007E8AE2BC40E6E00B9F7B3 /* MainView.swift */; };
		3007E8B22BC4143700B9F7B3 /* SubTitleModifier.swift in Sources */ = {isa = PBXBuildFile; fileRef = 3007E8B12BC4143700B9F7B3 /* SubTitleModifier.swift */; };
		3007E8B42BC4255900B9F7B3 /* RoomCardListView.swift in Sources */ = {isa = PBXBuildFile; fileRef = 3007E8B32BC4255900B9F7B3 /* RoomCardListView.swift */; };
		3007E8B82BC43D8900B9F7B3 /* ArchieveRoomCardListView.swift in Sources */ = {isa = PBXBuildFile; fileRef = 3007E8B72BC43D8900B9F7B3 /* ArchieveRoomCardListView.swift */; };
		303EDA752BC503EF0023FC09 /* RoomInfoView.swift in Sources */ = {isa = PBXBuildFile; fileRef = 303EDA732BC503EF0023FC09 /* RoomInfoView.swift */; };
		303EDA762BC503EF0023FC09 /* RoomDetailView.swift in Sources */ = {isa = PBXBuildFile; fileRef = 303EDA742BC503EF0023FC09 /* RoomDetailView.swift */; };
		305136FE2BC3C3E400BA41EE /* RoomCategoryView.swift in Sources */ = {isa = PBXBuildFile; fileRef = 305136FD2BC3C3E400BA41EE /* RoomCategoryView.swift */; };
		305137012BC3D0AA00BA41EE /* RoomCardView.swift in Sources */ = {isa = PBXBuildFile; fileRef = 305137002BC3D0AA00BA41EE /* RoomCardView.swift */; };
		3056254D2BC6B77000814FBF /* View+Extension.swift in Sources */ = {isa = PBXBuildFile; fileRef = 3056254C2BC6B77000814FBF /* View+Extension.swift */; };
		305E27DB2BCF55D4007352ED /* LoadRoomViewModel.swift in Sources */ = {isa = PBXBuildFile; fileRef = 305E27DA2BCF55D4007352ED /* LoadRoomViewModel.swift */; };
		309688012BC6492E007064A3 /* ChatActiveListView.swift in Sources */ = {isa = PBXBuildFile; fileRef = 309688002BC6492E007064A3 /* ChatActiveListView.swift */; };
		309688032BC64E44007064A3 /* ChatDeactiveListView.swift in Sources */ = {isa = PBXBuildFile; fileRef = 309688022BC64E44007064A3 /* ChatDeactiveListView.swift */; };
		309688052BC64FC2007064A3 /* ChatListView.swift in Sources */ = {isa = PBXBuildFile; fileRef = 309688042BC64FC2007064A3 /* ChatListView.swift */; };
		309688072BC65A5B007064A3 /* ChatCategoryView.swift in Sources */ = {isa = PBXBuildFile; fileRef = 309688062BC65A5B007064A3 /* ChatCategoryView.swift */; };
		309F8ABA2BC3A8570045C6D8 /* GeneralButton.swift in Sources */ = {isa = PBXBuildFile; fileRef = 309F8AB92BC3A8570045C6D8 /* GeneralButton.swift */; };
		309F8ABC2BC3B5E70045C6D8 /* ArchieveSelectionButtonView.swift in Sources */ = {isa = PBXBuildFile; fileRef = 309F8ABB2BC3B5E70045C6D8 /* ArchieveSelectionButtonView.swift */; };
		30BE7E9F2BC5055600A5A178 /* ParticipantListCellView.swift in Sources */ = {isa = PBXBuildFile; fileRef = 30BE7E9E2BC5055600A5A178 /* ParticipantListCellView.swift */; };
		30BE7EA12BC50A1100A5A178 /* ParticipantListView.swift in Sources */ = {isa = PBXBuildFile; fileRef = 30BE7EA02BC50A1100A5A178 /* ParticipantListView.swift */; };
		30BE7EA32BC516EB00A5A178 /* ParticipantNoticeView.swift in Sources */ = {isa = PBXBuildFile; fileRef = 30BE7EA22BC516EB00A5A178 /* ParticipantNoticeView.swift */; };
		30BE7EBF2BC57C7E00A5A178 /* QuestionListView.swift in Sources */ = {isa = PBXBuildFile; fileRef = 30BE7EB92BC57C7E00A5A178 /* QuestionListView.swift */; };
		30BE7EC02BC57C7E00A5A178 /* ContactQuestionDetailView.swift in Sources */ = {isa = PBXBuildFile; fileRef = 30BE7EBA2BC57C7E00A5A178 /* ContactQuestionDetailView.swift */; };
		30BE7EC12BC57C7E00A5A178 /* QuestionView.swift in Sources */ = {isa = PBXBuildFile; fileRef = 30BE7EBB2BC57C7E00A5A178 /* QuestionView.swift */; };
		30BE7EC22BC57C7E00A5A178 /* ContactReplyDetailView.swift in Sources */ = {isa = PBXBuildFile; fileRef = 30BE7EBC2BC57C7E00A5A178 /* ContactReplyDetailView.swift */; };
		30BE7EC32BC57C7E00A5A178 /* QuestionDetailView.swift in Sources */ = {isa = PBXBuildFile; fileRef = 30BE7EBD2BC57C7E00A5A178 /* QuestionDetailView.swift */; };
		30BE7EC42BC57C7E00A5A178 /* QuestionListCellView.swift in Sources */ = {isa = PBXBuildFile; fileRef = 30BE7EBE2BC57C7E00A5A178 /* QuestionListCellView.swift */; };
		30BE7EC82BC57CCA00A5A178 /* ContactInputCompleteView.swift in Sources */ = {isa = PBXBuildFile; fileRef = 30BE7EC62BC57CCA00A5A178 /* ContactInputCompleteView.swift */; };
		30BE7EC92BC57CCA00A5A178 /* ContactInputView.swift in Sources */ = {isa = PBXBuildFile; fileRef = 30BE7EC72BC57CCA00A5A178 /* ContactInputView.swift */; };
		30BE7ECE2BC5977400A5A178 /* ChatListCellView.swift in Sources */ = {isa = PBXBuildFile; fileRef = 30BE7ECD2BC5977400A5A178 /* ChatListCellView.swift */; };
		30C1BAC82BC3ED2400827BD1 /* RoomCellView.swift in Sources */ = {isa = PBXBuildFile; fileRef = 30C1BAC72BC3ED2400827BD1 /* RoomCellView.swift */; };
		30C1BACA2BC3F50A00827BD1 /* MainExistView.swift in Sources */ = {isa = PBXBuildFile; fileRef = 30C1BAC92BC3F50A00827BD1 /* MainExistView.swift */; };
		30F80C3E2BC7C23A00B432DA /* MainLocationView.swift in Sources */ = {isa = PBXBuildFile; fileRef = 30F80C3D2BC7C23A00B432DA /* MainLocationView.swift */; };
		30F80C402BC7D9B200B432DA /* OfflineLocationSearchTextFieldView.swift in Sources */ = {isa = PBXBuildFile; fileRef = 30F80C3F2BC7D9B200B432DA /* OfflineLocationSearchTextFieldView.swift */; };
		30F80C442BC7E38F00B432DA /* OfflineLocationSearchView.swift in Sources */ = {isa = PBXBuildFile; fileRef = 30F80C432BC7E38F00B432DA /* OfflineLocationSearchView.swift */; };
		DF54D21F2BC36C4500D72491 /* ZzritConsumerApp.swift in Sources */ = {isa = PBXBuildFile; fileRef = DF54D21E2BC36C4500D72491 /* ZzritConsumerApp.swift */; };
		DF54D2212BC36C4500D72491 /* ContentView.swift in Sources */ = {isa = PBXBuildFile; fileRef = DF54D2202BC36C4500D72491 /* ContentView.swift */; };
		DF54D2232BC36C4800D72491 /* Assets.xcassets in Resources */ = {isa = PBXBuildFile; fileRef = DF54D2222BC36C4800D72491 /* Assets.xcassets */; };
		DF54D2262BC36C4800D72491 /* Preview Assets.xcassets in Resources */ = {isa = PBXBuildFile; fileRef = DF54D2252BC36C4800D72491 /* Preview Assets.xcassets */; };
		DF63090C2BD0F3930077B94F /* LocationService.swift in Sources */ = {isa = PBXBuildFile; fileRef = DF63090B2BD0F3930077B94F /* LocationService.swift */; };
		DF6309102BD29FE70077B94F /* KakaoSearchError.swift in Sources */ = {isa = PBXBuildFile; fileRef = DF63090F2BD29FE70077B94F /* KakaoSearchError.swift */; };
		DF6309132BD2A01A0077B94F /* KakaoKeywordSearchModel.swift in Sources */ = {isa = PBXBuildFile; fileRef = DF6309122BD2A01A0077B94F /* KakaoKeywordSearchModel.swift */; };
		DF63091B2BD2A4DA0077B94F /* KakaoSearchService.swift in Sources */ = {isa = PBXBuildFile; fileRef = DF63091A2BD2A4DA0077B94F /* KakaoSearchService.swift */; };
		DF63091D2BD2A93F0077B94F /* KakaoConvertAddressModel.swift in Sources */ = {isa = PBXBuildFile; fileRef = DF63091C2BD2A93F0077B94F /* KakaoConvertAddressModel.swift */; };
		DF6F4B3C2BD399D300DDBF96 /* KakaoLocalSearchView.swift in Sources */ = {isa = PBXBuildFile; fileRef = DF6F4B3B2BD399D300DDBF96 /* KakaoLocalSearchView.swift */; };
		DF6F4B3F2BD4D6FA00DDBF96 /* KakaoSearchResultView.swift in Sources */ = {isa = PBXBuildFile; fileRef = DF6F4B3E2BD4D6FA00DDBF96 /* KakaoSearchResultView.swift */; };
		DF6F4B412BD4D87100DDBF96 /* OfflineSearchHistoryView.swift in Sources */ = {isa = PBXBuildFile; fileRef = DF6F4B402BD4D87100DDBF96 /* OfflineSearchHistoryView.swift */; };
		DF6F4B432BD5116A00DDBF96 /* SearchInfoView.swift in Sources */ = {isa = PBXBuildFile; fileRef = DF6F4B422BD5116A00DDBF96 /* SearchInfoView.swift */; };
		DF6F4B452BD557DE00DDBF96 /* OfflineLocationListCell.swift in Sources */ = {isa = PBXBuildFile; fileRef = DF6F4B442BD557DE00DDBF96 /* OfflineLocationListCell.swift */; };
		DF6F4B472BD5E6FD00DDBF96 /* OfflineLocationModel.swift in Sources */ = {isa = PBXBuildFile; fileRef = DF6F4B462BD5E6FD00DDBF96 /* OfflineLocationModel.swift */; };
		DF6F4B492BD5E8A000DDBF96 /* LocalStorage.swift in Sources */ = {isa = PBXBuildFile; fileRef = DF6F4B482BD5E8A000DDBF96 /* LocalStorage.swift */; };
		DF6F4B4B2BD5F3DD00DDBF96 /* OfflineLocationHistoryCell.swift in Sources */ = {isa = PBXBuildFile; fileRef = DF6F4B4A2BD5F3DD00DDBF96 /* OfflineLocationHistoryCell.swift */; };
		DF9674B92BCCF4C800322382 /* SocialLoginType.swift in Sources */ = {isa = PBXBuildFile; fileRef = DF9674B82BCCF4C800322382 /* SocialLoginType.swift */; };
		DF9674BB2BCCF5DB00322382 /* SocialLoginButton.swift in Sources */ = {isa = PBXBuildFile; fileRef = DF9674BA2BCCF5DB00322382 /* SocialLoginButton.swift */; };
		DF9674BD2BCCFC9700322382 /* AuthenticationButton.swift in Sources */ = {isa = PBXBuildFile; fileRef = DF9674BC2BCCFC9700322382 /* AuthenticationButton.swift */; };
		DF9674BF2BCCFCC300322382 /* AuthenticationType.swift in Sources */ = {isa = PBXBuildFile; fileRef = DF9674BE2BCCFCC300322382 /* AuthenticationType.swift */; };
		DF9674C12BCD027B00322382 /* AuthenticationErrorView.swift in Sources */ = {isa = PBXBuildFile; fileRef = DF9674C02BCD027B00322382 /* AuthenticationErrorView.swift */; };
		DFB57BCC2BCF65560070A923 /* WebView.swift in Sources */ = {isa = PBXBuildFile; fileRef = DFB57BCB2BCF65550070A923 /* WebView.swift */; };
		DFB57BCE2BCF667C0070A923 /* TermView.swift in Sources */ = {isa = PBXBuildFile; fileRef = DFB57BCD2BCF667C0070A923 /* TermView.swift */; };
		DFB59ECE2BCDFDD100D7DD8A /* OnboardingView.swift in Sources */ = {isa = PBXBuildFile; fileRef = DFB59ECD2BCDFDD100D7DD8A /* OnboardingView.swift */; };
		DFB59ED02BCE03FA00D7DD8A /* PageControl.swift in Sources */ = {isa = PBXBuildFile; fileRef = DFB59ECF2BCE03FA00D7DD8A /* PageControl.swift */; };
		DFB59ED32BCE300C00D7DD8A /* ZziritUserVoteView.swift in Sources */ = {isa = PBXBuildFile; fileRef = DFB59ED22BCE300C00D7DD8A /* ZziritUserVoteView.swift */; };
		DFB59ED52BCE358900D7DD8A /* VoteProfileView.swift in Sources */ = {isa = PBXBuildFile; fileRef = DFB59ED42BCE358800D7DD8A /* VoteProfileView.swift */; };
		DFC75F822BC36CC50005DDD9 /* ZzritKit in Frameworks */ = {isa = PBXBuildFile; productRef = DFC75F812BC36CC50005DDD9 /* ZzritKit */; };
		FC0A793F2BC8C9B30012F85D /* ChatRoomNoticeView.swift in Sources */ = {isa = PBXBuildFile; fileRef = FC0A793E2BC8C9B30012F85D /* ChatRoomNoticeView.swift */; };
		FC2DDC0D2BC5070A00A51E64 /* MoreInfoView.swift in Sources */ = {isa = PBXBuildFile; fileRef = FC2DDC0C2BC5070A00A51E64 /* MoreInfoView.swift */; };
		FC2DDC0F2BC508B700A51E64 /* MyStaticGaugeView.swift in Sources */ = {isa = PBXBuildFile; fileRef = FC2DDC0E2BC508B700A51E64 /* MyStaticGaugeView.swift */; };
		FC2DDC112BC50B6900A51E64 /* StaticGaugeProgressView.swift in Sources */ = {isa = PBXBuildFile; fileRef = FC2DDC102BC50B6900A51E64 /* StaticGaugeProgressView.swift */; };
		FC2DDC132BC5231200A51E64 /* ProfileInfoView.swift in Sources */ = {isa = PBXBuildFile; fileRef = FC2DDC122BC5231200A51E64 /* ProfileInfoView.swift */; };
		FC2DDC152BC528F900A51E64 /* RecentWatchRoomView.swift in Sources */ = {isa = PBXBuildFile; fileRef = FC2DDC142BC528F900A51E64 /* RecentWatchRoomView.swift */; };
		FC2DDC172BC52FBA00A51E64 /* MoreInfoListView.swift in Sources */ = {isa = PBXBuildFile; fileRef = FC2DDC162BC52FBA00A51E64 /* MoreInfoListView.swift */; };
		FC2DDC192BC539B700A51E64 /* NoticeListView.swift in Sources */ = {isa = PBXBuildFile; fileRef = FC2DDC182BC539B700A51E64 /* NoticeListView.swift */; };
		FC2DDC1B2BC5767E00A51E64 /* NoticeTitleView.swift in Sources */ = {isa = PBXBuildFile; fileRef = FC2DDC1A2BC5767E00A51E64 /* NoticeTitleView.swift */; };
		FC2DDC1D2BC577D400A51E64 /* NoticeContentView.swift in Sources */ = {isa = PBXBuildFile; fileRef = FC2DDC1C2BC577D400A51E64 /* NoticeContentView.swift */; };
		FC2DDC212BC591F300A51E64 /* FakeDivider.swift in Sources */ = {isa = PBXBuildFile; fileRef = FC2DDC202BC591F300A51E64 /* FakeDivider.swift */; };
		FC2DDC232BC5921000A51E64 /* HorizontalLabel.swift in Sources */ = {isa = PBXBuildFile; fileRef = FC2DDC222BC5921000A51E64 /* HorizontalLabel.swift */; };
		FC43146A2BCD600B003D35FB /* ImagePicker.swift in Sources */ = {isa = PBXBuildFile; fileRef = FC4314692BCD600B003D35FB /* ImagePicker.swift */; };
		FC43146C2BCD765E003D35FB /* ChatMessageName.swift in Sources */ = {isa = PBXBuildFile; fileRef = FC43146B2BCD765E003D35FB /* ChatMessageName.swift */; };
		FC628F2E2BC42F1A007F5E5C /* SetProfileView.swift in Sources */ = {isa = PBXBuildFile; fileRef = FC628F2D2BC42F1A007F5E5C /* SetProfileView.swift */; };
		FC628F302BC4328A007F5E5C /* ErrorTextView.swift in Sources */ = {isa = PBXBuildFile; fileRef = FC628F2F2BC4328A007F5E5C /* ErrorTextView.swift */; };
		FC628F322BC440DF007F5E5C /* SetProfilePhotoView.swift in Sources */ = {isa = PBXBuildFile; fileRef = FC628F312BC440DF007F5E5C /* SetProfilePhotoView.swift */; };
		FC628F342BC4D115007F5E5C /* BirthYearPickerView.swift in Sources */ = {isa = PBXBuildFile; fileRef = FC628F332BC4D114007F5E5C /* BirthYearPickerView.swift */; };
		FCADAA342BC4EB7700364272 /* CompleteSignUpView.swift in Sources */ = {isa = PBXBuildFile; fileRef = FCADAA332BC4EB7700364272 /* CompleteSignUpView.swift */; };
		FCAF4A1A2BC40C8400603C2D /* AppSlogan.swift in Sources */ = {isa = PBXBuildFile; fileRef = FCAF4A192BC40C8400603C2D /* AppSlogan.swift */; };
		FCAF4A1C2BC40CBA00603C2D /* SignUpAgreeButton.swift in Sources */ = {isa = PBXBuildFile; fileRef = FCAF4A1B2BC40CBA00603C2D /* SignUpAgreeButton.swift */; };
		FCBA9B7B2BCE0774001E948B /* ForScrollView.swift in Sources */ = {isa = PBXBuildFile; fileRef = FCBA9B7A2BCE0774001E948B /* ForScrollView.swift */; };
		FCCCEEB52BC3B56600DABCA6 /* LogInView.swift in Sources */ = {isa = PBXBuildFile; fileRef = FCCCEEB32BC3B56600DABCA6 /* LogInView.swift */; };
		FCCCEEB62BC3B56600DABCA6 /* UserInputCellView.swift in Sources */ = {isa = PBXBuildFile; fileRef = FCCCEEB42BC3B56600DABCA6 /* UserInputCellView.swift */; };
/* End PBXBuildFile section */

/* Begin PBXFileReference section */
		092876CF2BC6C56500AFCA1D /* GoogleService-Info.plist */ = {isa = PBXFileReference; fileEncoding = 4; lastKnownFileType = text.plist.xml; path = "GoogleService-Info.plist"; sourceTree = "<group>"; };
		1F0603402BC53503003808F4 /* CategoryCellView.swift */ = {isa = PBXFileReference; lastKnownFileType = sourcecode.swift; path = CategoryCellView.swift; sourceTree = "<group>"; };
		1F0603422BC53AC9003808F4 /* SecondRoomCreateView.swift */ = {isa = PBXFileReference; lastKnownFileType = sourcecode.swift; path = SecondRoomCreateView.swift; sourceTree = "<group>"; };
		1F0603442BC53F36003808F4 /* RCTitleTextField.swift */ = {isa = PBXFileReference; lastKnownFileType = sourcecode.swift; path = RCTitleTextField.swift; sourceTree = "<group>"; };
		1F0603462BC576D5003808F4 /* RCAddPictureView.swift */ = {isa = PBXFileReference; lastKnownFileType = sourcecode.swift; path = RCAddPictureView.swift; sourceTree = "<group>"; };
		1F06034B2BC58EAE003808F4 /* ThirdRoomCreateView.swift */ = {isa = PBXFileReference; lastKnownFileType = sourcecode.swift; path = ThirdRoomCreateView.swift; sourceTree = "<group>"; };
		1F06034D2BC596B1003808F4 /* RCTimeSettingView.swift */ = {isa = PBXFileReference; lastKnownFileType = sourcecode.swift; path = RCTimeSettingView.swift; sourceTree = "<group>"; };
		1F06034F2BC5A5FE003808F4 /* ArchieveRCNaviBar.swift */ = {isa = PBXFileReference; lastKnownFileType = sourcecode.swift; path = ArchieveRCNaviBar.swift; sourceTree = "<group>"; };
		1F0603512BC5BF56003808F4 /* FilterCategory.swift */ = {isa = PBXFileReference; lastKnownFileType = sourcecode.swift; path = FilterCategory.swift; sourceTree = "<group>"; };
		1F0603532BC5C1C3003808F4 /* RoomCreateViewModel.swift */ = {isa = PBXFileReference; lastKnownFileType = sourcecode.swift; path = RoomCreateViewModel.swift; sourceTree = "<group>"; };
		1F0603552BC63289003808F4 /* RCContentTextField.swift */ = {isa = PBXFileReference; lastKnownFileType = sourcecode.swift; path = RCContentTextField.swift; sourceTree = "<group>"; };
		1F0603572BC6611D003808F4 /* RCProcedurePicker.swift */ = {isa = PBXFileReference; lastKnownFileType = sourcecode.swift; path = RCProcedurePicker.swift; sourceTree = "<group>"; };
		1F3859B62BC3D29500C753BD /* Configs.swift */ = {isa = PBXFileReference; fileEncoding = 4; lastKnownFileType = sourcecode.swift; path = Configs.swift; sourceTree = "<group>"; };
		1F3859B92BC3D2A800C753BD /* RecentSearchCellView.swift */ = {isa = PBXFileReference; fileEncoding = 4; lastKnownFileType = sourcecode.swift; path = RecentSearchCellView.swift; sourceTree = "<group>"; };
		1F3859BA2BC3D2A800C753BD /* SearchingView.swift */ = {isa = PBXFileReference; fileEncoding = 4; lastKnownFileType = sourcecode.swift; path = SearchingView.swift; sourceTree = "<group>"; };
		1F4566E42BCDFCEC001EC0E7 /* RCNavigationBar.swift */ = {isa = PBXFileReference; fileEncoding = 4; lastKnownFileType = sourcecode.swift; path = RCNavigationBar.swift; sourceTree = "<group>"; };
		1F4566E52BCDFCEC001EC0E7 /* SelectionButton.swift */ = {isa = PBXFileReference; fileEncoding = 4; lastKnownFileType = sourcecode.swift; path = SelectionButton.swift; sourceTree = "<group>"; };
		1F4566E62BCDFCEC001EC0E7 /* PointSelectionButton.swift */ = {isa = PBXFileReference; fileEncoding = 4; lastKnownFileType = sourcecode.swift; path = PointSelectionButton.swift; sourceTree = "<group>"; };
		1F4566E72BCDFCEC001EC0E7 /* RCSubTitle.swift */ = {isa = PBXFileReference; fileEncoding = 4; lastKnownFileType = sourcecode.swift; path = RCSubTitle.swift; sourceTree = "<group>"; };
		1F4566EC2BCDFDFB001EC0E7 /* DateType.swift */ = {isa = PBXFileReference; fileEncoding = 4; lastKnownFileType = sourcecode.swift; path = DateType.swift; sourceTree = "<group>"; };
		1F4566EE2BCDFE25001EC0E7 /* PageType.swift */ = {isa = PBXFileReference; fileEncoding = 4; lastKnownFileType = sourcecode.swift; path = PageType.swift; sourceTree = "<group>"; };
		1F4566F02BCDFE2E001EC0E7 /* Sheet.swift */ = {isa = PBXFileReference; fileEncoding = 4; lastKnownFileType = sourcecode.swift; path = Sheet.swift; sourceTree = "<group>"; };
		1F4566F22BCDFE3C001EC0E7 /* FullScreenCover.swift */ = {isa = PBXFileReference; fileEncoding = 4; lastKnownFileType = sourcecode.swift; path = FullScreenCover.swift; sourceTree = "<group>"; };
		1F4566F42BCDFE64001EC0E7 /* RoomProcessType.swift */ = {isa = PBXFileReference; fileEncoding = 4; lastKnownFileType = sourcecode.swift; path = RoomProcessType.swift; sourceTree = "<group>"; };
		1F4566F62BCDFE71001EC0E7 /* TabType.swift */ = {isa = PBXFileReference; fileEncoding = 4; lastKnownFileType = sourcecode.swift; path = TabType.swift; sourceTree = "<group>"; };
		1F4566F82BCDFF94001EC0E7 /* TypeAlias.swift */ = {isa = PBXFileReference; fileEncoding = 4; lastKnownFileType = sourcecode.swift; path = TypeAlias.swift; sourceTree = "<group>"; };
		1F4566FA2BCDFFA8001EC0E7 /* Coordinator.swift */ = {isa = PBXFileReference; fileEncoding = 4; lastKnownFileType = sourcecode.swift; path = Coordinator.swift; sourceTree = "<group>"; };
		1F4566FD2BCE3D66001EC0E7 /* ImageEditView.swift */ = {isa = PBXFileReference; lastKnownFileType = sourcecode.swift; path = ImageEditView.swift; sourceTree = "<group>"; };
		1F4566FF2BCE3DE8001EC0E7 /* ImagePickerView.swift */ = {isa = PBXFileReference; lastKnownFileType = sourcecode.swift; path = ImagePickerView.swift; sourceTree = "<group>"; };
		1F4567012BCE3E3D001EC0E7 /* ImagePickerExtensions.swift */ = {isa = PBXFileReference; lastKnownFileType = sourcecode.swift; path = ImagePickerExtensions.swift; sourceTree = "<group>"; };
		1F5038D82BC4E67B00381EE5 /* SearchViewVM.swift */ = {isa = PBXFileReference; fileEncoding = 4; lastKnownFileType = sourcecode.swift; path = SearchViewVM.swift; sourceTree = "<group>"; };
		1F5038DA2BC4E69E00381EE5 /* SearcTestView.swift */ = {isa = PBXFileReference; fileEncoding = 4; lastKnownFileType = sourcecode.swift; path = SearcTestView.swift; sourceTree = "<group>"; };
		1F5038DB2BC4E69E00381EE5 /* SearchFieldView.swift */ = {isa = PBXFileReference; fileEncoding = 4; lastKnownFileType = sourcecode.swift; path = SearchFieldView.swift; sourceTree = "<group>"; };
		1F5038DC2BC4E69E00381EE5 /* RecentSearchNavigationView.swift */ = {isa = PBXFileReference; fileEncoding = 4; lastKnownFileType = sourcecode.swift; path = RecentSearchNavigationView.swift; sourceTree = "<group>"; };
		1F5038DD2BC4E69E00381EE5 /* SearchingFilterView.swift */ = {isa = PBXFileReference; fileEncoding = 4; lastKnownFileType = sourcecode.swift; path = SearchingFilterView.swift; sourceTree = "<group>"; };
		1F5038E22BC4E6AF00381EE5 /* ArchieveRecentSearchCell.swift */ = {isa = PBXFileReference; fileEncoding = 4; lastKnownFileType = sourcecode.swift; path = ArchieveRecentSearchCell.swift; sourceTree = "<group>"; };
		1F5038E72BC4EB0E00381EE5 /* ProcedureSelectButton.swift */ = {isa = PBXFileReference; lastKnownFileType = sourcecode.swift; path = ProcedureSelectButton.swift; sourceTree = "<group>"; };
		1F5038E92BC4EC3600381EE5 /* SearchFilterPicker.swift */ = {isa = PBXFileReference; lastKnownFileType = sourcecode.swift; path = SearchFilterPicker.swift; sourceTree = "<group>"; };
		1F6454F12BC8B60B00C9D235 /* RCParticipantsSection.swift */ = {isa = PBXFileReference; lastKnownFileType = sourcecode.swift; path = RCParticipantsSection.swift; sourceTree = "<group>"; };
		1F6454F32BC8B96000C9D235 /* GenderButton.swift */ = {isa = PBXFileReference; lastKnownFileType = sourcecode.swift; path = GenderButton.swift; sourceTree = "<group>"; };
		1F6B75CB2BCF72FA004092EB /* NewSearchView.swift */ = {isa = PBXFileReference; lastKnownFileType = sourcecode.swift; path = NewSearchView.swift; sourceTree = "<group>"; };
		1FF17E512BC5079700B505FA /* ArchieveRCIndicator.swift */ = {isa = PBXFileReference; lastKnownFileType = sourcecode.swift; path = ArchieveRCIndicator.swift; sourceTree = "<group>"; };
		1FF17E542BC509C500B505FA /* FirstRoomCreateView.swift */ = {isa = PBXFileReference; lastKnownFileType = sourcecode.swift; path = FirstRoomCreateView.swift; sourceTree = "<group>"; };
		1FF17E562BC509E400B505FA /* SelectionButtonView.swift */ = {isa = PBXFileReference; lastKnownFileType = sourcecode.swift; path = SelectionButtonView.swift; sourceTree = "<group>"; };
		1FF17E5A2BC512A000B505FA /* ArchieveRCSubtitle.swift */ = {isa = PBXFileReference; lastKnownFileType = sourcecode.swift; path = ArchieveRCSubtitle.swift; sourceTree = "<group>"; };
		30064DB72BC8025D00FD04A2 /* ChatView.swift */ = {isa = PBXFileReference; lastKnownFileType = sourcecode.swift; path = ChatView.swift; sourceTree = "<group>"; };
		30064DB92BC8027700FD04A2 /* MessageModel.swift */ = {isa = PBXFileReference; lastKnownFileType = sourcecode.swift; path = MessageModel.swift; sourceTree = "<group>"; };
		30064DBB2BC802A000FD04A2 /* MessageViewModel.swift */ = {isa = PBXFileReference; lastKnownFileType = sourcecode.swift; path = MessageViewModel.swift; sourceTree = "<group>"; };
		30064DC62BC8079200FD04A2 /* ChatMessageCellView.swift */ = {isa = PBXFileReference; lastKnownFileType = sourcecode.swift; path = ChatMessageCellView.swift; sourceTree = "<group>"; };
		3007E8AE2BC40E6E00B9F7B3 /* MainView.swift */ = {isa = PBXFileReference; lastKnownFileType = sourcecode.swift; path = MainView.swift; sourceTree = "<group>"; };
		3007E8B12BC4143700B9F7B3 /* SubTitleModifier.swift */ = {isa = PBXFileReference; lastKnownFileType = sourcecode.swift; path = SubTitleModifier.swift; sourceTree = "<group>"; };
		3007E8B32BC4255900B9F7B3 /* RoomCardListView.swift */ = {isa = PBXFileReference; lastKnownFileType = sourcecode.swift; path = RoomCardListView.swift; sourceTree = "<group>"; };
		3007E8B72BC43D8900B9F7B3 /* ArchieveRoomCardListView.swift */ = {isa = PBXFileReference; lastKnownFileType = sourcecode.swift; path = ArchieveRoomCardListView.swift; sourceTree = "<group>"; };
		303EDA732BC503EF0023FC09 /* RoomInfoView.swift */ = {isa = PBXFileReference; fileEncoding = 4; lastKnownFileType = sourcecode.swift; path = RoomInfoView.swift; sourceTree = "<group>"; };
		303EDA742BC503EF0023FC09 /* RoomDetailView.swift */ = {isa = PBXFileReference; fileEncoding = 4; lastKnownFileType = sourcecode.swift; path = RoomDetailView.swift; sourceTree = "<group>"; };
		305136FD2BC3C3E400BA41EE /* RoomCategoryView.swift */ = {isa = PBXFileReference; lastKnownFileType = sourcecode.swift; path = RoomCategoryView.swift; sourceTree = "<group>"; };
		305137002BC3D0AA00BA41EE /* RoomCardView.swift */ = {isa = PBXFileReference; lastKnownFileType = sourcecode.swift; path = RoomCardView.swift; sourceTree = "<group>"; };
		3056254C2BC6B77000814FBF /* View+Extension.swift */ = {isa = PBXFileReference; lastKnownFileType = sourcecode.swift; path = "View+Extension.swift"; sourceTree = "<group>"; };
		305E27DA2BCF55D4007352ED /* LoadRoomViewModel.swift */ = {isa = PBXFileReference; lastKnownFileType = sourcecode.swift; path = LoadRoomViewModel.swift; sourceTree = "<group>"; };
		309688002BC6492E007064A3 /* ChatActiveListView.swift */ = {isa = PBXFileReference; lastKnownFileType = sourcecode.swift; path = ChatActiveListView.swift; sourceTree = "<group>"; };
		309688022BC64E44007064A3 /* ChatDeactiveListView.swift */ = {isa = PBXFileReference; lastKnownFileType = sourcecode.swift; path = ChatDeactiveListView.swift; sourceTree = "<group>"; };
		309688042BC64FC2007064A3 /* ChatListView.swift */ = {isa = PBXFileReference; lastKnownFileType = sourcecode.swift; path = ChatListView.swift; sourceTree = "<group>"; };
		309688062BC65A5B007064A3 /* ChatCategoryView.swift */ = {isa = PBXFileReference; lastKnownFileType = sourcecode.swift; path = ChatCategoryView.swift; sourceTree = "<group>"; };
		309F8AB92BC3A8570045C6D8 /* GeneralButton.swift */ = {isa = PBXFileReference; fileEncoding = 4; lastKnownFileType = sourcecode.swift; path = GeneralButton.swift; sourceTree = "<group>"; };
		309F8ABB2BC3B5E70045C6D8 /* ArchieveSelectionButtonView.swift */ = {isa = PBXFileReference; lastKnownFileType = sourcecode.swift; path = ArchieveSelectionButtonView.swift; sourceTree = "<group>"; };
		30BE7E9E2BC5055600A5A178 /* ParticipantListCellView.swift */ = {isa = PBXFileReference; lastKnownFileType = sourcecode.swift; path = ParticipantListCellView.swift; sourceTree = "<group>"; };
		30BE7EA02BC50A1100A5A178 /* ParticipantListView.swift */ = {isa = PBXFileReference; lastKnownFileType = sourcecode.swift; path = ParticipantListView.swift; sourceTree = "<group>"; };
		30BE7EA22BC516EB00A5A178 /* ParticipantNoticeView.swift */ = {isa = PBXFileReference; lastKnownFileType = sourcecode.swift; path = ParticipantNoticeView.swift; sourceTree = "<group>"; };
		30BE7EB92BC57C7E00A5A178 /* QuestionListView.swift */ = {isa = PBXFileReference; fileEncoding = 4; lastKnownFileType = sourcecode.swift; path = QuestionListView.swift; sourceTree = "<group>"; };
		30BE7EBA2BC57C7E00A5A178 /* ContactQuestionDetailView.swift */ = {isa = PBXFileReference; fileEncoding = 4; lastKnownFileType = sourcecode.swift; path = ContactQuestionDetailView.swift; sourceTree = "<group>"; };
		30BE7EBB2BC57C7E00A5A178 /* QuestionView.swift */ = {isa = PBXFileReference; fileEncoding = 4; lastKnownFileType = sourcecode.swift; path = QuestionView.swift; sourceTree = "<group>"; };
		30BE7EBC2BC57C7E00A5A178 /* ContactReplyDetailView.swift */ = {isa = PBXFileReference; fileEncoding = 4; lastKnownFileType = sourcecode.swift; path = ContactReplyDetailView.swift; sourceTree = "<group>"; };
		30BE7EBD2BC57C7E00A5A178 /* QuestionDetailView.swift */ = {isa = PBXFileReference; fileEncoding = 4; lastKnownFileType = sourcecode.swift; path = QuestionDetailView.swift; sourceTree = "<group>"; };
		30BE7EBE2BC57C7E00A5A178 /* QuestionListCellView.swift */ = {isa = PBXFileReference; fileEncoding = 4; lastKnownFileType = sourcecode.swift; path = QuestionListCellView.swift; sourceTree = "<group>"; };
		30BE7EC62BC57CCA00A5A178 /* ContactInputCompleteView.swift */ = {isa = PBXFileReference; fileEncoding = 4; lastKnownFileType = sourcecode.swift; path = ContactInputCompleteView.swift; sourceTree = "<group>"; };
		30BE7EC72BC57CCA00A5A178 /* ContactInputView.swift */ = {isa = PBXFileReference; fileEncoding = 4; lastKnownFileType = sourcecode.swift; path = ContactInputView.swift; sourceTree = "<group>"; };
		30BE7ECD2BC5977400A5A178 /* ChatListCellView.swift */ = {isa = PBXFileReference; lastKnownFileType = sourcecode.swift; path = ChatListCellView.swift; sourceTree = "<group>"; };
		30C1BAC72BC3ED2400827BD1 /* RoomCellView.swift */ = {isa = PBXFileReference; lastKnownFileType = sourcecode.swift; path = RoomCellView.swift; sourceTree = "<group>"; };
		30C1BAC92BC3F50A00827BD1 /* MainExistView.swift */ = {isa = PBXFileReference; lastKnownFileType = sourcecode.swift; path = MainExistView.swift; sourceTree = "<group>"; };
		30F80C3D2BC7C23A00B432DA /* MainLocationView.swift */ = {isa = PBXFileReference; lastKnownFileType = sourcecode.swift; path = MainLocationView.swift; sourceTree = "<group>"; };
		30F80C3F2BC7D9B200B432DA /* OfflineLocationSearchTextFieldView.swift */ = {isa = PBXFileReference; lastKnownFileType = sourcecode.swift; path = OfflineLocationSearchTextFieldView.swift; sourceTree = "<group>"; };
		30F80C432BC7E38F00B432DA /* OfflineLocationSearchView.swift */ = {isa = PBXFileReference; lastKnownFileType = sourcecode.swift; path = OfflineLocationSearchView.swift; sourceTree = "<group>"; };
		DF54D21B2BC36C4500D72491 /* ZzritConsumer.app */ = {isa = PBXFileReference; explicitFileType = wrapper.application; includeInIndex = 0; path = ZzritConsumer.app; sourceTree = BUILT_PRODUCTS_DIR; };
		DF54D21E2BC36C4500D72491 /* ZzritConsumerApp.swift */ = {isa = PBXFileReference; lastKnownFileType = sourcecode.swift; path = ZzritConsumerApp.swift; sourceTree = "<group>"; };
		DF54D2202BC36C4500D72491 /* ContentView.swift */ = {isa = PBXFileReference; lastKnownFileType = sourcecode.swift; path = ContentView.swift; sourceTree = "<group>"; };
		DF54D2222BC36C4800D72491 /* Assets.xcassets */ = {isa = PBXFileReference; lastKnownFileType = folder.assetcatalog; path = Assets.xcassets; sourceTree = "<group>"; };
		DF54D2252BC36C4800D72491 /* Preview Assets.xcassets */ = {isa = PBXFileReference; lastKnownFileType = folder.assetcatalog; path = "Preview Assets.xcassets"; sourceTree = "<group>"; };
		DF63090B2BD0F3930077B94F /* LocationService.swift */ = {isa = PBXFileReference; lastKnownFileType = sourcecode.swift; path = LocationService.swift; sourceTree = "<group>"; };
		DF63090F2BD29FE70077B94F /* KakaoSearchError.swift */ = {isa = PBXFileReference; lastKnownFileType = sourcecode.swift; path = KakaoSearchError.swift; sourceTree = "<group>"; };
		DF6309122BD2A01A0077B94F /* KakaoKeywordSearchModel.swift */ = {isa = PBXFileReference; lastKnownFileType = sourcecode.swift; path = KakaoKeywordSearchModel.swift; sourceTree = "<group>"; };
		DF6309162BD2A0E60077B94F /* Secrets.xcconfig */ = {isa = PBXFileReference; lastKnownFileType = text.xcconfig; path = Secrets.xcconfig; sourceTree = "<group>"; };
		DF63091A2BD2A4DA0077B94F /* KakaoSearchService.swift */ = {isa = PBXFileReference; lastKnownFileType = sourcecode.swift; path = KakaoSearchService.swift; sourceTree = "<group>"; };
		DF63091C2BD2A93F0077B94F /* KakaoConvertAddressModel.swift */ = {isa = PBXFileReference; lastKnownFileType = sourcecode.swift; path = KakaoConvertAddressModel.swift; sourceTree = "<group>"; };
		DF6F4B3B2BD399D300DDBF96 /* KakaoLocalSearchView.swift */ = {isa = PBXFileReference; lastKnownFileType = sourcecode.swift; path = KakaoLocalSearchView.swift; sourceTree = "<group>"; };
		DF6F4B3E2BD4D6FA00DDBF96 /* KakaoSearchResultView.swift */ = {isa = PBXFileReference; lastKnownFileType = sourcecode.swift; path = KakaoSearchResultView.swift; sourceTree = "<group>"; };
		DF6F4B402BD4D87100DDBF96 /* OfflineSearchHistoryView.swift */ = {isa = PBXFileReference; lastKnownFileType = sourcecode.swift; path = OfflineSearchHistoryView.swift; sourceTree = "<group>"; };
		DF6F4B422BD5116A00DDBF96 /* SearchInfoView.swift */ = {isa = PBXFileReference; lastKnownFileType = sourcecode.swift; path = SearchInfoView.swift; sourceTree = "<group>"; };
		DF6F4B442BD557DE00DDBF96 /* OfflineLocationListCell.swift */ = {isa = PBXFileReference; lastKnownFileType = sourcecode.swift; path = OfflineLocationListCell.swift; sourceTree = "<group>"; };
		DF6F4B462BD5E6FD00DDBF96 /* OfflineLocationModel.swift */ = {isa = PBXFileReference; lastKnownFileType = sourcecode.swift; path = OfflineLocationModel.swift; sourceTree = "<group>"; };
		DF6F4B482BD5E8A000DDBF96 /* LocalStorage.swift */ = {isa = PBXFileReference; lastKnownFileType = sourcecode.swift; path = LocalStorage.swift; sourceTree = "<group>"; };
		DF6F4B4A2BD5F3DD00DDBF96 /* OfflineLocationHistoryCell.swift */ = {isa = PBXFileReference; lastKnownFileType = sourcecode.swift; path = OfflineLocationHistoryCell.swift; sourceTree = "<group>"; };
		DF9674B82BCCF4C800322382 /* SocialLoginType.swift */ = {isa = PBXFileReference; lastKnownFileType = sourcecode.swift; path = SocialLoginType.swift; sourceTree = "<group>"; };
		DF9674BA2BCCF5DB00322382 /* SocialLoginButton.swift */ = {isa = PBXFileReference; lastKnownFileType = sourcecode.swift; path = SocialLoginButton.swift; sourceTree = "<group>"; };
		DF9674BC2BCCFC9700322382 /* AuthenticationButton.swift */ = {isa = PBXFileReference; lastKnownFileType = sourcecode.swift; path = AuthenticationButton.swift; sourceTree = "<group>"; };
		DF9674BE2BCCFCC300322382 /* AuthenticationType.swift */ = {isa = PBXFileReference; lastKnownFileType = sourcecode.swift; path = AuthenticationType.swift; sourceTree = "<group>"; };
		DF9674C02BCD027B00322382 /* AuthenticationErrorView.swift */ = {isa = PBXFileReference; lastKnownFileType = sourcecode.swift; path = AuthenticationErrorView.swift; sourceTree = "<group>"; };
		DF9674C22BCD211B00322382 /* Info.plist */ = {isa = PBXFileReference; lastKnownFileType = text.plist; path = Info.plist; sourceTree = "<group>"; };
		DFB57BCB2BCF65550070A923 /* WebView.swift */ = {isa = PBXFileReference; lastKnownFileType = sourcecode.swift; path = WebView.swift; sourceTree = "<group>"; };
		DFB57BCD2BCF667C0070A923 /* TermView.swift */ = {isa = PBXFileReference; lastKnownFileType = sourcecode.swift; path = TermView.swift; sourceTree = "<group>"; };
		DFB59ECD2BCDFDD100D7DD8A /* OnboardingView.swift */ = {isa = PBXFileReference; lastKnownFileType = sourcecode.swift; path = OnboardingView.swift; sourceTree = "<group>"; };
		DFB59ECF2BCE03FA00D7DD8A /* PageControl.swift */ = {isa = PBXFileReference; lastKnownFileType = sourcecode.swift; path = PageControl.swift; sourceTree = "<group>"; };
		DFB59ED22BCE300C00D7DD8A /* ZziritUserVoteView.swift */ = {isa = PBXFileReference; lastKnownFileType = sourcecode.swift; path = ZziritUserVoteView.swift; sourceTree = "<group>"; };
		DFB59ED42BCE358800D7DD8A /* VoteProfileView.swift */ = {isa = PBXFileReference; lastKnownFileType = sourcecode.swift; path = VoteProfileView.swift; sourceTree = "<group>"; };
		FC0A793E2BC8C9B30012F85D /* ChatRoomNoticeView.swift */ = {isa = PBXFileReference; lastKnownFileType = sourcecode.swift; path = ChatRoomNoticeView.swift; sourceTree = "<group>"; };
		FC2DDC0C2BC5070A00A51E64 /* MoreInfoView.swift */ = {isa = PBXFileReference; lastKnownFileType = sourcecode.swift; path = MoreInfoView.swift; sourceTree = "<group>"; };
		FC2DDC0E2BC508B700A51E64 /* MyStaticGaugeView.swift */ = {isa = PBXFileReference; lastKnownFileType = sourcecode.swift; path = MyStaticGaugeView.swift; sourceTree = "<group>"; };
		FC2DDC102BC50B6900A51E64 /* StaticGaugeProgressView.swift */ = {isa = PBXFileReference; lastKnownFileType = sourcecode.swift; path = StaticGaugeProgressView.swift; sourceTree = "<group>"; };
		FC2DDC122BC5231200A51E64 /* ProfileInfoView.swift */ = {isa = PBXFileReference; lastKnownFileType = sourcecode.swift; path = ProfileInfoView.swift; sourceTree = "<group>"; };
		FC2DDC142BC528F900A51E64 /* RecentWatchRoomView.swift */ = {isa = PBXFileReference; lastKnownFileType = sourcecode.swift; path = RecentWatchRoomView.swift; sourceTree = "<group>"; };
		FC2DDC162BC52FBA00A51E64 /* MoreInfoListView.swift */ = {isa = PBXFileReference; lastKnownFileType = sourcecode.swift; path = MoreInfoListView.swift; sourceTree = "<group>"; };
		FC2DDC182BC539B700A51E64 /* NoticeListView.swift */ = {isa = PBXFileReference; lastKnownFileType = sourcecode.swift; path = NoticeListView.swift; sourceTree = "<group>"; };
		FC2DDC1A2BC5767E00A51E64 /* NoticeTitleView.swift */ = {isa = PBXFileReference; lastKnownFileType = sourcecode.swift; path = NoticeTitleView.swift; sourceTree = "<group>"; };
		FC2DDC1C2BC577D400A51E64 /* NoticeContentView.swift */ = {isa = PBXFileReference; lastKnownFileType = sourcecode.swift; path = NoticeContentView.swift; sourceTree = "<group>"; };
		FC2DDC202BC591F300A51E64 /* FakeDivider.swift */ = {isa = PBXFileReference; lastKnownFileType = sourcecode.swift; path = FakeDivider.swift; sourceTree = "<group>"; };
		FC2DDC222BC5921000A51E64 /* HorizontalLabel.swift */ = {isa = PBXFileReference; lastKnownFileType = sourcecode.swift; path = HorizontalLabel.swift; sourceTree = "<group>"; };
		FC4314692BCD600B003D35FB /* ImagePicker.swift */ = {isa = PBXFileReference; lastKnownFileType = sourcecode.swift; path = ImagePicker.swift; sourceTree = "<group>"; };
		FC43146B2BCD765E003D35FB /* ChatMessageName.swift */ = {isa = PBXFileReference; lastKnownFileType = sourcecode.swift; path = ChatMessageName.swift; sourceTree = "<group>"; };
		FC628F2D2BC42F1A007F5E5C /* SetProfileView.swift */ = {isa = PBXFileReference; lastKnownFileType = sourcecode.swift; path = SetProfileView.swift; sourceTree = "<group>"; };
		FC628F2F2BC4328A007F5E5C /* ErrorTextView.swift */ = {isa = PBXFileReference; lastKnownFileType = sourcecode.swift; path = ErrorTextView.swift; sourceTree = "<group>"; };
		FC628F312BC440DF007F5E5C /* SetProfilePhotoView.swift */ = {isa = PBXFileReference; lastKnownFileType = sourcecode.swift; path = SetProfilePhotoView.swift; sourceTree = "<group>"; };
		FC628F332BC4D114007F5E5C /* BirthYearPickerView.swift */ = {isa = PBXFileReference; lastKnownFileType = sourcecode.swift; path = BirthYearPickerView.swift; sourceTree = "<group>"; };
		FCADAA332BC4EB7700364272 /* CompleteSignUpView.swift */ = {isa = PBXFileReference; lastKnownFileType = sourcecode.swift; path = CompleteSignUpView.swift; sourceTree = "<group>"; };
		FCAF4A192BC40C8400603C2D /* AppSlogan.swift */ = {isa = PBXFileReference; lastKnownFileType = sourcecode.swift; path = AppSlogan.swift; sourceTree = "<group>"; };
		FCAF4A1B2BC40CBA00603C2D /* SignUpAgreeButton.swift */ = {isa = PBXFileReference; lastKnownFileType = sourcecode.swift; path = SignUpAgreeButton.swift; sourceTree = "<group>"; };
		FCBA9B7A2BCE0774001E948B /* ForScrollView.swift */ = {isa = PBXFileReference; lastKnownFileType = sourcecode.swift; path = ForScrollView.swift; sourceTree = "<group>"; };
		FCBCB3192BC3D2A90048B86F /* SignUpView.swift */ = {isa = PBXFileReference; lastKnownFileType = sourcecode.swift; path = SignUpView.swift; sourceTree = "<group>"; };
		FCBCB31D2BC3DC090048B86F /* ServiceAgreeSheet.swift */ = {isa = PBXFileReference; lastKnownFileType = sourcecode.swift; path = ServiceAgreeSheet.swift; sourceTree = "<group>"; };
		FCCCEEB32BC3B56600DABCA6 /* LogInView.swift */ = {isa = PBXFileReference; fileEncoding = 4; lastKnownFileType = sourcecode.swift; path = LogInView.swift; sourceTree = "<group>"; };
		FCCCEEB42BC3B56600DABCA6 /* UserInputCellView.swift */ = {isa = PBXFileReference; fileEncoding = 4; lastKnownFileType = sourcecode.swift; path = UserInputCellView.swift; sourceTree = "<group>"; };
/* End PBXFileReference section */

/* Begin PBXFrameworksBuildPhase section */
		DF54D2182BC36C4500D72491 /* Frameworks */ = {
			isa = PBXFrameworksBuildPhase;
			buildActionMask = 2147483647;
			files = (
				DFC75F822BC36CC50005DDD9 /* ZzritKit in Frameworks */,
			);
			runOnlyForDeploymentPostprocessing = 0;
		};
/* End PBXFrameworksBuildPhase section */

/* Begin PBXGroup section */
		1F0603482BC58D63003808F4 /* FirstRoomCreateViews */ = {
			isa = PBXGroup;
			children = (
				1FF17E542BC509C500B505FA /* FirstRoomCreateView.swift */,
			);
			path = FirstRoomCreateViews;
			sourceTree = "<group>";
		};
		1F0603492BC58D8D003808F4 /* SecondRoomCreateViews */ = {
			isa = PBXGroup;
			children = (
				1F0603422BC53AC9003808F4 /* SecondRoomCreateView.swift */,
				1F0603442BC53F36003808F4 /* RCTitleTextField.swift */,
				1F0603462BC576D5003808F4 /* RCAddPictureView.swift */,
				1F4566FC2BCE3CFE001EC0E7 /* ImagePicker */,
				1F0603552BC63289003808F4 /* RCContentTextField.swift */,
			);
			path = SecondRoomCreateViews;
			sourceTree = "<group>";
		};
		1F06034A2BC58E78003808F4 /* ThirdRoomCreateViews */ = {
			isa = PBXGroup;
			children = (
				1F06034B2BC58EAE003808F4 /* ThirdRoomCreateView.swift */,
				1F0603572BC6611D003808F4 /* RCProcedurePicker.swift */,
				1F06034D2BC596B1003808F4 /* RCTimeSettingView.swift */,
				1F6454F12BC8B60B00C9D235 /* RCParticipantsSection.swift */,
				1F6454F32BC8B96000C9D235 /* GenderButton.swift */,
			);
			path = ThirdRoomCreateViews;
			sourceTree = "<group>";
		};
		1F3859B72BC3D29500C753BD /* ConsumerConfigs */ = {
			isa = PBXGroup;
			children = (
				1F4566F82BCDFF94001EC0E7 /* TypeAlias.swift */,
				1F3859B62BC3D29500C753BD /* Configs.swift */,
				1F4566FA2BCDFFA8001EC0E7 /* Coordinator.swift */,
			);
			path = ConsumerConfigs;
			sourceTree = "<group>";
		};
		1F3859BB2BC3D2A800C753BD /* SearchingViews */ = {
			isa = PBXGroup;
			children = (
				1F5038E32BC4E6AF00381EE5 /* ArchieveFiles */,
				1F5038D82BC4E67B00381EE5 /* SearchViewVM.swift */,
				1F6B75CB2BCF72FA004092EB /* NewSearchView.swift */,
				1F3859BA2BC3D2A800C753BD /* SearchingView.swift */,
				1F5038DB2BC4E69E00381EE5 /* SearchFieldView.swift */,
				1F5038DA2BC4E69E00381EE5 /* SearcTestView.swift */,
				1F3859B92BC3D2A800C753BD /* RecentSearchCellView.swift */,
				1F5038E62BC4EABF00381EE5 /* SearchFilterComponents */,
				1F5038E52BC4EA2900381EE5 /* RecentSearchComponents */,
			);
			path = SearchingViews;
			sourceTree = "<group>";
		};
		1F4566E32BCDFC14001EC0E7 /* ArchieveRC */ = {
			isa = PBXGroup;
			children = (
				1F0603402BC53503003808F4 /* CategoryCellView.swift */,
				1FF17E512BC5079700B505FA /* ArchieveRCIndicator.swift */,
				1F06034F2BC5A5FE003808F4 /* ArchieveRCNaviBar.swift */,
				1FF17E5A2BC512A000B505FA /* ArchieveRCSubtitle.swift */,
			);
			path = ArchieveRC;
			sourceTree = "<group>";
		};
		1F4566FC2BCE3CFE001EC0E7 /* ImagePicker */ = {
			isa = PBXGroup;
			children = (
				1F4566FD2BCE3D66001EC0E7 /* ImageEditView.swift */,
				1F4566FF2BCE3DE8001EC0E7 /* ImagePickerView.swift */,
				1F4567012BCE3E3D001EC0E7 /* ImagePickerExtensions.swift */,
			);
			path = ImagePicker;
			sourceTree = "<group>";
		};
		1F5038E32BC4E6AF00381EE5 /* ArchieveFiles */ = {
			isa = PBXGroup;
			children = (
				1F5038E22BC4E6AF00381EE5 /* ArchieveRecentSearchCell.swift */,
			);
			path = ArchieveFiles;
			sourceTree = "<group>";
		};
		1F5038E52BC4EA2900381EE5 /* RecentSearchComponents */ = {
			isa = PBXGroup;
			children = (
				1F5038DC2BC4E69E00381EE5 /* RecentSearchNavigationView.swift */,
			);
			path = RecentSearchComponents;
			sourceTree = "<group>";
		};
		1F5038E62BC4EABF00381EE5 /* SearchFilterComponents */ = {
			isa = PBXGroup;
			children = (
				1F5038DD2BC4E69E00381EE5 /* SearchingFilterView.swift */,
				1F5038E72BC4EB0E00381EE5 /* ProcedureSelectButton.swift */,
				1F5038E92BC4EC3600381EE5 /* SearchFilterPicker.swift */,
			);
			path = SearchFilterComponents;
			sourceTree = "<group>";
		};
		1FF17E502BC506D000B505FA /* RoomCreateViews */ = {
			isa = PBXGroup;
			children = (
				1F0603532BC5C1C3003808F4 /* RoomCreateViewModel.swift */,
				1F4566E32BCDFC14001EC0E7 /* ArchieveRC */,
				1FF17E532BC5097D00B505FA /* CommonViews */,
				1F0603482BC58D63003808F4 /* FirstRoomCreateViews */,
				1F0603492BC58D8D003808F4 /* SecondRoomCreateViews */,
				1F06034A2BC58E78003808F4 /* ThirdRoomCreateViews */,
			);
			path = RoomCreateViews;
			sourceTree = "<group>";
		};
		1FF17E532BC5097D00B505FA /* CommonViews */ = {
			isa = PBXGroup;
			children = (
				1F4566E42BCDFCEC001EC0E7 /* RCNavigationBar.swift */,
				1F4566E72BCDFCEC001EC0E7 /* RCSubTitle.swift */,
				1F4566E52BCDFCEC001EC0E7 /* SelectionButton.swift */,
				1F4566E62BCDFCEC001EC0E7 /* PointSelectionButton.swift */,
			);
			path = CommonViews;
			sourceTree = "<group>";
		};
		30064DB62BC8024500FD04A2 /* Chats */ = {
			isa = PBXGroup;
			children = (
				30064DB72BC8025D00FD04A2 /* ChatView.swift */,
				30064DC62BC8079200FD04A2 /* ChatMessageCellView.swift */,
				30064DB92BC8027700FD04A2 /* MessageModel.swift */,
				30064DBB2BC802A000FD04A2 /* MessageViewModel.swift */,
				FC0A793E2BC8C9B30012F85D /* ChatRoomNoticeView.swift */,
				FC4314692BCD600B003D35FB /* ImagePicker.swift */,
				FC43146B2BCD765E003D35FB /* ChatMessageName.swift */,
				FCBA9B7A2BCE0774001E948B /* ForScrollView.swift */,
			);
			path = Chats;
			sourceTree = "<group>";
		};
		3007E8B02BC4138D00B9F7B3 /* MainModifier */ = {
			isa = PBXGroup;
			children = (
				3007E8B12BC4143700B9F7B3 /* SubTitleModifier.swift */,
			);
			path = MainModifier;
			sourceTree = "<group>";
		};
		3007E8B52BC43D1900B9F7B3 /* ArchieveMain */ = {
			isa = PBXGroup;
			children = (
				3007E8B72BC43D8900B9F7B3 /* ArchieveRoomCardListView.swift */,
			);
			path = ArchieveMain;
			sourceTree = "<group>";
		};
		303EDA722BC503BB0023FC09 /* RoomDetails */ = {
			isa = PBXGroup;
			children = (
				303EDA742BC503EF0023FC09 /* RoomDetailView.swift */,
				303EDA732BC503EF0023FC09 /* RoomInfoView.swift */,
				30BE7EA22BC516EB00A5A178 /* ParticipantNoticeView.swift */,
				30BE7EA02BC50A1100A5A178 /* ParticipantListView.swift */,
				30BE7E9E2BC5055600A5A178 /* ParticipantListCellView.swift */,
			);
			path = RoomDetails;
			sourceTree = "<group>";
		};
		305136FF2BC3C9C000BA41EE /* ArchieveFile */ = {
			isa = PBXGroup;
			children = (
				30F80C3F2BC7D9B200B432DA /* OfflineLocationSearchTextFieldView.swift */,
				309F8ABB2BC3B5E70045C6D8 /* ArchieveSelectionButtonView.swift */,
			);
			path = ArchieveFile;
			sourceTree = "<group>";
		};
		3056254B2BC6B74400814FBF /* Extensions */ = {
			isa = PBXGroup;
			children = (
				3056254C2BC6B77000814FBF /* View+Extension.swift */,
			);
			path = Extensions;
			sourceTree = "<group>";
		};
		305E27D92BCF55C3007352ED /* ViewModel */ = {
			isa = PBXGroup;
			children = (
				305E27DA2BCF55D4007352ED /* LoadRoomViewModel.swift */,
				DF63090B2BD0F3930077B94F /* LocationService.swift */,
				DF63091A2BD2A4DA0077B94F /* KakaoSearchService.swift */,
				DF6F4B482BD5E8A000DDBF96 /* LocalStorage.swift */,
			);
			path = ViewModel;
			sourceTree = "<group>";
		};
		309F8AB82BC3A7D50045C6D8 /* Commons */ = {
			isa = PBXGroup;
			children = (
				DF6F4B3D2BD4D6C800DDBF96 /* OfflineLocationSearch */,
				305136FF2BC3C9C000BA41EE /* ArchieveFile */,
				309F8AB92BC3A8570045C6D8 /* GeneralButton.swift */,
				305136FD2BC3C3E400BA41EE /* RoomCategoryView.swift */,
				305137002BC3D0AA00BA41EE /* RoomCardView.swift */,
				1FF17E562BC509E400B505FA /* SelectionButtonView.swift */,
				DF9674BA2BCCF5DB00322382 /* SocialLoginButton.swift */,
			);
			path = Commons;
			sourceTree = "<group>";
		};
		30BE7EB82BC57C2A00A5A178 /* Contacts */ = {
			isa = PBXGroup;
			children = (
				30BE7EBA2BC57C7E00A5A178 /* ContactQuestionDetailView.swift */,
				30BE7EBC2BC57C7E00A5A178 /* ContactReplyDetailView.swift */,
				30BE7EBD2BC57C7E00A5A178 /* QuestionDetailView.swift */,
				30BE7EBE2BC57C7E00A5A178 /* QuestionListCellView.swift */,
				30BE7EB92BC57C7E00A5A178 /* QuestionListView.swift */,
				30BE7EBB2BC57C7E00A5A178 /* QuestionView.swift */,
				30BE7EC52BC57CB900A5A178 /* ContactInputs */,
			);
			path = Contacts;
			sourceTree = "<group>";
		};
		30BE7EC52BC57CB900A5A178 /* ContactInputs */ = {
			isa = PBXGroup;
			children = (
				30BE7EC62BC57CCA00A5A178 /* ContactInputCompleteView.swift */,
				30BE7EC72BC57CCA00A5A178 /* ContactInputView.swift */,
			);
			path = ContactInputs;
			sourceTree = "<group>";
		};
		30BE7ECC2BC5975700A5A178 /* ChatLists */ = {
			isa = PBXGroup;
			children = (
				30BE7ECD2BC5977400A5A178 /* ChatListCellView.swift */,
				309688042BC64FC2007064A3 /* ChatListView.swift */,
				309688062BC65A5B007064A3 /* ChatCategoryView.swift */,
				309688002BC6492E007064A3 /* ChatActiveListView.swift */,
				309688022BC64E44007064A3 /* ChatDeactiveListView.swift */,
			);
			path = ChatLists;
			sourceTree = "<group>";
		};
		30C1BAC62BC3ECD100827BD1 /* Main */ = {
			isa = PBXGroup;
			children = (
				3007E8B52BC43D1900B9F7B3 /* ArchieveMain */,
				3007E8B02BC4138D00B9F7B3 /* MainModifier */,
				3007E8AE2BC40E6E00B9F7B3 /* MainView.swift */,
				30F80C3D2BC7C23A00B432DA /* MainLocationView.swift */,
				3007E8B32BC4255900B9F7B3 /* RoomCardListView.swift */,
				30C1BAC92BC3F50A00827BD1 /* MainExistView.swift */,
				30C1BAC72BC3ED2400827BD1 /* RoomCellView.swift */,
			);
			path = Main;
			sourceTree = "<group>";
		};
		DF54D2122BC36C4500D72491 = {
			isa = PBXGroup;
			children = (
				092876CF2BC6C56500AFCA1D /* GoogleService-Info.plist */,
				DF54D21D2BC36C4500D72491 /* ZzritConsumer */,
				DF54D21C2BC36C4500D72491 /* Products */,
				DFC75F802BC36CC50005DDD9 /* Frameworks */,
			);
			sourceTree = "<group>";
		};
		DF54D21C2BC36C4500D72491 /* Products */ = {
			isa = PBXGroup;
			children = (
				DF54D21B2BC36C4500D72491 /* ZzritConsumer.app */,
			);
			name = Products;
			sourceTree = "<group>";
		};
		DF54D21D2BC36C4500D72491 /* ZzritConsumer */ = {
			isa = PBXGroup;
			children = (
				DF6309142BD2A0CB0077B94F /* Resource */,
				DF6309112BD2A00D0077B94F /* Model */,
				DFB59ED12BCE2FF200D7DD8A /* Room */,
				DF9674C22BCD211B00322382 /* Info.plist */,
				305E27D92BCF55C3007352ED /* ViewModel */,
				DFB59ECC2BCDFDB000D7DD8A /* Onboarding */,
				DF54D21E2BC36C4500D72491 /* ZzritConsumerApp.swift */,
				DF54D2202BC36C4500D72491 /* ContentView.swift */,
				DF9674B72BCCF4B400322382 /* Enum */,
				3056254B2BC6B74400814FBF /* Extensions */,
				1F3859B72BC3D29500C753BD /* ConsumerConfigs */,
				309F8AB82BC3A7D50045C6D8 /* Commons */,
				30C1BAC62BC3ECD100827BD1 /* Main */,
				303EDA722BC503BB0023FC09 /* RoomDetails */,
				30064DB62BC8024500FD04A2 /* Chats */,
				30BE7ECC2BC5975700A5A178 /* ChatLists */,
				FCCCEEB22BC3B55400DABCA6 /* LogIn */,
				1FF17E502BC506D000B505FA /* RoomCreateViews */,
				1F3859BB2BC3D2A800C753BD /* SearchingViews */,
				FC2DDC0B2BC506E500A51E64 /* MoreInfo */,
				30BE7EB82BC57C2A00A5A178 /* Contacts */,
				DF54D2222BC36C4800D72491 /* Assets.xcassets */,
				DF54D2242BC36C4800D72491 /* Preview Content */,
			);
			path = ZzritConsumer;
			sourceTree = "<group>";
		};
		DF54D2242BC36C4800D72491 /* Preview Content */ = {
			isa = PBXGroup;
			children = (
				DF54D2252BC36C4800D72491 /* Preview Assets.xcassets */,
			);
			path = "Preview Content";
			sourceTree = "<group>";
		};
		DF6309112BD2A00D0077B94F /* Model */ = {
			isa = PBXGroup;
			children = (
				DF6309122BD2A01A0077B94F /* KakaoKeywordSearchModel.swift */,
				DF63091C2BD2A93F0077B94F /* KakaoConvertAddressModel.swift */,
				DF6F4B462BD5E6FD00DDBF96 /* OfflineLocationModel.swift */,
			);
			path = Model;
			sourceTree = "<group>";
		};
		DF6309142BD2A0CB0077B94F /* Resource */ = {
			isa = PBXGroup;
			children = (
				DF6309162BD2A0E60077B94F /* Secrets.xcconfig */,
			);
			path = Resource;
			sourceTree = "<group>";
		};
		DF6F4B3D2BD4D6C800DDBF96 /* OfflineLocationSearch */ = {
			isa = PBXGroup;
			children = (
				30F80C432BC7E38F00B432DA /* OfflineLocationSearchView.swift */,
				DF6F4B3B2BD399D300DDBF96 /* KakaoLocalSearchView.swift */,
				DF6F4B3E2BD4D6FA00DDBF96 /* KakaoSearchResultView.swift */,
				DF6F4B402BD4D87100DDBF96 /* OfflineSearchHistoryView.swift */,
				DF6F4B422BD5116A00DDBF96 /* SearchInfoView.swift */,
				DF6F4B442BD557DE00DDBF96 /* OfflineLocationListCell.swift */,
				DF6F4B4A2BD5F3DD00DDBF96 /* OfflineLocationHistoryCell.swift */,
			);
			path = OfflineLocationSearch;
			sourceTree = "<group>";
		};
		DF9674B72BCCF4B400322382 /* Enum */ = {
			isa = PBXGroup;
			children = (
				1F0603512BC5BF56003808F4 /* FilterCategory.swift */,
				1F4566F42BCDFE64001EC0E7 /* RoomProcessType.swift */,
				1F4566EC2BCDFDFB001EC0E7 /* DateType.swift */,
				DF9674B82BCCF4C800322382 /* SocialLoginType.swift */,
				DF9674BE2BCCFCC300322382 /* AuthenticationType.swift */,
				1F4566F62BCDFE71001EC0E7 /* TabType.swift */,
				1F4566EE2BCDFE25001EC0E7 /* PageType.swift */,
				1F4566F02BCDFE2E001EC0E7 /* Sheet.swift */,
				1F4566F22BCDFE3C001EC0E7 /* FullScreenCover.swift */,
				DF63090F2BD29FE70077B94F /* KakaoSearchError.swift */,
			);
			path = Enum;
			sourceTree = "<group>";
		};
		DFB57BCA2BCF65350070A923 /* TermView */ = {
			isa = PBXGroup;
			children = (
				DFB57BCB2BCF65550070A923 /* WebView.swift */,
				DFB57BCD2BCF667C0070A923 /* TermView.swift */,
			);
			path = TermView;
			sourceTree = "<group>";
		};
		DFB59ECC2BCDFDB000D7DD8A /* Onboarding */ = {
			isa = PBXGroup;
			children = (
				DFB59ECD2BCDFDD100D7DD8A /* OnboardingView.swift */,
				DFB59ECF2BCE03FA00D7DD8A /* PageControl.swift */,
			);
			path = Onboarding;
			sourceTree = "<group>";
		};
		DFB59ED12BCE2FF200D7DD8A /* Room */ = {
			isa = PBXGroup;
			children = (
				DFB59ED22BCE300C00D7DD8A /* ZziritUserVoteView.swift */,
				DFB59ED42BCE358800D7DD8A /* VoteProfileView.swift */,
			);
			path = Room;
			sourceTree = "<group>";
		};
		DFC75F802BC36CC50005DDD9 /* Frameworks */ = {
			isa = PBXGroup;
			children = (
			);
			name = Frameworks;
			sourceTree = "<group>";
		};
		FC2DDC0B2BC506E500A51E64 /* MoreInfo */ = {
			isa = PBXGroup;
			children = (
				DFB57BCA2BCF65350070A923 /* TermView */,
				FC2DDC242BC5924C00A51E64 /* LittleUseView */,
				FC2DDC0C2BC5070A00A51E64 /* MoreInfoView.swift */,
				FC2DDC122BC5231200A51E64 /* ProfileInfoView.swift */,
				FC2DDC1F2BC586EB00A51E64 /* StaticGuageView */,
				FC2DDC142BC528F900A51E64 /* RecentWatchRoomView.swift */,
				FC2DDC162BC52FBA00A51E64 /* MoreInfoListView.swift */,
				FC2DDC1E2BC586A100A51E64 /* NoticeView */,
			);
			path = MoreInfo;
			sourceTree = "<group>";
		};
		FC2DDC1E2BC586A100A51E64 /* NoticeView */ = {
			isa = PBXGroup;
			children = (
				FC2DDC182BC539B700A51E64 /* NoticeListView.swift */,
				FC2DDC1A2BC5767E00A51E64 /* NoticeTitleView.swift */,
				FC2DDC1C2BC577D400A51E64 /* NoticeContentView.swift */,
			);
			path = NoticeView;
			sourceTree = "<group>";
		};
		FC2DDC1F2BC586EB00A51E64 /* StaticGuageView */ = {
			isa = PBXGroup;
			children = (
				FC2DDC0E2BC508B700A51E64 /* MyStaticGaugeView.swift */,
				FC2DDC102BC50B6900A51E64 /* StaticGaugeProgressView.swift */,
			);
			path = StaticGuageView;
			sourceTree = "<group>";
		};
		FC2DDC242BC5924C00A51E64 /* LittleUseView */ = {
			isa = PBXGroup;
			children = (
				FC2DDC202BC591F300A51E64 /* FakeDivider.swift */,
				FC2DDC222BC5921000A51E64 /* HorizontalLabel.swift */,
			);
			path = LittleUseView;
			sourceTree = "<group>";
		};
		FCCCEEB22BC3B55400DABCA6 /* LogIn */ = {
			isa = PBXGroup;
			children = (
				FCCCEEB42BC3B56600DABCA6 /* UserInputCellView.swift */,
				FCCCEEB32BC3B56600DABCA6 /* LogInView.swift */,
				FCBCB3192BC3D2A90048B86F /* SignUpView.swift */,
				FCBCB31D2BC3DC090048B86F /* ServiceAgreeSheet.swift */,
				FCAF4A192BC40C8400603C2D /* AppSlogan.swift */,
				FCAF4A1B2BC40CBA00603C2D /* SignUpAgreeButton.swift */,
				FC628F2D2BC42F1A007F5E5C /* SetProfileView.swift */,
				FC628F2F2BC4328A007F5E5C /* ErrorTextView.swift */,
				FC628F312BC440DF007F5E5C /* SetProfilePhotoView.swift */,
				FC628F332BC4D114007F5E5C /* BirthYearPickerView.swift */,
				FCADAA332BC4EB7700364272 /* CompleteSignUpView.swift */,
				DF9674BC2BCCFC9700322382 /* AuthenticationButton.swift */,
				DF9674C02BCD027B00322382 /* AuthenticationErrorView.swift */,
			);
			path = LogIn;
			sourceTree = "<group>";
		};
/* End PBXGroup section */

/* Begin PBXNativeTarget section */
		DF54D21A2BC36C4500D72491 /* ZzritConsumer */ = {
			isa = PBXNativeTarget;
			buildConfigurationList = DF54D2292BC36C4800D72491 /* Build configuration list for PBXNativeTarget "ZzritConsumer" */;
			buildPhases = (
				DF54D2172BC36C4500D72491 /* Sources */,
				DF54D2182BC36C4500D72491 /* Frameworks */,
				DF54D2192BC36C4500D72491 /* Resources */,
			);
			buildRules = (
			);
			dependencies = (
			);
			name = ZzritConsumer;
			packageProductDependencies = (
				DFC75F812BC36CC50005DDD9 /* ZzritKit */,
			);
			productName = ZzritConsumer;
			productReference = DF54D21B2BC36C4500D72491 /* ZzritConsumer.app */;
			productType = "com.apple.product-type.application";
		};
/* End PBXNativeTarget section */

/* Begin PBXProject section */
		DF54D2132BC36C4500D72491 /* Project object */ = {
			isa = PBXProject;
			attributes = {
				BuildIndependentTargetsInParallel = 1;
				LastSwiftUpdateCheck = 1530;
				LastUpgradeCheck = 1530;
				TargetAttributes = {
					DF54D21A2BC36C4500D72491 = {
						CreatedOnToolsVersion = 15.3;
					};
				};
			};
			buildConfigurationList = DF54D2162BC36C4500D72491 /* Build configuration list for PBXProject "ZzritConsumer" */;
			compatibilityVersion = "Xcode 14.0";
			developmentRegion = en;
			hasScannedForEncodings = 0;
			knownRegions = (
				en,
				Base,
			);
			mainGroup = DF54D2122BC36C4500D72491;
			productRefGroup = DF54D21C2BC36C4500D72491 /* Products */;
			projectDirPath = "";
			projectRoot = "";
			targets = (
				DF54D21A2BC36C4500D72491 /* ZzritConsumer */,
			);
		};
/* End PBXProject section */

/* Begin PBXResourcesBuildPhase section */
		DF54D2192BC36C4500D72491 /* Resources */ = {
			isa = PBXResourcesBuildPhase;
			buildActionMask = 2147483647;
			files = (
				DF54D2262BC36C4800D72491 /* Preview Assets.xcassets in Resources */,
				DF54D2232BC36C4800D72491 /* Assets.xcassets in Resources */,
				092876D02BC6C56500AFCA1D /* GoogleService-Info.plist in Resources */,
			);
			runOnlyForDeploymentPostprocessing = 0;
		};
/* End PBXResourcesBuildPhase section */

/* Begin PBXSourcesBuildPhase section */
		DF54D2172BC36C4500D72491 /* Sources */ = {
			isa = PBXSourcesBuildPhase;
			buildActionMask = 2147483647;
			files = (
				1F6454F62BC8C61E00C9D235 /* ServiceAgreeSheet.swift in Sources */,
				1F4566ED2BCDFDFB001EC0E7 /* DateType.swift in Sources */,
				1F6454F52BC8C5E300C9D235 /* SignUpView.swift in Sources */,
				FC43146C2BCD765E003D35FB /* ChatMessageName.swift in Sources */,
				1FF17E552BC509C500B505FA /* FirstRoomCreateView.swift in Sources */,
				309F8ABA2BC3A8570045C6D8 /* GeneralButton.swift in Sources */,
				1F4567022BCE3E3D001EC0E7 /* ImagePickerExtensions.swift in Sources */,
				DF9674C12BCD027B00322382 /* AuthenticationErrorView.swift in Sources */,
				1F5038D92BC4E67B00381EE5 /* SearchViewVM.swift in Sources */,
				1F6454F42BC8B96000C9D235 /* GenderButton.swift in Sources */,
				30F80C402BC7D9B200B432DA /* OfflineLocationSearchTextFieldView.swift in Sources */,
				DF6F4B452BD557DE00DDBF96 /* OfflineLocationListCell.swift in Sources */,
				DF6F4B472BD5E6FD00DDBF96 /* OfflineLocationModel.swift in Sources */,
				1F4566EF2BCDFE25001EC0E7 /* PageType.swift in Sources */,
				3007E8AF2BC40E6E00B9F7B3 /* MainView.swift in Sources */,
				DF6F4B412BD4D87100DDBF96 /* OfflineSearchHistoryView.swift in Sources */,
				30F80C442BC7E38F00B432DA /* OfflineLocationSearchView.swift in Sources */,
				1F5038E82BC4EB0E00381EE5 /* ProcedureSelectButton.swift in Sources */,
				30064DC72BC8079200FD04A2 /* ChatMessageCellView.swift in Sources */,
				FC628F302BC4328A007F5E5C /* ErrorTextView.swift in Sources */,
				DF6F4B432BD5116A00DDBF96 /* SearchInfoView.swift in Sources */,
				30BE7EC32BC57C7E00A5A178 /* QuestionDetailView.swift in Sources */,
				3007E8B22BC4143700B9F7B3 /* SubTitleModifier.swift in Sources */,
				1F4567002BCE3DE8001EC0E7 /* ImagePickerView.swift in Sources */,
				1F5038E12BC4E69E00381EE5 /* SearchingFilterView.swift in Sources */,
				30C1BACA2BC3F50A00827BD1 /* MainExistView.swift in Sources */,
				1F3859B82BC3D29500C753BD /* Configs.swift in Sources */,
				DF6F4B492BD5E8A000DDBF96 /* LocalStorage.swift in Sources */,
				FC2DDC232BC5921000A51E64 /* HorizontalLabel.swift in Sources */,
				DF6309102BD29FE70077B94F /* KakaoSearchError.swift in Sources */,
				1F4566F12BCDFE2E001EC0E7 /* Sheet.swift in Sources */,
				DF6F4B3C2BD399D300DDBF96 /* KakaoLocalSearchView.swift in Sources */,
				1F06034C2BC58EAE003808F4 /* ThirdRoomCreateView.swift in Sources */,
				FCAF4A1C2BC40CBA00603C2D /* SignUpAgreeButton.swift in Sources */,
				FC2DDC0F2BC508B700A51E64 /* MyStaticGaugeView.swift in Sources */,
				30BE7EC12BC57C7E00A5A178 /* QuestionView.swift in Sources */,
				3056254D2BC6B77000814FBF /* View+Extension.swift in Sources */,
				30BE7EC02BC57C7E00A5A178 /* ContactQuestionDetailView.swift in Sources */,
				1F0603432BC53AC9003808F4 /* SecondRoomCreateView.swift in Sources */,
				1F3859BC2BC3D2A800C753BD /* RecentSearchCellView.swift in Sources */,
				FC2DDC1B2BC5767E00A51E64 /* NoticeTitleView.swift in Sources */,
				FC2DDC0D2BC5070A00A51E64 /* MoreInfoView.swift in Sources */,
				FC2DDC152BC528F900A51E64 /* RecentWatchRoomView.swift in Sources */,
				1F4566FB2BCDFFA8001EC0E7 /* Coordinator.swift in Sources */,
				1F5038E02BC4E69E00381EE5 /* RecentSearchNavigationView.swift in Sources */,
				FC2DDC132BC5231200A51E64 /* ProfileInfoView.swift in Sources */,
				1F4566E82BCDFCEC001EC0E7 /* RCNavigationBar.swift in Sources */,
				1F0603582BC6611D003808F4 /* RCProcedurePicker.swift in Sources */,
				FCBA9B7B2BCE0774001E948B /* ForScrollView.swift in Sources */,
				FC628F2E2BC42F1A007F5E5C /* SetProfileView.swift in Sources */,
				1F4566EA2BCDFCEC001EC0E7 /* PointSelectionButton.swift in Sources */,
				309688032BC64E44007064A3 /* ChatDeactiveListView.swift in Sources */,
				1FF17E5B2BC512A000B505FA /* ArchieveRCSubtitle.swift in Sources */,
				FC0A793F2BC8C9B30012F85D /* ChatRoomNoticeView.swift in Sources */,
				3007E8B82BC43D8900B9F7B3 /* ArchieveRoomCardListView.swift in Sources */,
				309688012BC6492E007064A3 /* ChatActiveListView.swift in Sources */,
				1F4566EB2BCDFCEC001EC0E7 /* RCSubTitle.swift in Sources */,
				30064DB82BC8025D00FD04A2 /* ChatView.swift in Sources */,
				303EDA762BC503EF0023FC09 /* RoomDetailView.swift in Sources */,
				30BE7E9F2BC5055600A5A178 /* ParticipantListCellView.swift in Sources */,
				30064DBA2BC8027700FD04A2 /* MessageModel.swift in Sources */,
				30BE7EBF2BC57C7E00A5A178 /* QuestionListView.swift in Sources */,
				FC43146A2BCD600B003D35FB /* ImagePicker.swift in Sources */,
				3007E8B42BC4255900B9F7B3 /* RoomCardListView.swift in Sources */,
				FC2DDC212BC591F300A51E64 /* FakeDivider.swift in Sources */,
				DF9674BB2BCCF5DB00322382 /* SocialLoginButton.swift in Sources */,
				DF9674B92BCCF4C800322382 /* SocialLoginType.swift in Sources */,
				1F0603542BC5C1C3003808F4 /* RoomCreateViewModel.swift in Sources */,
				309F8ABC2BC3B5E70045C6D8 /* ArchieveSelectionButtonView.swift in Sources */,
				DFB57BCC2BCF65560070A923 /* WebView.swift in Sources */,
				1F06034E2BC596B1003808F4 /* RCTimeSettingView.swift in Sources */,
				DF54D2212BC36C4500D72491 /* ContentView.swift in Sources */,
				DFB59ED32BCE300C00D7DD8A /* ZziritUserVoteView.swift in Sources */,
				30F80C3E2BC7C23A00B432DA /* MainLocationView.swift in Sources */,
				1F4566F52BCDFE64001EC0E7 /* RoomProcessType.swift in Sources */,
				DF9674BF2BCCFCC300322382 /* AuthenticationType.swift in Sources */,
				DF6309132BD2A01A0077B94F /* KakaoKeywordSearchModel.swift in Sources */,
				1F0603472BC576D5003808F4 /* RCAddPictureView.swift in Sources */,
				FCAF4A1A2BC40C8400603C2D /* AppSlogan.swift in Sources */,
				1F4566F92BCDFF94001EC0E7 /* TypeAlias.swift in Sources */,
				30BE7EC42BC57C7E00A5A178 /* QuestionListCellView.swift in Sources */,
				1F5038DE2BC4E69E00381EE5 /* SearcTestView.swift in Sources */,
				FC2DDC1D2BC577D400A51E64 /* NoticeContentView.swift in Sources */,
				1F4566F32BCDFE3C001EC0E7 /* FullScreenCover.swift in Sources */,
				FC2DDC172BC52FBA00A51E64 /* MoreInfoListView.swift in Sources */,
				DF63091B2BD2A4DA0077B94F /* KakaoSearchService.swift in Sources */,
				30BE7EA32BC516EB00A5A178 /* ParticipantNoticeView.swift in Sources */,
				309688052BC64FC2007064A3 /* ChatListView.swift in Sources */,
				303EDA752BC503EF0023FC09 /* RoomInfoView.swift in Sources */,
				1F4566F72BCDFE71001EC0E7 /* TabType.swift in Sources */,
				FCCCEEB62BC3B56600DABCA6 /* UserInputCellView.swift in Sources */,
				FCADAA342BC4EB7700364272 /* CompleteSignUpView.swift in Sources */,
				1F5038E42BC4E6AF00381EE5 /* ArchieveRecentSearchCell.swift in Sources */,
				30BE7EC92BC57CCA00A5A178 /* ContactInputView.swift in Sources */,
				309688072BC65A5B007064A3 /* ChatCategoryView.swift in Sources */,
				FC2DDC112BC50B6900A51E64 /* StaticGaugeProgressView.swift in Sources */,
				1F6454F22BC8B60B00C9D235 /* RCParticipantsSection.swift in Sources */,
				1F0603522BC5BF56003808F4 /* FilterCategory.swift in Sources */,
				DFB59ED02BCE03FA00D7DD8A /* PageControl.swift in Sources */,
				1F6B75CC2BCF72FA004092EB /* NewSearchView.swift in Sources */,
				30064DBC2BC802A000FD04A2 /* MessageViewModel.swift in Sources */,
				1F0603562BC63289003808F4 /* RCContentTextField.swift in Sources */,
				DFB57BCE2BCF667C0070A923 /* TermView.swift in Sources */,
				1F5038DF2BC4E69E00381EE5 /* SearchFieldView.swift in Sources */,
				1F5038EA2BC4EC3600381EE5 /* SearchFilterPicker.swift in Sources */,
				DF6F4B4B2BD5F3DD00DDBF96 /* OfflineLocationHistoryCell.swift in Sources */,
				FC628F342BC4D115007F5E5C /* BirthYearPickerView.swift in Sources */,
				1F0603452BC53F36003808F4 /* RCTitleTextField.swift in Sources */,
				30BE7EA12BC50A1100A5A178 /* ParticipantListView.swift in Sources */,
				DF9674BD2BCCFC9700322382 /* AuthenticationButton.swift in Sources */,
				30BE7EC82BC57CCA00A5A178 /* ContactInputCompleteView.swift in Sources */,
				FCCCEEB52BC3B56600DABCA6 /* LogInView.swift in Sources */,
				30BE7ECE2BC5977400A5A178 /* ChatListCellView.swift in Sources */,
				1F4566E92BCDFCEC001EC0E7 /* SelectionButton.swift in Sources */,
				DF54D21F2BC36C4500D72491 /* ZzritConsumerApp.swift in Sources */,
				305136FE2BC3C3E400BA41EE /* RoomCategoryView.swift in Sources */,
				DF63090C2BD0F3930077B94F /* LocationService.swift in Sources */,
				305E27DB2BCF55D4007352ED /* LoadRoomViewModel.swift in Sources */,
				30BE7EC22BC57C7E00A5A178 /* ContactReplyDetailView.swift in Sources */,
				1F4566FE2BCE3D66001EC0E7 /* ImageEditView.swift in Sources */,
				1F3859BD2BC3D2A800C753BD /* SearchingView.swift in Sources */,
				1FF17E572BC509E400B505FA /* SelectionButtonView.swift in Sources */,
				1F0603412BC53503003808F4 /* CategoryCellView.swift in Sources */,
				1FF17E522BC5079700B505FA /* ArchieveRCIndicator.swift in Sources */,
				DF63091D2BD2A93F0077B94F /* KakaoConvertAddressModel.swift in Sources */,
				DFB59ED52BCE358900D7DD8A /* VoteProfileView.swift in Sources */,
				1F0603502BC5A5FE003808F4 /* ArchieveRCNaviBar.swift in Sources */,
				DF6F4B3F2BD4D6FA00DDBF96 /* KakaoSearchResultView.swift in Sources */,
				1FF17E522BC5079700B505FA /* ArchieveRCIndicator.swift in Sources */,
				1F0603502BC5A5FE003808F4 /* ArchieveRCNaviBar.swift in Sources */,
				305137012BC3D0AA00BA41EE /* RoomCardView.swift in Sources */,
				FC628F322BC440DF007F5E5C /* SetProfilePhotoView.swift in Sources */,
				FC2DDC192BC539B700A51E64 /* NoticeListView.swift in Sources */,
				30C1BAC82BC3ED2400827BD1 /* RoomCellView.swift in Sources */,
				DFB59ECE2BCDFDD100D7DD8A /* OnboardingView.swift in Sources */,
			);
			runOnlyForDeploymentPostprocessing = 0;
		};
/* End PBXSourcesBuildPhase section */

/* Begin XCBuildConfiguration section */
		DF54D2272BC36C4800D72491 /* Debug */ = {
			isa = XCBuildConfiguration;
			baseConfigurationReference = DF6309162BD2A0E60077B94F /* Secrets.xcconfig */;
			buildSettings = {
				ALWAYS_SEARCH_USER_PATHS = NO;
				ASSETCATALOG_COMPILER_GENERATE_SWIFT_ASSET_SYMBOL_EXTENSIONS = YES;
				CLANG_ANALYZER_NONNULL = YES;
				CLANG_ANALYZER_NUMBER_OBJECT_CONVERSION = YES_AGGRESSIVE;
				CLANG_CXX_LANGUAGE_STANDARD = "gnu++20";
				CLANG_ENABLE_MODULES = YES;
				CLANG_ENABLE_OBJC_ARC = YES;
				CLANG_ENABLE_OBJC_WEAK = YES;
				CLANG_WARN_BLOCK_CAPTURE_AUTORELEASING = YES;
				CLANG_WARN_BOOL_CONVERSION = YES;
				CLANG_WARN_COMMA = YES;
				CLANG_WARN_CONSTANT_CONVERSION = YES;
				CLANG_WARN_DEPRECATED_OBJC_IMPLEMENTATIONS = YES;
				CLANG_WARN_DIRECT_OBJC_ISA_USAGE = YES_ERROR;
				CLANG_WARN_DOCUMENTATION_COMMENTS = YES;
				CLANG_WARN_EMPTY_BODY = YES;
				CLANG_WARN_ENUM_CONVERSION = YES;
				CLANG_WARN_INFINITE_RECURSION = YES;
				CLANG_WARN_INT_CONVERSION = YES;
				CLANG_WARN_NON_LITERAL_NULL_CONVERSION = YES;
				CLANG_WARN_OBJC_IMPLICIT_RETAIN_SELF = YES;
				CLANG_WARN_OBJC_LITERAL_CONVERSION = YES;
				CLANG_WARN_OBJC_ROOT_CLASS = YES_ERROR;
				CLANG_WARN_QUOTED_INCLUDE_IN_FRAMEWORK_HEADER = YES;
				CLANG_WARN_RANGE_LOOP_ANALYSIS = YES;
				CLANG_WARN_STRICT_PROTOTYPES = YES;
				CLANG_WARN_SUSPICIOUS_MOVE = YES;
				CLANG_WARN_UNGUARDED_AVAILABILITY = YES_AGGRESSIVE;
				CLANG_WARN_UNREACHABLE_CODE = YES;
				CLANG_WARN__DUPLICATE_METHOD_MATCH = YES;
				COPY_PHASE_STRIP = NO;
				DEBUG_INFORMATION_FORMAT = dwarf;
				ENABLE_STRICT_OBJC_MSGSEND = YES;
				ENABLE_TESTABILITY = YES;
				ENABLE_USER_SCRIPT_SANDBOXING = YES;
				GCC_C_LANGUAGE_STANDARD = gnu17;
				GCC_DYNAMIC_NO_PIC = NO;
				GCC_NO_COMMON_BLOCKS = YES;
				GCC_OPTIMIZATION_LEVEL = 0;
				GCC_PREPROCESSOR_DEFINITIONS = (
					"DEBUG=1",
					"$(inherited)",
				);
				GCC_WARN_64_TO_32_BIT_CONVERSION = YES;
				GCC_WARN_ABOUT_RETURN_TYPE = YES_ERROR;
				GCC_WARN_UNDECLARED_SELECTOR = YES;
				GCC_WARN_UNINITIALIZED_AUTOS = YES_AGGRESSIVE;
				GCC_WARN_UNUSED_FUNCTION = YES;
				GCC_WARN_UNUSED_VARIABLE = YES;
				IPHONEOS_DEPLOYMENT_TARGET = 17.4;
				LOCALIZATION_PREFERS_STRING_CATALOGS = YES;
				MTL_ENABLE_DEBUG_INFO = INCLUDE_SOURCE;
				MTL_FAST_MATH = YES;
				ONLY_ACTIVE_ARCH = YES;
				SDKROOT = iphoneos;
				SWIFT_ACTIVE_COMPILATION_CONDITIONS = "DEBUG $(inherited)";
				SWIFT_OPTIMIZATION_LEVEL = "-Onone";
			};
			name = Debug;
		};
		DF54D2282BC36C4800D72491 /* Release */ = {
			isa = XCBuildConfiguration;
			baseConfigurationReference = DF6309162BD2A0E60077B94F /* Secrets.xcconfig */;
			buildSettings = {
				ALWAYS_SEARCH_USER_PATHS = NO;
				ASSETCATALOG_COMPILER_GENERATE_SWIFT_ASSET_SYMBOL_EXTENSIONS = YES;
				CLANG_ANALYZER_NONNULL = YES;
				CLANG_ANALYZER_NUMBER_OBJECT_CONVERSION = YES_AGGRESSIVE;
				CLANG_CXX_LANGUAGE_STANDARD = "gnu++20";
				CLANG_ENABLE_MODULES = YES;
				CLANG_ENABLE_OBJC_ARC = YES;
				CLANG_ENABLE_OBJC_WEAK = YES;
				CLANG_WARN_BLOCK_CAPTURE_AUTORELEASING = YES;
				CLANG_WARN_BOOL_CONVERSION = YES;
				CLANG_WARN_COMMA = YES;
				CLANG_WARN_CONSTANT_CONVERSION = YES;
				CLANG_WARN_DEPRECATED_OBJC_IMPLEMENTATIONS = YES;
				CLANG_WARN_DIRECT_OBJC_ISA_USAGE = YES_ERROR;
				CLANG_WARN_DOCUMENTATION_COMMENTS = YES;
				CLANG_WARN_EMPTY_BODY = YES;
				CLANG_WARN_ENUM_CONVERSION = YES;
				CLANG_WARN_INFINITE_RECURSION = YES;
				CLANG_WARN_INT_CONVERSION = YES;
				CLANG_WARN_NON_LITERAL_NULL_CONVERSION = YES;
				CLANG_WARN_OBJC_IMPLICIT_RETAIN_SELF = YES;
				CLANG_WARN_OBJC_LITERAL_CONVERSION = YES;
				CLANG_WARN_OBJC_ROOT_CLASS = YES_ERROR;
				CLANG_WARN_QUOTED_INCLUDE_IN_FRAMEWORK_HEADER = YES;
				CLANG_WARN_RANGE_LOOP_ANALYSIS = YES;
				CLANG_WARN_STRICT_PROTOTYPES = YES;
				CLANG_WARN_SUSPICIOUS_MOVE = YES;
				CLANG_WARN_UNGUARDED_AVAILABILITY = YES_AGGRESSIVE;
				CLANG_WARN_UNREACHABLE_CODE = YES;
				CLANG_WARN__DUPLICATE_METHOD_MATCH = YES;
				COPY_PHASE_STRIP = NO;
				DEBUG_INFORMATION_FORMAT = "dwarf-with-dsym";
				ENABLE_NS_ASSERTIONS = NO;
				ENABLE_STRICT_OBJC_MSGSEND = YES;
				ENABLE_USER_SCRIPT_SANDBOXING = YES;
				GCC_C_LANGUAGE_STANDARD = gnu17;
				GCC_NO_COMMON_BLOCKS = YES;
				GCC_WARN_64_TO_32_BIT_CONVERSION = YES;
				GCC_WARN_ABOUT_RETURN_TYPE = YES_ERROR;
				GCC_WARN_UNDECLARED_SELECTOR = YES;
				GCC_WARN_UNINITIALIZED_AUTOS = YES_AGGRESSIVE;
				GCC_WARN_UNUSED_FUNCTION = YES;
				GCC_WARN_UNUSED_VARIABLE = YES;
				IPHONEOS_DEPLOYMENT_TARGET = 17.4;
				LOCALIZATION_PREFERS_STRING_CATALOGS = YES;
				MTL_ENABLE_DEBUG_INFO = NO;
				MTL_FAST_MATH = YES;
				SDKROOT = iphoneos;
				SWIFT_COMPILATION_MODE = wholemodule;
				VALIDATE_PRODUCT = YES;
			};
			name = Release;
		};
		DF54D22A2BC36C4800D72491 /* Debug */ = {
			isa = XCBuildConfiguration;
			baseConfigurationReference = DF6309162BD2A0E60077B94F /* Secrets.xcconfig */;
			buildSettings = {
				ASSETCATALOG_COMPILER_APPICON_NAME = AppIcon;
				ASSETCATALOG_COMPILER_GLOBAL_ACCENT_COLOR_NAME = AccentColor;
				CODE_SIGN_STYLE = Automatic;
				CURRENT_PROJECT_VERSION = 6;
				DEVELOPMENT_ASSET_PATHS = "\"ZzritConsumer/Preview Content\"";
				DEVELOPMENT_TEAM = 6R3M7VGRP2;
				ENABLE_PREVIEWS = YES;
				GENERATE_INFOPLIST_FILE = YES;
				INFOPLIST_FILE = ZzritConsumer/Info.plist;
				INFOPLIST_KEY_CFBundleDisplayName = "ZZ!RIT";
				INFOPLIST_KEY_NSLocationWhenInUseUsageDescription = "현재 위치를 불러옵니다.";
				INFOPLIST_KEY_UIApplicationSceneManifest_Generation = YES;
				INFOPLIST_KEY_UIApplicationSupportsIndirectInputEvents = YES;
				INFOPLIST_KEY_UILaunchScreen_Generation = YES;
				INFOPLIST_KEY_UISupportedInterfaceOrientations = UIInterfaceOrientationPortrait;
				INFOPLIST_KEY_UISupportedInterfaceOrientations_iPad = "UIInterfaceOrientationLandscapeLeft UIInterfaceOrientationLandscapeRight UIInterfaceOrientationPortrait UIInterfaceOrientationPortraitUpsideDown";
				IPHONEOS_DEPLOYMENT_TARGET = 16.0;
				LD_RUNPATH_SEARCH_PATHS = (
					"$(inherited)",
					"@executable_path/Frameworks",
				);
				MARKETING_VERSION = 1.0;
				PRODUCT_BUNDLE_IDENTIFIER = techit.finalproject.ZzritConsumer;
				PRODUCT_NAME = "$(TARGET_NAME)";
				SUPPORTED_PLATFORMS = "iphoneos iphonesimulator";
				SUPPORTS_MACCATALYST = NO;
				SUPPORTS_MAC_DESIGNED_FOR_IPHONE_IPAD = NO;
				SUPPORTS_XR_DESIGNED_FOR_IPHONE_IPAD = NO;
				SWIFT_EMIT_LOC_STRINGS = YES;
				SWIFT_VERSION = 5.0;
				TARGETED_DEVICE_FAMILY = 1;
			};
			name = Debug;
		};
		DF54D22B2BC36C4800D72491 /* Release */ = {
			isa = XCBuildConfiguration;
			baseConfigurationReference = DF6309162BD2A0E60077B94F /* Secrets.xcconfig */;
			buildSettings = {
				ASSETCATALOG_COMPILER_APPICON_NAME = AppIcon;
				ASSETCATALOG_COMPILER_GLOBAL_ACCENT_COLOR_NAME = AccentColor;
				CODE_SIGN_STYLE = Automatic;
				CURRENT_PROJECT_VERSION = 6;
				DEVELOPMENT_ASSET_PATHS = "\"ZzritConsumer/Preview Content\"";
				DEVELOPMENT_TEAM = 6R3M7VGRP2;
				ENABLE_PREVIEWS = YES;
				GENERATE_INFOPLIST_FILE = YES;
				INFOPLIST_FILE = ZzritConsumer/Info.plist;
				INFOPLIST_KEY_CFBundleDisplayName = "ZZ!RIT";
				INFOPLIST_KEY_NSLocationWhenInUseUsageDescription = "현재 위치를 불러옵니다.";
				INFOPLIST_KEY_UIApplicationSceneManifest_Generation = YES;
				INFOPLIST_KEY_UIApplicationSupportsIndirectInputEvents = YES;
				INFOPLIST_KEY_UILaunchScreen_Generation = YES;
				INFOPLIST_KEY_UISupportedInterfaceOrientations = UIInterfaceOrientationPortrait;
				INFOPLIST_KEY_UISupportedInterfaceOrientations_iPad = "UIInterfaceOrientationLandscapeLeft UIInterfaceOrientationLandscapeRight UIInterfaceOrientationPortrait UIInterfaceOrientationPortraitUpsideDown";
				IPHONEOS_DEPLOYMENT_TARGET = 16.0;
				LD_RUNPATH_SEARCH_PATHS = (
					"$(inherited)",
					"@executable_path/Frameworks",
				);
				MARKETING_VERSION = 1.0;
				PRODUCT_BUNDLE_IDENTIFIER = techit.finalproject.ZzritConsumer;
				PRODUCT_NAME = "$(TARGET_NAME)";
				SUPPORTED_PLATFORMS = "iphoneos iphonesimulator";
				SUPPORTS_MACCATALYST = NO;
				SUPPORTS_MAC_DESIGNED_FOR_IPHONE_IPAD = NO;
				SUPPORTS_XR_DESIGNED_FOR_IPHONE_IPAD = NO;
				SWIFT_EMIT_LOC_STRINGS = YES;
				SWIFT_VERSION = 5.0;
				TARGETED_DEVICE_FAMILY = 1;
			};
			name = Release;
		};
/* End XCBuildConfiguration section */

/* Begin XCConfigurationList section */
		DF54D2162BC36C4500D72491 /* Build configuration list for PBXProject "ZzritConsumer" */ = {
			isa = XCConfigurationList;
			buildConfigurations = (
				DF54D2272BC36C4800D72491 /* Debug */,
				DF54D2282BC36C4800D72491 /* Release */,
			);
			defaultConfigurationIsVisible = 0;
			defaultConfigurationName = Release;
		};
		DF54D2292BC36C4800D72491 /* Build configuration list for PBXNativeTarget "ZzritConsumer" */ = {
			isa = XCConfigurationList;
			buildConfigurations = (
				DF54D22A2BC36C4800D72491 /* Debug */,
				DF54D22B2BC36C4800D72491 /* Release */,
			);
			defaultConfigurationIsVisible = 0;
			defaultConfigurationName = Release;
		};
/* End XCConfigurationList section */

/* Begin XCSwiftPackageProductDependency section */
		DFC75F812BC36CC50005DDD9 /* ZzritKit */ = {
			isa = XCSwiftPackageProductDependency;
			productName = ZzritKit;
		};
/* End XCSwiftPackageProductDependency section */
	};
	rootObject = DF54D2132BC36C4500D72491 /* Project object */;
}
