// !$*UTF8*$!
{
	archiveVersion = 1;
	classes = {
	};
	objectVersion = 56;
	objects = {

/* Begin PBXBuildFile section */
		1F3859B82BC3D29500C753BD /* Configs.swift in Sources */ = {isa = PBXBuildFile; fileRef = 1F3859B62BC3D29500C753BD /* Configs.swift */; };
		1F3859BC2BC3D2A800C753BD /* RecentSearchCellView.swift in Sources */ = {isa = PBXBuildFile; fileRef = 1F3859B92BC3D2A800C753BD /* RecentSearchCellView.swift */; };
		1F3859BD2BC3D2A800C753BD /* SearchingView.swift in Sources */ = {isa = PBXBuildFile; fileRef = 1F3859BA2BC3D2A800C753BD /* SearchingView.swift */; };
		1F5038D92BC4E67B00381EE5 /* SearchViewVM.swift in Sources */ = {isa = PBXBuildFile; fileRef = 1F5038D82BC4E67B00381EE5 /* SearchViewVM.swift */; };
		1F5038DE2BC4E69E00381EE5 /* SearcTestView.swift in Sources */ = {isa = PBXBuildFile; fileRef = 1F5038DA2BC4E69E00381EE5 /* SearcTestView.swift */; };
		1F5038DF2BC4E69E00381EE5 /* SearchFieldView.swift in Sources */ = {isa = PBXBuildFile; fileRef = 1F5038DB2BC4E69E00381EE5 /* SearchFieldView.swift */; };
		1F5038E02BC4E69E00381EE5 /* RecentSearchNavigationView.swift in Sources */ = {isa = PBXBuildFile; fileRef = 1F5038DC2BC4E69E00381EE5 /* RecentSearchNavigationView.swift */; };
		1F5038E12BC4E69E00381EE5 /* SearchingFilterView.swift in Sources */ = {isa = PBXBuildFile; fileRef = 1F5038DD2BC4E69E00381EE5 /* SearchingFilterView.swift */; };
		1F5038E42BC4E6AF00381EE5 /* ArchieveRecentSearchCell.swift in Sources */ = {isa = PBXBuildFile; fileRef = 1F5038E22BC4E6AF00381EE5 /* ArchieveRecentSearchCell.swift */; };
		1F5038E82BC4EB0E00381EE5 /* ProcedureSelectButton.swift in Sources */ = {isa = PBXBuildFile; fileRef = 1F5038E72BC4EB0E00381EE5 /* ProcedureSelectButton.swift */; };
		1F5038EA2BC4EC3600381EE5 /* SearchFilterPicker.swift in Sources */ = {isa = PBXBuildFile; fileRef = 1F5038E92BC4EC3600381EE5 /* SearchFilterPicker.swift */; };
		3007E8AF2BC40E6E00B9F7B3 /* MainView.swift in Sources */ = {isa = PBXBuildFile; fileRef = 3007E8AE2BC40E6E00B9F7B3 /* MainView.swift */; };
		3007E8B22BC4143700B9F7B3 /* SubTitleModifier.swift in Sources */ = {isa = PBXBuildFile; fileRef = 3007E8B12BC4143700B9F7B3 /* SubTitleModifier.swift */; };
		3007E8B42BC4255900B9F7B3 /* RoomCardListView.swift in Sources */ = {isa = PBXBuildFile; fileRef = 3007E8B32BC4255900B9F7B3 /* RoomCardListView.swift */; };
		3007E8B82BC43D8900B9F7B3 /* ArchieveRoomCardListView.swift in Sources */ = {isa = PBXBuildFile; fileRef = 3007E8B72BC43D8900B9F7B3 /* ArchieveRoomCardListView.swift */; };
		303EDA752BC503EF0023FC09 /* RoomInfoView.swift in Sources */ = {isa = PBXBuildFile; fileRef = 303EDA732BC503EF0023FC09 /* RoomInfoView.swift */; };
		303EDA762BC503EF0023FC09 /* RoomDetailView.swift in Sources */ = {isa = PBXBuildFile; fileRef = 303EDA742BC503EF0023FC09 /* RoomDetailView.swift */; };
		305136FE2BC3C3E400BA41EE /* RoomCategoryView.swift in Sources */ = {isa = PBXBuildFile; fileRef = 305136FD2BC3C3E400BA41EE /* RoomCategoryView.swift */; };
		305137012BC3D0AA00BA41EE /* RoomCardView.swift in Sources */ = {isa = PBXBuildFile; fileRef = 305137002BC3D0AA00BA41EE /* RoomCardView.swift */; };
		309F8ABA2BC3A8570045C6D8 /* GeneralButton.swift in Sources */ = {isa = PBXBuildFile; fileRef = 309F8AB92BC3A8570045C6D8 /* GeneralButton.swift */; };
		309F8ABC2BC3B5E70045C6D8 /* ArchieveSelectionButtonView.swift in Sources */ = {isa = PBXBuildFile; fileRef = 309F8ABB2BC3B5E70045C6D8 /* ArchieveSelectionButtonView.swift */; };
		30BE7E9F2BC5055600A5A178 /* ParticipantListCellView.swift in Sources */ = {isa = PBXBuildFile; fileRef = 30BE7E9E2BC5055600A5A178 /* ParticipantListCellView.swift */; };
		30C1BAC82BC3ED2400827BD1 /* RoomCellView.swift in Sources */ = {isa = PBXBuildFile; fileRef = 30C1BAC72BC3ED2400827BD1 /* RoomCellView.swift */; };
		30C1BACA2BC3F50A00827BD1 /* MainExistView.swift in Sources */ = {isa = PBXBuildFile; fileRef = 30C1BAC92BC3F50A00827BD1 /* MainExistView.swift */; };
		DF54D21F2BC36C4500D72491 /* ZzritConsumerApp.swift in Sources */ = {isa = PBXBuildFile; fileRef = DF54D21E2BC36C4500D72491 /* ZzritConsumerApp.swift */; };
		DF54D2212BC36C4500D72491 /* ContentView.swift in Sources */ = {isa = PBXBuildFile; fileRef = DF54D2202BC36C4500D72491 /* ContentView.swift */; };
		DF54D2232BC36C4800D72491 /* Assets.xcassets in Resources */ = {isa = PBXBuildFile; fileRef = DF54D2222BC36C4800D72491 /* Assets.xcassets */; };
		DF54D2262BC36C4800D72491 /* Preview Assets.xcassets in Resources */ = {isa = PBXBuildFile; fileRef = DF54D2252BC36C4800D72491 /* Preview Assets.xcassets */; };
		DFC75F822BC36CC50005DDD9 /* ZzritKit in Frameworks */ = {isa = PBXBuildFile; productRef = DFC75F812BC36CC50005DDD9 /* ZzritKit */; };
		FC628F2E2BC42F1A007F5E5C /* SetProfileView.swift in Sources */ = {isa = PBXBuildFile; fileRef = FC628F2D2BC42F1A007F5E5C /* SetProfileView.swift */; };
		FC628F302BC4328A007F5E5C /* ErrorTextView.swift in Sources */ = {isa = PBXBuildFile; fileRef = FC628F2F2BC4328A007F5E5C /* ErrorTextView.swift */; };
		FC628F322BC440DF007F5E5C /* SetProfilePhotoView.swift in Sources */ = {isa = PBXBuildFile; fileRef = FC628F312BC440DF007F5E5C /* SetProfilePhotoView.swift */; };
		FC628F342BC4D115007F5E5C /* BirthYearPickerView.swift in Sources */ = {isa = PBXBuildFile; fileRef = FC628F332BC4D114007F5E5C /* BirthYearPickerView.swift */; };
		FCADAA342BC4EB7700364272 /* CompleteSignUpView.swift in Sources */ = {isa = PBXBuildFile; fileRef = FCADAA332BC4EB7700364272 /* CompleteSignUpView.swift */; };
		FCAF4A1A2BC40C8400603C2D /* AppSlogan.swift in Sources */ = {isa = PBXBuildFile; fileRef = FCAF4A192BC40C8400603C2D /* AppSlogan.swift */; };
		FCAF4A1C2BC40CBA00603C2D /* SignUpAgreeButton.swift in Sources */ = {isa = PBXBuildFile; fileRef = FCAF4A1B2BC40CBA00603C2D /* SignUpAgreeButton.swift */; };
		FCBCB31A2BC3D2A90048B86F /* SignUpView.swift in Sources */ = {isa = PBXBuildFile; fileRef = FCBCB3192BC3D2A90048B86F /* SignUpView.swift */; };
		FCBCB31E2BC3DC090048B86F /* ServiceAgreeSheet.swift in Sources */ = {isa = PBXBuildFile; fileRef = FCBCB31D2BC3DC090048B86F /* ServiceAgreeSheet.swift */; };
		FCCCEEB52BC3B56600DABCA6 /* LogInView.swift in Sources */ = {isa = PBXBuildFile; fileRef = FCCCEEB32BC3B56600DABCA6 /* LogInView.swift */; };
		FCCCEEB62BC3B56600DABCA6 /* UserInputCellView.swift in Sources */ = {isa = PBXBuildFile; fileRef = FCCCEEB42BC3B56600DABCA6 /* UserInputCellView.swift */; };
/* End PBXBuildFile section */

/* Begin PBXFileReference section */
		1F3859B62BC3D29500C753BD /* Configs.swift */ = {isa = PBXFileReference; fileEncoding = 4; lastKnownFileType = sourcecode.swift; path = Configs.swift; sourceTree = "<group>"; };
		1F3859B92BC3D2A800C753BD /* RecentSearchCellView.swift */ = {isa = PBXFileReference; fileEncoding = 4; lastKnownFileType = sourcecode.swift; path = RecentSearchCellView.swift; sourceTree = "<group>"; };
		1F3859BA2BC3D2A800C753BD /* SearchingView.swift */ = {isa = PBXFileReference; fileEncoding = 4; lastKnownFileType = sourcecode.swift; path = SearchingView.swift; sourceTree = "<group>"; };
		1F5038D82BC4E67B00381EE5 /* SearchViewVM.swift */ = {isa = PBXFileReference; fileEncoding = 4; lastKnownFileType = sourcecode.swift; path = SearchViewVM.swift; sourceTree = "<group>"; };
		1F5038DA2BC4E69E00381EE5 /* SearcTestView.swift */ = {isa = PBXFileReference; fileEncoding = 4; lastKnownFileType = sourcecode.swift; path = SearcTestView.swift; sourceTree = "<group>"; };
		1F5038DB2BC4E69E00381EE5 /* SearchFieldView.swift */ = {isa = PBXFileReference; fileEncoding = 4; lastKnownFileType = sourcecode.swift; path = SearchFieldView.swift; sourceTree = "<group>"; };
		1F5038DC2BC4E69E00381EE5 /* RecentSearchNavigationView.swift */ = {isa = PBXFileReference; fileEncoding = 4; lastKnownFileType = sourcecode.swift; path = RecentSearchNavigationView.swift; sourceTree = "<group>"; };
		1F5038DD2BC4E69E00381EE5 /* SearchingFilterView.swift */ = {isa = PBXFileReference; fileEncoding = 4; lastKnownFileType = sourcecode.swift; path = SearchingFilterView.swift; sourceTree = "<group>"; };
		1F5038E22BC4E6AF00381EE5 /* ArchieveRecentSearchCell.swift */ = {isa = PBXFileReference; fileEncoding = 4; lastKnownFileType = sourcecode.swift; path = ArchieveRecentSearchCell.swift; sourceTree = "<group>"; };
		1F5038E72BC4EB0E00381EE5 /* ProcedureSelectButton.swift */ = {isa = PBXFileReference; lastKnownFileType = sourcecode.swift; path = ProcedureSelectButton.swift; sourceTree = "<group>"; };
		1F5038E92BC4EC3600381EE5 /* SearchFilterPicker.swift */ = {isa = PBXFileReference; lastKnownFileType = sourcecode.swift; path = SearchFilterPicker.swift; sourceTree = "<group>"; };
		3007E8AE2BC40E6E00B9F7B3 /* MainView.swift */ = {isa = PBXFileReference; lastKnownFileType = sourcecode.swift; path = MainView.swift; sourceTree = "<group>"; };
		3007E8B12BC4143700B9F7B3 /* SubTitleModifier.swift */ = {isa = PBXFileReference; lastKnownFileType = sourcecode.swift; path = SubTitleModifier.swift; sourceTree = "<group>"; };
		3007E8B32BC4255900B9F7B3 /* RoomCardListView.swift */ = {isa = PBXFileReference; lastKnownFileType = sourcecode.swift; path = RoomCardListView.swift; sourceTree = "<group>"; };
		3007E8B72BC43D8900B9F7B3 /* ArchieveRoomCardListView.swift */ = {isa = PBXFileReference; lastKnownFileType = sourcecode.swift; path = ArchieveRoomCardListView.swift; sourceTree = "<group>"; };
		303EDA732BC503EF0023FC09 /* RoomInfoView.swift */ = {isa = PBXFileReference; fileEncoding = 4; lastKnownFileType = sourcecode.swift; path = RoomInfoView.swift; sourceTree = "<group>"; };
		303EDA742BC503EF0023FC09 /* RoomDetailView.swift */ = {isa = PBXFileReference; fileEncoding = 4; lastKnownFileType = sourcecode.swift; path = RoomDetailView.swift; sourceTree = "<group>"; };
		305136FD2BC3C3E400BA41EE /* RoomCategoryView.swift */ = {isa = PBXFileReference; lastKnownFileType = sourcecode.swift; path = RoomCategoryView.swift; sourceTree = "<group>"; };
		305137002BC3D0AA00BA41EE /* RoomCardView.swift */ = {isa = PBXFileReference; lastKnownFileType = sourcecode.swift; path = RoomCardView.swift; sourceTree = "<group>"; };
		309F8AB92BC3A8570045C6D8 /* GeneralButton.swift */ = {isa = PBXFileReference; fileEncoding = 4; lastKnownFileType = sourcecode.swift; path = GeneralButton.swift; sourceTree = "<group>"; };
		309F8ABB2BC3B5E70045C6D8 /* ArchieveSelectionButtonView.swift */ = {isa = PBXFileReference; lastKnownFileType = sourcecode.swift; path = ArchieveSelectionButtonView.swift; sourceTree = "<group>"; };
		30BE7E9E2BC5055600A5A178 /* ParticipantListCellView.swift */ = {isa = PBXFileReference; lastKnownFileType = sourcecode.swift; path = ParticipantListCellView.swift; sourceTree = "<group>"; };
		30C1BAC72BC3ED2400827BD1 /* RoomCellView.swift */ = {isa = PBXFileReference; lastKnownFileType = sourcecode.swift; path = RoomCellView.swift; sourceTree = "<group>"; };
		30C1BAC92BC3F50A00827BD1 /* MainExistView.swift */ = {isa = PBXFileReference; lastKnownFileType = sourcecode.swift; path = MainExistView.swift; sourceTree = "<group>"; };
		DF54D21B2BC36C4500D72491 /* ZzritConsumer.app */ = {isa = PBXFileReference; explicitFileType = wrapper.application; includeInIndex = 0; path = ZzritConsumer.app; sourceTree = BUILT_PRODUCTS_DIR; };
		DF54D21E2BC36C4500D72491 /* ZzritConsumerApp.swift */ = {isa = PBXFileReference; lastKnownFileType = sourcecode.swift; path = ZzritConsumerApp.swift; sourceTree = "<group>"; };
		DF54D2202BC36C4500D72491 /* ContentView.swift */ = {isa = PBXFileReference; lastKnownFileType = sourcecode.swift; path = ContentView.swift; sourceTree = "<group>"; };
		DF54D2222BC36C4800D72491 /* Assets.xcassets */ = {isa = PBXFileReference; lastKnownFileType = folder.assetcatalog; path = Assets.xcassets; sourceTree = "<group>"; };
		DF54D2252BC36C4800D72491 /* Preview Assets.xcassets */ = {isa = PBXFileReference; lastKnownFileType = folder.assetcatalog; path = "Preview Assets.xcassets"; sourceTree = "<group>"; };
		FC628F2D2BC42F1A007F5E5C /* SetProfileView.swift */ = {isa = PBXFileReference; lastKnownFileType = sourcecode.swift; path = SetProfileView.swift; sourceTree = "<group>"; };
		FC628F2F2BC4328A007F5E5C /* ErrorTextView.swift */ = {isa = PBXFileReference; lastKnownFileType = sourcecode.swift; path = ErrorTextView.swift; sourceTree = "<group>"; };
		FC628F312BC440DF007F5E5C /* SetProfilePhotoView.swift */ = {isa = PBXFileReference; lastKnownFileType = sourcecode.swift; path = SetProfilePhotoView.swift; sourceTree = "<group>"; };
		FC628F332BC4D114007F5E5C /* BirthYearPickerView.swift */ = {isa = PBXFileReference; lastKnownFileType = sourcecode.swift; path = BirthYearPickerView.swift; sourceTree = "<group>"; };
		FCADAA332BC4EB7700364272 /* CompleteSignUpView.swift */ = {isa = PBXFileReference; lastKnownFileType = sourcecode.swift; path = CompleteSignUpView.swift; sourceTree = "<group>"; };
		FCAF4A192BC40C8400603C2D /* AppSlogan.swift */ = {isa = PBXFileReference; lastKnownFileType = sourcecode.swift; path = AppSlogan.swift; sourceTree = "<group>"; };
		FCAF4A1B2BC40CBA00603C2D /* SignUpAgreeButton.swift */ = {isa = PBXFileReference; lastKnownFileType = sourcecode.swift; path = SignUpAgreeButton.swift; sourceTree = "<group>"; };
		FCBCB3192BC3D2A90048B86F /* SignUpView.swift */ = {isa = PBXFileReference; lastKnownFileType = sourcecode.swift; path = SignUpView.swift; sourceTree = "<group>"; };
		FCBCB31D2BC3DC090048B86F /* ServiceAgreeSheet.swift */ = {isa = PBXFileReference; lastKnownFileType = sourcecode.swift; path = ServiceAgreeSheet.swift; sourceTree = "<group>"; };
		FCCCEEB32BC3B56600DABCA6 /* LogInView.swift */ = {isa = PBXFileReference; fileEncoding = 4; lastKnownFileType = sourcecode.swift; path = LogInView.swift; sourceTree = "<group>"; };
		FCCCEEB42BC3B56600DABCA6 /* UserInputCellView.swift */ = {isa = PBXFileReference; fileEncoding = 4; lastKnownFileType = sourcecode.swift; path = UserInputCellView.swift; sourceTree = "<group>"; };
/* End PBXFileReference section */

/* Begin PBXFrameworksBuildPhase section */
		DF54D2182BC36C4500D72491 /* Frameworks */ = {
			isa = PBXFrameworksBuildPhase;
			buildActionMask = 2147483647;
			files = (
				DFC75F822BC36CC50005DDD9 /* ZzritKit in Frameworks */,
			);
			runOnlyForDeploymentPostprocessing = 0;
		};
/* End PBXFrameworksBuildPhase section */

/* Begin PBXGroup section */
		1F3859B72BC3D29500C753BD /* ConsumerConfigs */ = {
			isa = PBXGroup;
			children = (
				1F3859B62BC3D29500C753BD /* Configs.swift */,
			);
			path = ConsumerConfigs;
			sourceTree = "<group>";
		};
		1F3859BB2BC3D2A800C753BD /* SearchingViews */ = {
			isa = PBXGroup;
			children = (
				1F5038E32BC4E6AF00381EE5 /* ArchieveFiles */,
				1F5038D82BC4E67B00381EE5 /* SearchViewVM.swift */,
				1F3859BA2BC3D2A800C753BD /* SearchingView.swift */,
				1F5038DB2BC4E69E00381EE5 /* SearchFieldView.swift */,
				1F5038DA2BC4E69E00381EE5 /* SearcTestView.swift */,
				1F3859B92BC3D2A800C753BD /* RecentSearchCellView.swift */,
				1F5038E62BC4EABF00381EE5 /* SearchFilterComponents */,
				1F5038E52BC4EA2900381EE5 /* RecentSearchComponents */,
			);
			path = SearchingViews;
			sourceTree = "<group>";
		};
		1F5038E32BC4E6AF00381EE5 /* ArchieveFiles */ = {
			isa = PBXGroup;
			children = (
				1F5038E22BC4E6AF00381EE5 /* ArchieveRecentSearchCell.swift */,
			);
			path = ArchieveFiles;
			sourceTree = "<group>";
		};
		1F5038E52BC4EA2900381EE5 /* RecentSearchComponents */ = {
			isa = PBXGroup;
			children = (
				1F5038DC2BC4E69E00381EE5 /* RecentSearchNavigationView.swift */,
			);
			path = RecentSearchComponents;
			sourceTree = "<group>";
		};
		1F5038E62BC4EABF00381EE5 /* SearchFilterComponents */ = {
			isa = PBXGroup;
			children = (
				1F5038DD2BC4E69E00381EE5 /* SearchingFilterView.swift */,
				1F5038E72BC4EB0E00381EE5 /* ProcedureSelectButton.swift */,
				1F5038E92BC4EC3600381EE5 /* SearchFilterPicker.swift */,
			);
			path = SearchFilterComponents;
			sourceTree = "<group>";
		};
		3007E8B02BC4138D00B9F7B3 /* MainModifier */ = {
			isa = PBXGroup;
			children = (
				3007E8B12BC4143700B9F7B3 /* SubTitleModifier.swift */,
			);
			path = MainModifier;
			sourceTree = "<group>";
		};
		3007E8B52BC43D1900B9F7B3 /* ArchieveMain */ = {
			isa = PBXGroup;
			children = (
				3007E8B72BC43D8900B9F7B3 /* ArchieveRoomCardListView.swift */,
			);
			path = ArchieveMain;
			sourceTree = "<group>";
		};
		303EDA722BC503BB0023FC09 /* RoomDetails */ = {
			isa = PBXGroup;
			children = (
				303EDA742BC503EF0023FC09 /* RoomDetailView.swift */,
				303EDA732BC503EF0023FC09 /* RoomInfoView.swift */,
				30BE7E9E2BC5055600A5A178 /* ParticipantListCellView.swift */,
			);
			path = RoomDetails;
			sourceTree = "<group>";
		};
		305136FF2BC3C9C000BA41EE /* ArchieveFile */ = {
			isa = PBXGroup;
			children = (
				309F8ABB2BC3B5E70045C6D8 /* ArchieveSelectionButtonView.swift */,
			);
			path = ArchieveFile;
			sourceTree = "<group>";
		};
		309F8AB82BC3A7D50045C6D8 /* Commons */ = {
			isa = PBXGroup;
			children = (
				305136FF2BC3C9C000BA41EE /* ArchieveFile */,
				309F8AB92BC3A8570045C6D8 /* GeneralButton.swift */,
				305136FD2BC3C3E400BA41EE /* RoomCategoryView.swift */,
				305137002BC3D0AA00BA41EE /* RoomCardView.swift */,
			);
			path = Commons;
			sourceTree = "<group>";
		};
		30C1BAC62BC3ECD100827BD1 /* Main */ = {
			isa = PBXGroup;
			children = (
				3007E8B52BC43D1900B9F7B3 /* ArchieveMain */,
				3007E8B02BC4138D00B9F7B3 /* MainModifier */,
				3007E8AE2BC40E6E00B9F7B3 /* MainView.swift */,
				3007E8B32BC4255900B9F7B3 /* RoomCardListView.swift */,
				30C1BAC92BC3F50A00827BD1 /* MainExistView.swift */,
				30C1BAC72BC3ED2400827BD1 /* RoomCellView.swift */,
			);
			path = Main;
			sourceTree = "<group>";
		};
		DF54D2122BC36C4500D72491 = {
			isa = PBXGroup;
			children = (
				DF54D21D2BC36C4500D72491 /* ZzritConsumer */,
				DF54D21C2BC36C4500D72491 /* Products */,
				DFC75F802BC36CC50005DDD9 /* Frameworks */,
			);
			sourceTree = "<group>";
		};
		DF54D21C2BC36C4500D72491 /* Products */ = {
			isa = PBXGroup;
			children = (
				DF54D21B2BC36C4500D72491 /* ZzritConsumer.app */,
			);
			name = Products;
			sourceTree = "<group>";
		};
		DF54D21D2BC36C4500D72491 /* ZzritConsumer */ = {
			isa = PBXGroup;
			children = (
				30C1BAC62BC3ECD100827BD1 /* Main */,
				FCCCEEB22BC3B55400DABCA6 /* LogIn */,
				DF54D21E2BC36C4500D72491 /* ZzritConsumerApp.swift */,
				DF54D2202BC36C4500D72491 /* ContentView.swift */,
				1F3859B72BC3D29500C753BD /* ConsumerConfigs */,
				309F8AB82BC3A7D50045C6D8 /* Commons */,
				303EDA722BC503BB0023FC09 /* RoomDetails */,
				1F3859BB2BC3D2A800C753BD /* SearchingViews */,
				DF54D2222BC36C4800D72491 /* Assets.xcassets */,
				DF54D2242BC36C4800D72491 /* Preview Content */,
			);
			path = ZzritConsumer;
			sourceTree = "<group>";
		};
		DF54D2242BC36C4800D72491 /* Preview Content */ = {
			isa = PBXGroup;
			children = (
				DF54D2252BC36C4800D72491 /* Preview Assets.xcassets */,
			);
			path = "Preview Content";
			sourceTree = "<group>";
		};
		DFC75F802BC36CC50005DDD9 /* Frameworks */ = {
			isa = PBXGroup;
			children = (
			);
			name = Frameworks;
			sourceTree = "<group>";
		};
		FCCCEEB22BC3B55400DABCA6 /* LogIn */ = {
			isa = PBXGroup;
			children = (
				FCCCEEB42BC3B56600DABCA6 /* UserInputCellView.swift */,
				FCCCEEB32BC3B56600DABCA6 /* LogInView.swift */,
				FCBCB3192BC3D2A90048B86F /* SignUpView.swift */,
				FCBCB31D2BC3DC090048B86F /* ServiceAgreeSheet.swift */,
				FCAF4A192BC40C8400603C2D /* AppSlogan.swift */,
				FCAF4A1B2BC40CBA00603C2D /* SignUpAgreeButton.swift */,
				FC628F2D2BC42F1A007F5E5C /* SetProfileView.swift */,
				FC628F2F2BC4328A007F5E5C /* ErrorTextView.swift */,
				FC628F312BC440DF007F5E5C /* SetProfilePhotoView.swift */,
				FC628F332BC4D114007F5E5C /* BirthYearPickerView.swift */,
				FCADAA332BC4EB7700364272 /* CompleteSignUpView.swift */,
			);
			path = LogIn;
			sourceTree = "<group>";
		};
/* End PBXGroup section */

/* Begin PBXNativeTarget section */
		DF54D21A2BC36C4500D72491 /* ZzritConsumer */ = {
			isa = PBXNativeTarget;
			buildConfigurationList = DF54D2292BC36C4800D72491 /* Build configuration list for PBXNativeTarget "ZzritConsumer" */;
			buildPhases = (
				DF54D2172BC36C4500D72491 /* Sources */,
				DF54D2182BC36C4500D72491 /* Frameworks */,
				DF54D2192BC36C4500D72491 /* Resources */,
			);
			buildRules = (
			);
			dependencies = (
			);
			name = ZzritConsumer;
			packageProductDependencies = (
				DFC75F812BC36CC50005DDD9 /* ZzritKit */,
			);
			productName = ZzritConsumer;
			productReference = DF54D21B2BC36C4500D72491 /* ZzritConsumer.app */;
			productType = "com.apple.product-type.application";
		};
/* End PBXNativeTarget section */

/* Begin PBXProject section */
		DF54D2132BC36C4500D72491 /* Project object */ = {
			isa = PBXProject;
			attributes = {
				BuildIndependentTargetsInParallel = 1;
				LastSwiftUpdateCheck = 1530;
				LastUpgradeCheck = 1530;
				TargetAttributes = {
					DF54D21A2BC36C4500D72491 = {
						CreatedOnToolsVersion = 15.3;
					};
				};
			};
			buildConfigurationList = DF54D2162BC36C4500D72491 /* Build configuration list for PBXProject "ZzritConsumer" */;
			compatibilityVersion = "Xcode 14.0";
			developmentRegion = en;
			hasScannedForEncodings = 0;
			knownRegions = (
				en,
				Base,
			);
			mainGroup = DF54D2122BC36C4500D72491;
			productRefGroup = DF54D21C2BC36C4500D72491 /* Products */;
			projectDirPath = "";
			projectRoot = "";
			targets = (
				DF54D21A2BC36C4500D72491 /* ZzritConsumer */,
			);
		};
/* End PBXProject section */

/* Begin PBXResourcesBuildPhase section */
		DF54D2192BC36C4500D72491 /* Resources */ = {
			isa = PBXResourcesBuildPhase;
			buildActionMask = 2147483647;
			files = (
				DF54D2262BC36C4800D72491 /* Preview Assets.xcassets in Resources */,
				DF54D2232BC36C4800D72491 /* Assets.xcassets in Resources */,
			);
			runOnlyForDeploymentPostprocessing = 0;
		};
/* End PBXResourcesBuildPhase section */

/* Begin PBXSourcesBuildPhase section */
		DF54D2172BC36C4500D72491 /* Sources */ = {
			isa = PBXSourcesBuildPhase;
			buildActionMask = 2147483647;
			files = (
				309F8ABA2BC3A8570045C6D8 /* GeneralButton.swift in Sources */,
				1F5038D92BC4E67B00381EE5 /* SearchViewVM.swift in Sources */,
				3007E8AF2BC40E6E00B9F7B3 /* MainView.swift in Sources */,
				1F5038E82BC4EB0E00381EE5 /* ProcedureSelectButton.swift in Sources */,
				FC628F302BC4328A007F5E5C /* ErrorTextView.swift in Sources */,
				3007E8B22BC4143700B9F7B3 /* SubTitleModifier.swift in Sources */,
				1F5038E12BC4E69E00381EE5 /* SearchingFilterView.swift in Sources */,
				30C1BACA2BC3F50A00827BD1 /* MainExistView.swift in Sources */,
				1F3859B82BC3D29500C753BD /* Configs.swift in Sources */,
				FCAF4A1C2BC40CBA00603C2D /* SignUpAgreeButton.swift in Sources */,
				1F3859BC2BC3D2A800C753BD /* RecentSearchCellView.swift in Sources */,
				1F5038E02BC4E69E00381EE5 /* RecentSearchNavigationView.swift in Sources */,
				FC628F2E2BC42F1A007F5E5C /* SetProfileView.swift in Sources */,
				3007E8B82BC43D8900B9F7B3 /* ArchieveRoomCardListView.swift in Sources */,
				303EDA762BC503EF0023FC09 /* RoomDetailView.swift in Sources */,
				30BE7E9F2BC5055600A5A178 /* ParticipantListCellView.swift in Sources */,
				3007E8B42BC4255900B9F7B3 /* RoomCardListView.swift in Sources */,
				309F8ABC2BC3B5E70045C6D8 /* ArchieveSelectionButtonView.swift in Sources */,
				DF54D2212BC36C4500D72491 /* ContentView.swift in Sources */,
				FCAF4A1A2BC40C8400603C2D /* AppSlogan.swift in Sources */,
				1F5038DE2BC4E69E00381EE5 /* SearcTestView.swift in Sources */,
				303EDA752BC503EF0023FC09 /* RoomInfoView.swift in Sources */,
				FCCCEEB62BC3B56600DABCA6 /* UserInputCellView.swift in Sources */,
				FCADAA342BC4EB7700364272 /* CompleteSignUpView.swift in Sources */,
				1F5038E42BC4E6AF00381EE5 /* ArchieveRecentSearchCell.swift in Sources */,
				FCBCB31E2BC3DC090048B86F /* ServiceAgreeSheet.swift in Sources */,
				FCBCB31A2BC3D2A90048B86F /* SignUpView.swift in Sources */,
				1F5038DF2BC4E69E00381EE5 /* SearchFieldView.swift in Sources */,
				1F5038EA2BC4EC3600381EE5 /* SearchFilterPicker.swift in Sources */,
				FC628F342BC4D115007F5E5C /* BirthYearPickerView.swift in Sources */,
				FCCCEEB52BC3B56600DABCA6 /* LogInView.swift in Sources */,
				DF54D21F2BC36C4500D72491 /* ZzritConsumerApp.swift in Sources */,
				305136FE2BC3C3E400BA41EE /* RoomCategoryView.swift in Sources */,
				1F3859BD2BC3D2A800C753BD /* SearchingView.swift in Sources */,
				305137012BC3D0AA00BA41EE /* RoomCardView.swift in Sources */,
				FC628F322BC440DF007F5E5C /* SetProfilePhotoView.swift in Sources */,
				30C1BAC82BC3ED2400827BD1 /* RoomCellView.swift in Sources */,
			);
			runOnlyForDeploymentPostprocessing = 0;
		};
/* End PBXSourcesBuildPhase section */

/* Begin XCBuildConfiguration section */
		DF54D2272BC36C4800D72491 /* Debug */ = {
			isa = XCBuildConfiguration;
			buildSettings = {
				ALWAYS_SEARCH_USER_PATHS = NO;
				ASSETCATALOG_COMPILER_GENERATE_SWIFT_ASSET_SYMBOL_EXTENSIONS = YES;
				CLANG_ANALYZER_NONNULL = YES;
				CLANG_ANALYZER_NUMBER_OBJECT_CONVERSION = YES_AGGRESSIVE;
				CLANG_CXX_LANGUAGE_STANDARD = "gnu++20";
				CLANG_ENABLE_MODULES = YES;
				CLANG_ENABLE_OBJC_ARC = YES;
				CLANG_ENABLE_OBJC_WEAK = YES;
				CLANG_WARN_BLOCK_CAPTURE_AUTORELEASING = YES;
				CLANG_WARN_BOOL_CONVERSION = YES;
				CLANG_WARN_COMMA = YES;
				CLANG_WARN_CONSTANT_CONVERSION = YES;
				CLANG_WARN_DEPRECATED_OBJC_IMPLEMENTATIONS = YES;
				CLANG_WARN_DIRECT_OBJC_ISA_USAGE = YES_ERROR;
				CLANG_WARN_DOCUMENTATION_COMMENTS = YES;
				CLANG_WARN_EMPTY_BODY = YES;
				CLANG_WARN_ENUM_CONVERSION = YES;
				CLANG_WARN_INFINITE_RECURSION = YES;
				CLANG_WARN_INT_CONVERSION = YES;
				CLANG_WARN_NON_LITERAL_NULL_CONVERSION = YES;
				CLANG_WARN_OBJC_IMPLICIT_RETAIN_SELF = YES;
				CLANG_WARN_OBJC_LITERAL_CONVERSION = YES;
				CLANG_WARN_OBJC_ROOT_CLASS = YES_ERROR;
				CLANG_WARN_QUOTED_INCLUDE_IN_FRAMEWORK_HEADER = YES;
				CLANG_WARN_RANGE_LOOP_ANALYSIS = YES;
				CLANG_WARN_STRICT_PROTOTYPES = YES;
				CLANG_WARN_SUSPICIOUS_MOVE = YES;
				CLANG_WARN_UNGUARDED_AVAILABILITY = YES_AGGRESSIVE;
				CLANG_WARN_UNREACHABLE_CODE = YES;
				CLANG_WARN__DUPLICATE_METHOD_MATCH = YES;
				COPY_PHASE_STRIP = NO;
				DEBUG_INFORMATION_FORMAT = dwarf;
				ENABLE_STRICT_OBJC_MSGSEND = YES;
				ENABLE_TESTABILITY = YES;
				ENABLE_USER_SCRIPT_SANDBOXING = YES;
				GCC_C_LANGUAGE_STANDARD = gnu17;
				GCC_DYNAMIC_NO_PIC = NO;
				GCC_NO_COMMON_BLOCKS = YES;
				GCC_OPTIMIZATION_LEVEL = 0;
				GCC_PREPROCESSOR_DEFINITIONS = (
					"DEBUG=1",
					"$(inherited)",
				);
				GCC_WARN_64_TO_32_BIT_CONVERSION = YES;
				GCC_WARN_ABOUT_RETURN_TYPE = YES_ERROR;
				GCC_WARN_UNDECLARED_SELECTOR = YES;
				GCC_WARN_UNINITIALIZED_AUTOS = YES_AGGRESSIVE;
				GCC_WARN_UNUSED_FUNCTION = YES;
				GCC_WARN_UNUSED_VARIABLE = YES;
				IPHONEOS_DEPLOYMENT_TARGET = 17.4;
				LOCALIZATION_PREFERS_STRING_CATALOGS = YES;
				MTL_ENABLE_DEBUG_INFO = INCLUDE_SOURCE;
				MTL_FAST_MATH = YES;
				ONLY_ACTIVE_ARCH = YES;
				SDKROOT = iphoneos;
				SWIFT_ACTIVE_COMPILATION_CONDITIONS = "DEBUG $(inherited)";
				SWIFT_OPTIMIZATION_LEVEL = "-Onone";
			};
			name = Debug;
		};
		DF54D2282BC36C4800D72491 /* Release */ = {
			isa = XCBuildConfiguration;
			buildSettings = {
				ALWAYS_SEARCH_USER_PATHS = NO;
				ASSETCATALOG_COMPILER_GENERATE_SWIFT_ASSET_SYMBOL_EXTENSIONS = YES;
				CLANG_ANALYZER_NONNULL = YES;
				CLANG_ANALYZER_NUMBER_OBJECT_CONVERSION = YES_AGGRESSIVE;
				CLANG_CXX_LANGUAGE_STANDARD = "gnu++20";
				CLANG_ENABLE_MODULES = YES;
				CLANG_ENABLE_OBJC_ARC = YES;
				CLANG_ENABLE_OBJC_WEAK = YES;
				CLANG_WARN_BLOCK_CAPTURE_AUTORELEASING = YES;
				CLANG_WARN_BOOL_CONVERSION = YES;
				CLANG_WARN_COMMA = YES;
				CLANG_WARN_CONSTANT_CONVERSION = YES;
				CLANG_WARN_DEPRECATED_OBJC_IMPLEMENTATIONS = YES;
				CLANG_WARN_DIRECT_OBJC_ISA_USAGE = YES_ERROR;
				CLANG_WARN_DOCUMENTATION_COMMENTS = YES;
				CLANG_WARN_EMPTY_BODY = YES;
				CLANG_WARN_ENUM_CONVERSION = YES;
				CLANG_WARN_INFINITE_RECURSION = YES;
				CLANG_WARN_INT_CONVERSION = YES;
				CLANG_WARN_NON_LITERAL_NULL_CONVERSION = YES;
				CLANG_WARN_OBJC_IMPLICIT_RETAIN_SELF = YES;
				CLANG_WARN_OBJC_LITERAL_CONVERSION = YES;
				CLANG_WARN_OBJC_ROOT_CLASS = YES_ERROR;
				CLANG_WARN_QUOTED_INCLUDE_IN_FRAMEWORK_HEADER = YES;
				CLANG_WARN_RANGE_LOOP_ANALYSIS = YES;
				CLANG_WARN_STRICT_PROTOTYPES = YES;
				CLANG_WARN_SUSPICIOUS_MOVE = YES;
				CLANG_WARN_UNGUARDED_AVAILABILITY = YES_AGGRESSIVE;
				CLANG_WARN_UNREACHABLE_CODE = YES;
				CLANG_WARN__DUPLICATE_METHOD_MATCH = YES;
				COPY_PHASE_STRIP = NO;
				DEBUG_INFORMATION_FORMAT = "dwarf-with-dsym";
				ENABLE_NS_ASSERTIONS = NO;
				ENABLE_STRICT_OBJC_MSGSEND = YES;
				ENABLE_USER_SCRIPT_SANDBOXING = YES;
				GCC_C_LANGUAGE_STANDARD = gnu17;
				GCC_NO_COMMON_BLOCKS = YES;
				GCC_WARN_64_TO_32_BIT_CONVERSION = YES;
				GCC_WARN_ABOUT_RETURN_TYPE = YES_ERROR;
				GCC_WARN_UNDECLARED_SELECTOR = YES;
				GCC_WARN_UNINITIALIZED_AUTOS = YES_AGGRESSIVE;
				GCC_WARN_UNUSED_FUNCTION = YES;
				GCC_WARN_UNUSED_VARIABLE = YES;
				IPHONEOS_DEPLOYMENT_TARGET = 17.4;
				LOCALIZATION_PREFERS_STRING_CATALOGS = YES;
				MTL_ENABLE_DEBUG_INFO = NO;
				MTL_FAST_MATH = YES;
				SDKROOT = iphoneos;
				SWIFT_COMPILATION_MODE = wholemodule;
				VALIDATE_PRODUCT = YES;
			};
			name = Release;
		};
		DF54D22A2BC36C4800D72491 /* Debug */ = {
			isa = XCBuildConfiguration;
			buildSettings = {
				ASSETCATALOG_COMPILER_APPICON_NAME = AppIcon;
				ASSETCATALOG_COMPILER_GLOBAL_ACCENT_COLOR_NAME = AccentColor;
				CODE_SIGN_STYLE = Automatic;
				CURRENT_PROJECT_VERSION = 1;
				DEVELOPMENT_ASSET_PATHS = "\"ZzritConsumer/Preview Content\"";
				DEVELOPMENT_TEAM = 6R3M7VGRP2;
				ENABLE_PREVIEWS = YES;
				GENERATE_INFOPLIST_FILE = YES;
				INFOPLIST_KEY_CFBundleDisplayName = "ZZ!LIT";
				INFOPLIST_KEY_UIApplicationSceneManifest_Generation = YES;
				INFOPLIST_KEY_UIApplicationSupportsIndirectInputEvents = YES;
				INFOPLIST_KEY_UILaunchScreen_Generation = YES;
				INFOPLIST_KEY_UISupportedInterfaceOrientations_iPad = "UIInterfaceOrientationPortrait UIInterfaceOrientationPortraitUpsideDown UIInterfaceOrientationLandscapeLeft UIInterfaceOrientationLandscapeRight";
				INFOPLIST_KEY_UISupportedInterfaceOrientations_iPhone = "UIInterfaceOrientationPortrait UIInterfaceOrientationLandscapeLeft UIInterfaceOrientationLandscapeRight";
				IPHONEOS_DEPLOYMENT_TARGET = 16.0;
				LD_RUNPATH_SEARCH_PATHS = (
					"$(inherited)",
					"@executable_path/Frameworks",
				);
				MARKETING_VERSION = 1.0;
				PRODUCT_BUNDLE_IDENTIFIER = techit.finalproject.ZzritConsumer;
				PRODUCT_NAME = "$(TARGET_NAME)";
				SWIFT_EMIT_LOC_STRINGS = YES;
				SWIFT_VERSION = 5.0;
				TARGETED_DEVICE_FAMILY = "1,2";
			};
			name = Debug;
		};
		DF54D22B2BC36C4800D72491 /* Release */ = {
			isa = XCBuildConfiguration;
			buildSettings = {
				ASSETCATALOG_COMPILER_APPICON_NAME = AppIcon;
				ASSETCATALOG_COMPILER_GLOBAL_ACCENT_COLOR_NAME = AccentColor;
				CODE_SIGN_STYLE = Automatic;
				CURRENT_PROJECT_VERSION = 1;
				DEVELOPMENT_ASSET_PATHS = "\"ZzritConsumer/Preview Content\"";
				DEVELOPMENT_TEAM = 6R3M7VGRP2;
				ENABLE_PREVIEWS = YES;
				GENERATE_INFOPLIST_FILE = YES;
				INFOPLIST_KEY_CFBundleDisplayName = "ZZ!LIT";
				INFOPLIST_KEY_UIApplicationSceneManifest_Generation = YES;
				INFOPLIST_KEY_UIApplicationSupportsIndirectInputEvents = YES;
				INFOPLIST_KEY_UILaunchScreen_Generation = YES;
				INFOPLIST_KEY_UISupportedInterfaceOrientations_iPad = "UIInterfaceOrientationPortrait UIInterfaceOrientationPortraitUpsideDown UIInterfaceOrientationLandscapeLeft UIInterfaceOrientationLandscapeRight";
				INFOPLIST_KEY_UISupportedInterfaceOrientations_iPhone = "UIInterfaceOrientationPortrait UIInterfaceOrientationLandscapeLeft UIInterfaceOrientationLandscapeRight";
				IPHONEOS_DEPLOYMENT_TARGET = 16.0;
				LD_RUNPATH_SEARCH_PATHS = (
					"$(inherited)",
					"@executable_path/Frameworks",
				);
				MARKETING_VERSION = 1.0;
				PRODUCT_BUNDLE_IDENTIFIER = techit.finalproject.ZzritConsumer;
				PRODUCT_NAME = "$(TARGET_NAME)";
				SWIFT_EMIT_LOC_STRINGS = YES;
				SWIFT_VERSION = 5.0;
				TARGETED_DEVICE_FAMILY = "1,2";
			};
			name = Release;
		};
/* End XCBuildConfiguration section */

/* Begin XCConfigurationList section */
		DF54D2162BC36C4500D72491 /* Build configuration list for PBXProject "ZzritConsumer" */ = {
			isa = XCConfigurationList;
			buildConfigurations = (
				DF54D2272BC36C4800D72491 /* Debug */,
				DF54D2282BC36C4800D72491 /* Release */,
			);
			defaultConfigurationIsVisible = 0;
			defaultConfigurationName = Release;
		};
		DF54D2292BC36C4800D72491 /* Build configuration list for PBXNativeTarget "ZzritConsumer" */ = {
			isa = XCConfigurationList;
			buildConfigurations = (
				DF54D22A2BC36C4800D72491 /* Debug */,
				DF54D22B2BC36C4800D72491 /* Release */,
			);
			defaultConfigurationIsVisible = 0;
			defaultConfigurationName = Release;
		};
/* End XCConfigurationList section */

/* Begin XCSwiftPackageProductDependency section */
		DFC75F812BC36CC50005DDD9 /* ZzritKit */ = {
			isa = XCSwiftPackageProductDependency;
			productName = ZzritKit;
		};
/* End XCSwiftPackageProductDependency section */
	};
	rootObject = DF54D2132BC36C4500D72491 /* Project object */;
}
