// !$*UTF8*$!
{
	archiveVersion = 1;
	classes = {
	};
	objectVersion = 56;
	objects = {

/* Begin PBXBuildFile section */
		DFC75FC72BC3CC850005DDD9 /* ZzritModelTestApp.swift in Sources */ = {isa = PBXBuildFile; fileRef = DFC75FC62BC3CC850005DDD9 /* ZzritModelTestApp.swift */; };
		DFC75FC92BC3CC850005DDD9 /* ContentView.swift in Sources */ = {isa = PBXBuildFile; fileRef = DFC75FC82BC3CC850005DDD9 /* ContentView.swift */; };
		DFC75FCB2BC3CC880005DDD9 /* Assets.xcassets in Resources */ = {isa = PBXBuildFile; fileRef = DFC75FCA2BC3CC880005DDD9 /* Assets.xcassets */; };
		DFC75FCE2BC3CC880005DDD9 /* Preview Assets.xcassets in Resources */ = {isa = PBXBuildFile; fileRef = DFC75FCD2BC3CC880005DDD9 /* Preview Assets.xcassets */; };
		DFC75FD62BC3CCCA0005DDD9 /* LoginView.swift in Sources */ = {isa = PBXBuildFile; fileRef = DFC75FD52BC3CCC90005DDD9 /* LoginView.swift */; };
		DFC75FD92BC3D0B90005DDD9 /* ZzritKit in Frameworks */ = {isa = PBXBuildFile; productRef = DFC75FD82BC3D0B90005DDD9 /* ZzritKit */; };
		DFC75FDB2BC3D2AC0005DDD9 /* GoogleService-Info.plist in Resources */ = {isa = PBXBuildFile; fileRef = DFC75FDA2BC3D2AC0005DDD9 /* GoogleService-Info.plist */; };
		DFC75FF72BC5345C0005DDD9 /* ImageUploadView.swift in Sources */ = {isa = PBXBuildFile; fileRef = DFC75FF62BC5345C0005DDD9 /* ImageUploadView.swift */; };
		DFC75FF92BC535F60005DDD9 /* ImagePicker.swift in Sources */ = {isa = PBXBuildFile; fileRef = DFC75FF82BC535F60005DDD9 /* ImagePicker.swift */; };
		DFC760002BC589AE0005DDD9 /* NoticeView.swift in Sources */ = {isa = PBXBuildFile; fileRef = DFC75FFF2BC589AE0005DDD9 /* NoticeView.swift */; };
		DFC760022BC589ED0005DDD9 /* WriteNoticeView.swift in Sources */ = {isa = PBXBuildFile; fileRef = DFC760012BC589ED0005DDD9 /* WriteNoticeView.swift */; };
		DFC760062BC58D610005DDD9 /* NoticeListView.swift in Sources */ = {isa = PBXBuildFile; fileRef = DFC760052BC58D610005DDD9 /* NoticeListView.swift */; };
/* End PBXBuildFile section */

/* Begin PBXFileReference section */
		DFC75FC32BC3CC840005DDD9 /* ZzritModelTest.app */ = {isa = PBXFileReference; explicitFileType = wrapper.application; includeInIndex = 0; path = ZzritModelTest.app; sourceTree = BUILT_PRODUCTS_DIR; };
		DFC75FC62BC3CC850005DDD9 /* ZzritModelTestApp.swift */ = {isa = PBXFileReference; lastKnownFileType = sourcecode.swift; path = ZzritModelTestApp.swift; sourceTree = "<group>"; };
		DFC75FC82BC3CC850005DDD9 /* ContentView.swift */ = {isa = PBXFileReference; lastKnownFileType = sourcecode.swift; path = ContentView.swift; sourceTree = "<group>"; };
		DFC75FCA2BC3CC880005DDD9 /* Assets.xcassets */ = {isa = PBXFileReference; lastKnownFileType = folder.assetcatalog; path = Assets.xcassets; sourceTree = "<group>"; };
		DFC75FCD2BC3CC880005DDD9 /* Preview Assets.xcassets */ = {isa = PBXFileReference; lastKnownFileType = folder.assetcatalog; path = "Preview Assets.xcassets"; sourceTree = "<group>"; };
		DFC75FD52BC3CCC90005DDD9 /* LoginView.swift */ = {isa = PBXFileReference; lastKnownFileType = sourcecode.swift; path = LoginView.swift; sourceTree = "<group>"; };
		DFC75FDA2BC3D2AC0005DDD9 /* GoogleService-Info.plist */ = {isa = PBXFileReference; fileEncoding = 4; lastKnownFileType = text.plist.xml; path = "GoogleService-Info.plist"; sourceTree = "<group>"; };
		DFC75FF62BC5345C0005DDD9 /* ImageUploadView.swift */ = {isa = PBXFileReference; lastKnownFileType = sourcecode.swift; path = ImageUploadView.swift; sourceTree = "<group>"; };
		DFC75FF82BC535F60005DDD9 /* ImagePicker.swift */ = {isa = PBXFileReference; lastKnownFileType = sourcecode.swift; path = ImagePicker.swift; sourceTree = "<group>"; };
		DFC75FFF2BC589AE0005DDD9 /* NoticeView.swift */ = {isa = PBXFileReference; lastKnownFileType = sourcecode.swift; path = NoticeView.swift; sourceTree = "<group>"; };
		DFC760012BC589ED0005DDD9 /* WriteNoticeView.swift */ = {isa = PBXFileReference; lastKnownFileType = sourcecode.swift; path = WriteNoticeView.swift; sourceTree = "<group>"; };
		DFC760052BC58D610005DDD9 /* NoticeListView.swift */ = {isa = PBXFileReference; lastKnownFileType = sourcecode.swift; path = NoticeListView.swift; sourceTree = "<group>"; };
/* End PBXFileReference section */

/* Begin PBXFrameworksBuildPhase section */
		DFC75FC02BC3CC840005DDD9 /* Frameworks */ = {
			isa = PBXFrameworksBuildPhase;
			buildActionMask = 2147483647;
			files = (
				DFC75FD92BC3D0B90005DDD9 /* ZzritKit in Frameworks */,
			);
			runOnlyForDeploymentPostprocessing = 0;
		};
/* End PBXFrameworksBuildPhase section */

/* Begin PBXGroup section */
		DFC75FBA2BC3CC840005DDD9 = {
			isa = PBXGroup;
			children = (
				DFC75FC52BC3CC850005DDD9 /* ZzritModelTest */,
				DFC75FC42BC3CC840005DDD9 /* Products */,
				DFC75FD72BC3D0B90005DDD9 /* Frameworks */,
			);
			sourceTree = "<group>";
		};
		DFC75FC42BC3CC840005DDD9 /* Products */ = {
			isa = PBXGroup;
			children = (
				DFC75FC32BC3CC840005DDD9 /* ZzritModelTest.app */,
			);
			name = Products;
			sourceTree = "<group>";
		};
		DFC75FC52BC3CC850005DDD9 /* ZzritModelTest */ = {
			isa = PBXGroup;
			children = (
				DFC75FD42BC3CCB30005DDD9 /* View */,
				DFC75FC62BC3CC850005DDD9 /* ZzritModelTestApp.swift */,
				DFC75FC82BC3CC850005DDD9 /* ContentView.swift */,
				DFC75FCA2BC3CC880005DDD9 /* Assets.xcassets */,
				DFC75FDA2BC3D2AC0005DDD9 /* GoogleService-Info.plist */,
				DFC75FCC2BC3CC880005DDD9 /* Preview Content */,
			);
			path = ZzritModelTest;
			sourceTree = "<group>";
		};
		DFC75FCC2BC3CC880005DDD9 /* Preview Content */ = {
			isa = PBXGroup;
			children = (
				DFC75FCD2BC3CC880005DDD9 /* Preview Assets.xcassets */,
			);
			path = "Preview Content";
			sourceTree = "<group>";
		};
		DFC75FD42BC3CCB30005DDD9 /* View */ = {
			isa = PBXGroup;
			children = (
				DFC75FFE2BC589A20005DDD9 /* Notice */,
				DFC75FD52BC3CCC90005DDD9 /* LoginView.swift */,
				DFC75FF62BC5345C0005DDD9 /* ImageUploadView.swift */,
				DFC75FF82BC535F60005DDD9 /* ImagePicker.swift */,
			);
			path = View;
			sourceTree = "<group>";
		};
		DFC75FD72BC3D0B90005DDD9 /* Frameworks */ = {
			isa = PBXGroup;
			children = (
			);
			name = Frameworks;
			sourceTree = "<group>";
		};
		DFC75FFE2BC589A20005DDD9 /* Notice */ = {
			isa = PBXGroup;
			children = (
				DFC75FFF2BC589AE0005DDD9 /* NoticeView.swift */,
				DFC760012BC589ED0005DDD9 /* WriteNoticeView.swift */,
				DFC760052BC58D610005DDD9 /* NoticeListView.swift */,
			);
			path = Notice;
			sourceTree = "<group>";
		};
/* End PBXGroup section */

/* Begin PBXNativeTarget section */
		DFC75FC22BC3CC840005DDD9 /* ZzritModelTest */ = {
			isa = PBXNativeTarget;
			buildConfigurationList = DFC75FD12BC3CC880005DDD9 /* Build configuration list for PBXNativeTarget "ZzritModelTest" */;
			buildPhases = (
				DFC75FBF2BC3CC840005DDD9 /* Sources */,
				DFC75FC02BC3CC840005DDD9 /* Frameworks */,
				DFC75FC12BC3CC840005DDD9 /* Resources */,
			);
			buildRules = (
			);
			dependencies = (
			);
			name = ZzritModelTest;
			packageProductDependencies = (
				DFC75FD82BC3D0B90005DDD9 /* ZzritKit */,
			);
			productName = ZzritModelTest;
			productReference = DFC75FC32BC3CC840005DDD9 /* ZzritModelTest.app */;
			productType = "com.apple.product-type.application";
		};
/* End PBXNativeTarget section */

/* Begin PBXProject section */
		DFC75FBB2BC3CC840005DDD9 /* Project object */ = {
			isa = PBXProject;
			attributes = {
				BuildIndependentTargetsInParallel = 1;
				LastSwiftUpdateCheck = 1530;
				LastUpgradeCheck = 1530;
				TargetAttributes = {
					DFC75FC22BC3CC840005DDD9 = {
						CreatedOnToolsVersion = 15.3;
					};
				};
			};
			buildConfigurationList = DFC75FBE2BC3CC840005DDD9 /* Build configuration list for PBXProject "ZzritModelTest" */;
			compatibilityVersion = "Xcode 14.0";
			developmentRegion = en;
			hasScannedForEncodings = 0;
			knownRegions = (
				en,
				Base,
			);
			mainGroup = DFC75FBA2BC3CC840005DDD9;
			productRefGroup = DFC75FC42BC3CC840005DDD9 /* Products */;
			projectDirPath = "";
			projectRoot = "";
			targets = (
				DFC75FC22BC3CC840005DDD9 /* ZzritModelTest */,
			);
		};
/* End PBXProject section */

/* Begin PBXResourcesBuildPhase section */
		DFC75FC12BC3CC840005DDD9 /* Resources */ = {
			isa = PBXResourcesBuildPhase;
			buildActionMask = 2147483647;
			files = (
				DFC75FCE2BC3CC880005DDD9 /* Preview Assets.xcassets in Resources */,
				DFC75FCB2BC3CC880005DDD9 /* Assets.xcassets in Resources */,
				DFC75FDB2BC3D2AC0005DDD9 /* GoogleService-Info.plist in Resources */,
			);
			runOnlyForDeploymentPostprocessing = 0;
		};
/* End PBXResourcesBuildPhase section */

/* Begin PBXSourcesBuildPhase section */
		DFC75FBF2BC3CC840005DDD9 /* Sources */ = {
			isa = PBXSourcesBuildPhase;
			buildActionMask = 2147483647;
			files = (
				DFC760062BC58D610005DDD9 /* NoticeListView.swift in Sources */,
				DFC75FD62BC3CCCA0005DDD9 /* LoginView.swift in Sources */,
				DFC75FC92BC3CC850005DDD9 /* ContentView.swift in Sources */,
				DFC760022BC589ED0005DDD9 /* WriteNoticeView.swift in Sources */,
				DFC760002BC589AE0005DDD9 /* NoticeView.swift in Sources */,
				DFC75FF92BC535F60005DDD9 /* ImagePicker.swift in Sources */,
				DFC75FC72BC3CC850005DDD9 /* ZzritModelTestApp.swift in Sources */,
				DFC75FF72BC5345C0005DDD9 /* ImageUploadView.swift in Sources */,
			);
			runOnlyForDeploymentPostprocessing = 0;
		};
/* End PBXSourcesBuildPhase section */

/* Begin XCBuildConfiguration section */
		DFC75FCF2BC3CC880005DDD9 /* Debug */ = {
			isa = XCBuildConfiguration;
			buildSettings = {
				ALWAYS_SEARCH_USER_PATHS = NO;
				ASSETCATALOG_COMPILER_GENERATE_SWIFT_ASSET_SYMBOL_EXTENSIONS = YES;
				CLANG_ANALYZER_NONNULL = YES;
				CLANG_ANALYZER_NUMBER_OBJECT_CONVERSION = YES_AGGRESSIVE;
				CLANG_CXX_LANGUAGE_STANDARD = "gnu++20";
				CLANG_ENABLE_MODULES = YES;
				CLANG_ENABLE_OBJC_ARC = YES;
				CLANG_ENABLE_OBJC_WEAK = YES;
				CLANG_WARN_BLOCK_CAPTURE_AUTORELEASING = YES;
				CLANG_WARN_BOOL_CONVERSION = YES;
				CLANG_WARN_COMMA = YES;
				CLANG_WARN_CONSTANT_CONVERSION = YES;
				CLANG_WARN_DEPRECATED_OBJC_IMPLEMENTATIONS = YES;
				CLANG_WARN_DIRECT_OBJC_ISA_USAGE = YES_ERROR;
				CLANG_WARN_DOCUMENTATION_COMMENTS = YES;
				CLANG_WARN_EMPTY_BODY = YES;
				CLANG_WARN_ENUM_CONVERSION = YES;
				CLANG_WARN_INFINITE_RECURSION = YES;
				CLANG_WARN_INT_CONVERSION = YES;
				CLANG_WARN_NON_LITERAL_NULL_CONVERSION = YES;
				CLANG_WARN_OBJC_IMPLICIT_RETAIN_SELF = YES;
				CLANG_WARN_OBJC_LITERAL_CONVERSION = YES;
				CLANG_WARN_OBJC_ROOT_CLASS = YES_ERROR;
				CLANG_WARN_QUOTED_INCLUDE_IN_FRAMEWORK_HEADER = YES;
				CLANG_WARN_RANGE_LOOP_ANALYSIS = YES;
				CLANG_WARN_STRICT_PROTOTYPES = YES;
				CLANG_WARN_SUSPICIOUS_MOVE = YES;
				CLANG_WARN_UNGUARDED_AVAILABILITY = YES_AGGRESSIVE;
				CLANG_WARN_UNREACHABLE_CODE = YES;
				CLANG_WARN__DUPLICATE_METHOD_MATCH = YES;
				COPY_PHASE_STRIP = NO;
				DEBUG_INFORMATION_FORMAT = dwarf;
				ENABLE_STRICT_OBJC_MSGSEND = YES;
				ENABLE_TESTABILITY = YES;
				ENABLE_USER_SCRIPT_SANDBOXING = YES;
				GCC_C_LANGUAGE_STANDARD = gnu17;
				GCC_DYNAMIC_NO_PIC = NO;
				GCC_NO_COMMON_BLOCKS = YES;
				GCC_OPTIMIZATION_LEVEL = 0;
				GCC_PREPROCESSOR_DEFINITIONS = (
					"DEBUG=1",
					"$(inherited)",
				);
				GCC_WARN_64_TO_32_BIT_CONVERSION = YES;
				GCC_WARN_ABOUT_RETURN_TYPE = YES_ERROR;
				GCC_WARN_UNDECLARED_SELECTOR = YES;
				GCC_WARN_UNINITIALIZED_AUTOS = YES_AGGRESSIVE;
				GCC_WARN_UNUSED_FUNCTION = YES;
				GCC_WARN_UNUSED_VARIABLE = YES;
				IPHONEOS_DEPLOYMENT_TARGET = 17.4;
				LOCALIZATION_PREFERS_STRING_CATALOGS = YES;
				MTL_ENABLE_DEBUG_INFO = INCLUDE_SOURCE;
				MTL_FAST_MATH = YES;
				ONLY_ACTIVE_ARCH = YES;
				SDKROOT = iphoneos;
				SWIFT_ACTIVE_COMPILATION_CONDITIONS = "DEBUG $(inherited)";
				SWIFT_OPTIMIZATION_LEVEL = "-Onone";
			};
			name = Debug;
		};
		DFC75FD02BC3CC880005DDD9 /* Release */ = {
			isa = XCBuildConfiguration;
			buildSettings = {
				ALWAYS_SEARCH_USER_PATHS = NO;
				ASSETCATALOG_COMPILER_GENERATE_SWIFT_ASSET_SYMBOL_EXTENSIONS = YES;
				CLANG_ANALYZER_NONNULL = YES;
				CLANG_ANALYZER_NUMBER_OBJECT_CONVERSION = YES_AGGRESSIVE;
				CLANG_CXX_LANGUAGE_STANDARD = "gnu++20";
				CLANG_ENABLE_MODULES = YES;
				CLANG_ENABLE_OBJC_ARC = YES;
				CLANG_ENABLE_OBJC_WEAK = YES;
				CLANG_WARN_BLOCK_CAPTURE_AUTORELEASING = YES;
				CLANG_WARN_BOOL_CONVERSION = YES;
				CLANG_WARN_COMMA = YES;
				CLANG_WARN_CONSTANT_CONVERSION = YES;
				CLANG_WARN_DEPRECATED_OBJC_IMPLEMENTATIONS = YES;
				CLANG_WARN_DIRECT_OBJC_ISA_USAGE = YES_ERROR;
				CLANG_WARN_DOCUMENTATION_COMMENTS = YES;
				CLANG_WARN_EMPTY_BODY = YES;
				CLANG_WARN_ENUM_CONVERSION = YES;
				CLANG_WARN_INFINITE_RECURSION = YES;
				CLANG_WARN_INT_CONVERSION = YES;
				CLANG_WARN_NON_LITERAL_NULL_CONVERSION = YES;
				CLANG_WARN_OBJC_IMPLICIT_RETAIN_SELF = YES;
				CLANG_WARN_OBJC_LITERAL_CONVERSION = YES;
				CLANG_WARN_OBJC_ROOT_CLASS = YES_ERROR;
				CLANG_WARN_QUOTED_INCLUDE_IN_FRAMEWORK_HEADER = YES;
				CLANG_WARN_RANGE_LOOP_ANALYSIS = YES;
				CLANG_WARN_STRICT_PROTOTYPES = YES;
				CLANG_WARN_SUSPICIOUS_MOVE = YES;
				CLANG_WARN_UNGUARDED_AVAILABILITY = YES_AGGRESSIVE;
				CLANG_WARN_UNREACHABLE_CODE = YES;
				CLANG_WARN__DUPLICATE_METHOD_MATCH = YES;
				COPY_PHASE_STRIP = NO;
				DEBUG_INFORMATION_FORMAT = "dwarf-with-dsym";
				ENABLE_NS_ASSERTIONS = NO;
				ENABLE_STRICT_OBJC_MSGSEND = YES;
				ENABLE_USER_SCRIPT_SANDBOXING = YES;
				GCC_C_LANGUAGE_STANDARD = gnu17;
				GCC_NO_COMMON_BLOCKS = YES;
				GCC_WARN_64_TO_32_BIT_CONVERSION = YES;
				GCC_WARN_ABOUT_RETURN_TYPE = YES_ERROR;
				GCC_WARN_UNDECLARED_SELECTOR = YES;
				GCC_WARN_UNINITIALIZED_AUTOS = YES_AGGRESSIVE;
				GCC_WARN_UNUSED_FUNCTION = YES;
				GCC_WARN_UNUSED_VARIABLE = YES;
				IPHONEOS_DEPLOYMENT_TARGET = 17.4;
				LOCALIZATION_PREFERS_STRING_CATALOGS = YES;
				MTL_ENABLE_DEBUG_INFO = NO;
				MTL_FAST_MATH = YES;
				SDKROOT = iphoneos;
				SWIFT_COMPILATION_MODE = wholemodule;
				VALIDATE_PRODUCT = YES;
			};
			name = Release;
		};
		DFC75FD22BC3CC880005DDD9 /* Debug */ = {
			isa = XCBuildConfiguration;
			buildSettings = {
				ASSETCATALOG_COMPILER_APPICON_NAME = AppIcon;
				ASSETCATALOG_COMPILER_GLOBAL_ACCENT_COLOR_NAME = AccentColor;
				CODE_SIGN_STYLE = Automatic;
				CURRENT_PROJECT_VERSION = 1;
				DEVELOPMENT_ASSET_PATHS = "\"ZzritModelTest/Preview Content\"";
				DEVELOPMENT_TEAM = 6R3M7VGRP2;
				ENABLE_PREVIEWS = YES;
				GENERATE_INFOPLIST_FILE = YES;
				INFOPLIST_KEY_UIApplicationSceneManifest_Generation = YES;
				INFOPLIST_KEY_UIApplicationSupportsIndirectInputEvents = YES;
				INFOPLIST_KEY_UILaunchScreen_Generation = YES;
				INFOPLIST_KEY_UISupportedInterfaceOrientations_iPad = "UIInterfaceOrientationPortrait UIInterfaceOrientationPortraitUpsideDown UIInterfaceOrientationLandscapeLeft UIInterfaceOrientationLandscapeRight";
				INFOPLIST_KEY_UISupportedInterfaceOrientations_iPhone = "UIInterfaceOrientationPortrait UIInterfaceOrientationLandscapeLeft UIInterfaceOrientationLandscapeRight";
				LD_RUNPATH_SEARCH_PATHS = (
					"$(inherited)",
					"@executable_path/Frameworks",
				);
				MARKETING_VERSION = 1.0;
				PRODUCT_BUNDLE_IDENTIFIER = techit.finalproject.ZzritModelTest;
				PRODUCT_NAME = "$(TARGET_NAME)";
				SWIFT_EMIT_LOC_STRINGS = YES;
				SWIFT_VERSION = 5.0;
				TARGETED_DEVICE_FAMILY = "1,2";
			};
			name = Debug;
		};
		DFC75FD32BC3CC880005DDD9 /* Release */ = {
			isa = XCBuildConfiguration;
			buildSettings = {
				ASSETCATALOG_COMPILER_APPICON_NAME = AppIcon;
				ASSETCATALOG_COMPILER_GLOBAL_ACCENT_COLOR_NAME = AccentColor;
				CODE_SIGN_STYLE = Automatic;
				CURRENT_PROJECT_VERSION = 1;
				DEVELOPMENT_ASSET_PATHS = "\"ZzritModelTest/Preview Content\"";
				DEVELOPMENT_TEAM = 6R3M7VGRP2;
				ENABLE_PREVIEWS = YES;
				GENERATE_INFOPLIST_FILE = YES;
				INFOPLIST_KEY_UIApplicationSceneManifest_Generation = YES;
				INFOPLIST_KEY_UIApplicationSupportsIndirectInputEvents = YES;
				INFOPLIST_KEY_UILaunchScreen_Generation = YES;
				INFOPLIST_KEY_UISupportedInterfaceOrientations_iPad = "UIInterfaceOrientationPortrait UIInterfaceOrientationPortraitUpsideDown UIInterfaceOrientationLandscapeLeft UIInterfaceOrientationLandscapeRight";
				INFOPLIST_KEY_UISupportedInterfaceOrientations_iPhone = "UIInterfaceOrientationPortrait UIInterfaceOrientationLandscapeLeft UIInterfaceOrientationLandscapeRight";
				LD_RUNPATH_SEARCH_PATHS = (
					"$(inherited)",
					"@executable_path/Frameworks",
				);
				MARKETING_VERSION = 1.0;
				PRODUCT_BUNDLE_IDENTIFIER = techit.finalproject.ZzritModelTest;
				PRODUCT_NAME = "$(TARGET_NAME)";
				SWIFT_EMIT_LOC_STRINGS = YES;
				SWIFT_VERSION = 5.0;
				TARGETED_DEVICE_FAMILY = "1,2";
			};
			name = Release;
		};
/* End XCBuildConfiguration section */

/* Begin XCConfigurationList section */
		DFC75FBE2BC3CC840005DDD9 /* Build configuration list for PBXProject "ZzritModelTest" */ = {
			isa = XCConfigurationList;
			buildConfigurations = (
				DFC75FCF2BC3CC880005DDD9 /* Debug */,
				DFC75FD02BC3CC880005DDD9 /* Release */,
			);
			defaultConfigurationIsVisible = 0;
			defaultConfigurationName = Release;
		};
		DFC75FD12BC3CC880005DDD9 /* Build configuration list for PBXNativeTarget "ZzritModelTest" */ = {
			isa = XCConfigurationList;
			buildConfigurations = (
				DFC75FD22BC3CC880005DDD9 /* Debug */,
				DFC75FD32BC3CC880005DDD9 /* Release */,
			);
			defaultConfigurationIsVisible = 0;
			defaultConfigurationName = Release;
		};
/* End XCConfigurationList section */

/* Begin XCSwiftPackageProductDependency section */
		DFC75FD82BC3D0B90005DDD9 /* ZzritKit */ = {
			isa = XCSwiftPackageProductDependency;
			productName = ZzritKit;
		};
/* End XCSwiftPackageProductDependency section */
	};
	rootObject = DFC75FBB2BC3CC840005DDD9 /* Project object */;
}
